
Microsoft Visual Studio Solution File, Format Version 12.00
# Visual Studio 15
VisualStudioVersion = 15.0.27130.2010
MinimumVisualStudioVersion = 10.0.40219.1
Project("{FAE04EC0-301F-11D3-BF4B-00C04F79EFBC}") = "Android", "src\Android\Android.csproj", "{04B18ED2-B76D-4947-8474-191F8FD2B5E0}"
EndProject
Project("{FAE04EC0-301F-11D3-BF4B-00C04F79EFBC}") = "iOS", "src\iOS\iOS.csproj", "{1F78403F-9A28-405B-9289-B9DBEB55F074}"
EndProject
Project("{2150E333-8FDC-42A3-9474-1A3956D46DE8}") = "test", "test", "{0D790714-ECF8-4A83-BE4A-E9C84DD1BB5D}"
EndProject
Project("{2150E333-8FDC-42A3-9474-1A3956D46DE8}") = "src", "src", "{EC730FD9-F623-4B6C-B503-95CDCFBCF277}"
EndProject
Project("{FAE04EC0-301F-11D3-BF4B-00C04F79EFBC}") = "App.Test", "test\App.Test\App.Test.csproj", "{A300DCE1-8D10-4267-B96A-CB01AEB7C220}"
EndProject
Project("{FAE04EC0-301F-11D3-BF4B-00C04F79EFBC}") = "iOS.Extension", "src\iOS.Extension\iOS.Extension.csproj", "{32F5A2D6-F54D-4DA1-AE26-0A980D48F422}"
EndProject
Project("{FAE04EC0-301F-11D3-BF4B-00C04F79EFBC}") = "iOS.Core", "src\iOS.Core\iOS.Core.csproj", "{B2538ADA-B605-4D6F-ACD2-62A409680F84}"
EndProject
Project("{2150E333-8FDC-42A3-9474-1A3956D46DE8}") = "store", "store", "{92470CBD-9047-4C3C-8EA3-D972D6622D84}"
EndProject
Project("{2150E333-8FDC-42A3-9474-1A3956D46DE8}") = "google", "google", "{2E399654-26A2-46F6-B9CA-1B496A3F370A}"
EndProject
Project("{9A19103F-16F7-4668-BE54-9A1E7A4F7556}") = "App", "src\App\App.csproj", "{8A279EE4-4537-4656-9C93-44945E594556}"
EndProject
Project("{9A19103F-16F7-4668-BE54-9A1E7A4F7556}") = "Publisher", "store\google\Publisher\Publisher.csproj", "{D5D91152-CB01-4F24-A503-304D3A94408B}"
EndProject
Project("{2150E333-8FDC-42A3-9474-1A3956D46DE8}") = "Solution Items", "Solution Items", "{F0E2E596-C3DB-474A-9C88-7824662894FA}"
	ProjectSection(SolutionItems) = preProject
		.gitignore = .gitignore
		appveyor.yml = appveyor.yml
		crowdin.yml = crowdin.yml
		README.md = README.md
		SECURITY.md = SECURITY.md
	EndProjectSection
EndProject
Global
	GlobalSection(SolutionConfigurationPlatforms) = preSolution
		Ad-Hoc|Any CPU = Ad-Hoc|Any CPU
		Ad-Hoc|ARM = Ad-Hoc|ARM
		Ad-Hoc|iPhone = Ad-Hoc|iPhone
		Ad-Hoc|iPhoneSimulator = Ad-Hoc|iPhoneSimulator
		Ad-Hoc|x64 = Ad-Hoc|x64
		Ad-Hoc|x86 = Ad-Hoc|x86
		AppStore|Any CPU = AppStore|Any CPU
		AppStore|ARM = AppStore|ARM
		AppStore|iPhone = AppStore|iPhone
		AppStore|iPhoneSimulator = AppStore|iPhoneSimulator
		AppStore|x64 = AppStore|x64
		AppStore|x86 = AppStore|x86
		Debug|Any CPU = Debug|Any CPU
		Debug|ARM = Debug|ARM
		Debug|iPhone = Debug|iPhone
		Debug|iPhoneSimulator = Debug|iPhoneSimulator
		Debug|x64 = Debug|x64
		Debug|x86 = Debug|x86
		FDroid|Any CPU = FDroid|Any CPU
		FDroid|ARM = FDroid|ARM
		FDroid|iPhone = FDroid|iPhone
		FDroid|iPhoneSimulator = FDroid|iPhoneSimulator
		FDroid|x64 = FDroid|x64
		FDroid|x86 = FDroid|x86
		Release|Any CPU = Release|Any CPU
		Release|ARM = Release|ARM
		Release|iPhone = Release|iPhone
		Release|iPhoneSimulator = Release|iPhoneSimulator
		Release|x64 = Release|x64
		Release|x86 = Release|x86
	EndGlobalSection
	GlobalSection(ProjectConfigurationPlatforms) = postSolution
		{04B18ED2-B76D-4947-8474-191F8FD2B5E0}.Ad-Hoc|Any CPU.ActiveCfg = Release|Any CPU
		{04B18ED2-B76D-4947-8474-191F8FD2B5E0}.Ad-Hoc|Any CPU.Build.0 = Release|Any CPU
		{04B18ED2-B76D-4947-8474-191F8FD2B5E0}.Ad-Hoc|Any CPU.Deploy.0 = Release|Any CPU
		{04B18ED2-B76D-4947-8474-191F8FD2B5E0}.Ad-Hoc|ARM.ActiveCfg = Release|Any CPU
		{04B18ED2-B76D-4947-8474-191F8FD2B5E0}.Ad-Hoc|ARM.Build.0 = Release|Any CPU
		{04B18ED2-B76D-4947-8474-191F8FD2B5E0}.Ad-Hoc|ARM.Deploy.0 = Release|Any CPU
		{04B18ED2-B76D-4947-8474-191F8FD2B5E0}.Ad-Hoc|iPhone.ActiveCfg = Release|Any CPU
		{04B18ED2-B76D-4947-8474-191F8FD2B5E0}.Ad-Hoc|iPhoneSimulator.ActiveCfg = Release|Any CPU
		{04B18ED2-B76D-4947-8474-191F8FD2B5E0}.Ad-Hoc|x64.ActiveCfg = Release|Any CPU
		{04B18ED2-B76D-4947-8474-191F8FD2B5E0}.Ad-Hoc|x64.Build.0 = Release|Any CPU
		{04B18ED2-B76D-4947-8474-191F8FD2B5E0}.Ad-Hoc|x64.Deploy.0 = Release|Any CPU
		{04B18ED2-B76D-4947-8474-191F8FD2B5E0}.Ad-Hoc|x86.ActiveCfg = Release|Any CPU
		{04B18ED2-B76D-4947-8474-191F8FD2B5E0}.Ad-Hoc|x86.Build.0 = Release|Any CPU
		{04B18ED2-B76D-4947-8474-191F8FD2B5E0}.Ad-Hoc|x86.Deploy.0 = Release|Any CPU
		{04B18ED2-B76D-4947-8474-191F8FD2B5E0}.AppStore|Any CPU.ActiveCfg = Release|Any CPU
		{04B18ED2-B76D-4947-8474-191F8FD2B5E0}.AppStore|Any CPU.Build.0 = Release|Any CPU
		{04B18ED2-B76D-4947-8474-191F8FD2B5E0}.AppStore|Any CPU.Deploy.0 = Release|Any CPU
		{04B18ED2-B76D-4947-8474-191F8FD2B5E0}.AppStore|ARM.ActiveCfg = Release|Any CPU
		{04B18ED2-B76D-4947-8474-191F8FD2B5E0}.AppStore|ARM.Build.0 = Release|Any CPU
		{04B18ED2-B76D-4947-8474-191F8FD2B5E0}.AppStore|ARM.Deploy.0 = Release|Any CPU
		{04B18ED2-B76D-4947-8474-191F8FD2B5E0}.AppStore|iPhone.ActiveCfg = Release|Any CPU
		{04B18ED2-B76D-4947-8474-191F8FD2B5E0}.AppStore|iPhoneSimulator.ActiveCfg = Release|Any CPU
		{04B18ED2-B76D-4947-8474-191F8FD2B5E0}.AppStore|x64.ActiveCfg = Release|Any CPU
		{04B18ED2-B76D-4947-8474-191F8FD2B5E0}.AppStore|x64.Build.0 = Release|Any CPU
		{04B18ED2-B76D-4947-8474-191F8FD2B5E0}.AppStore|x64.Deploy.0 = Release|Any CPU
		{04B18ED2-B76D-4947-8474-191F8FD2B5E0}.AppStore|x86.ActiveCfg = Release|Any CPU
		{04B18ED2-B76D-4947-8474-191F8FD2B5E0}.AppStore|x86.Build.0 = Release|Any CPU
		{04B18ED2-B76D-4947-8474-191F8FD2B5E0}.AppStore|x86.Deploy.0 = Release|Any CPU
		{04B18ED2-B76D-4947-8474-191F8FD2B5E0}.Debug|Any CPU.ActiveCfg = Debug|Any CPU
		{04B18ED2-B76D-4947-8474-191F8FD2B5E0}.Debug|Any CPU.Build.0 = Debug|Any CPU
		{04B18ED2-B76D-4947-8474-191F8FD2B5E0}.Debug|Any CPU.Deploy.0 = Debug|Any CPU
		{04B18ED2-B76D-4947-8474-191F8FD2B5E0}.Debug|ARM.ActiveCfg = Debug|Any CPU
		{04B18ED2-B76D-4947-8474-191F8FD2B5E0}.Debug|ARM.Build.0 = Debug|Any CPU
		{04B18ED2-B76D-4947-8474-191F8FD2B5E0}.Debug|ARM.Deploy.0 = Debug|Any CPU
		{04B18ED2-B76D-4947-8474-191F8FD2B5E0}.Debug|iPhone.ActiveCfg = Debug|Any CPU
		{04B18ED2-B76D-4947-8474-191F8FD2B5E0}.Debug|iPhoneSimulator.ActiveCfg = Debug|Any CPU
		{04B18ED2-B76D-4947-8474-191F8FD2B5E0}.Debug|x64.ActiveCfg = Debug|Any CPU
		{04B18ED2-B76D-4947-8474-191F8FD2B5E0}.Debug|x86.ActiveCfg = Debug|Any CPU
		{04B18ED2-B76D-4947-8474-191F8FD2B5E0}.Debug|x86.Build.0 = Debug|Any CPU
		{04B18ED2-B76D-4947-8474-191F8FD2B5E0}.Debug|x86.Deploy.0 = Debug|Any CPU
		{04B18ED2-B76D-4947-8474-191F8FD2B5E0}.FDroid|Any CPU.ActiveCfg = FDroid|Any CPU
		{04B18ED2-B76D-4947-8474-191F8FD2B5E0}.FDroid|Any CPU.Build.0 = FDroid|Any CPU
		{04B18ED2-B76D-4947-8474-191F8FD2B5E0}.FDroid|Any CPU.Deploy.0 = FDroid|Any CPU
		{04B18ED2-B76D-4947-8474-191F8FD2B5E0}.FDroid|ARM.ActiveCfg = FDroid|Any CPU
		{04B18ED2-B76D-4947-8474-191F8FD2B5E0}.FDroid|ARM.Build.0 = FDroid|Any CPU
		{04B18ED2-B76D-4947-8474-191F8FD2B5E0}.FDroid|ARM.Deploy.0 = FDroid|Any CPU
		{04B18ED2-B76D-4947-8474-191F8FD2B5E0}.FDroid|iPhone.ActiveCfg = FDroid|Any CPU
		{04B18ED2-B76D-4947-8474-191F8FD2B5E0}.FDroid|iPhone.Build.0 = FDroid|Any CPU
		{04B18ED2-B76D-4947-8474-191F8FD2B5E0}.FDroid|iPhone.Deploy.0 = FDroid|Any CPU
		{04B18ED2-B76D-4947-8474-191F8FD2B5E0}.FDroid|iPhoneSimulator.ActiveCfg = FDroid|Any CPU
		{04B18ED2-B76D-4947-8474-191F8FD2B5E0}.FDroid|iPhoneSimulator.Build.0 = FDroid|Any CPU
		{04B18ED2-B76D-4947-8474-191F8FD2B5E0}.FDroid|iPhoneSimulator.Deploy.0 = FDroid|Any CPU
		{04B18ED2-B76D-4947-8474-191F8FD2B5E0}.FDroid|x64.ActiveCfg = FDroid|Any CPU
		{04B18ED2-B76D-4947-8474-191F8FD2B5E0}.FDroid|x64.Build.0 = FDroid|Any CPU
		{04B18ED2-B76D-4947-8474-191F8FD2B5E0}.FDroid|x64.Deploy.0 = FDroid|Any CPU
		{04B18ED2-B76D-4947-8474-191F8FD2B5E0}.FDroid|x86.ActiveCfg = FDroid|Any CPU
		{04B18ED2-B76D-4947-8474-191F8FD2B5E0}.FDroid|x86.Build.0 = FDroid|Any CPU
		{04B18ED2-B76D-4947-8474-191F8FD2B5E0}.FDroid|x86.Deploy.0 = FDroid|Any CPU
		{04B18ED2-B76D-4947-8474-191F8FD2B5E0}.Release|Any CPU.ActiveCfg = Release|Any CPU
		{04B18ED2-B76D-4947-8474-191F8FD2B5E0}.Release|Any CPU.Build.0 = Release|Any CPU
		{04B18ED2-B76D-4947-8474-191F8FD2B5E0}.Release|Any CPU.Deploy.0 = Release|Any CPU
		{04B18ED2-B76D-4947-8474-191F8FD2B5E0}.Release|ARM.ActiveCfg = Release|Any CPU
		{04B18ED2-B76D-4947-8474-191F8FD2B5E0}.Release|ARM.Build.0 = Release|Any CPU
		{04B18ED2-B76D-4947-8474-191F8FD2B5E0}.Release|ARM.Deploy.0 = Release|Any CPU
		{04B18ED2-B76D-4947-8474-191F8FD2B5E0}.Release|iPhone.ActiveCfg = Release|Any CPU
		{04B18ED2-B76D-4947-8474-191F8FD2B5E0}.Release|iPhoneSimulator.ActiveCfg = Release|Any CPU
		{04B18ED2-B76D-4947-8474-191F8FD2B5E0}.Release|x64.ActiveCfg = Release|Any CPU
		{04B18ED2-B76D-4947-8474-191F8FD2B5E0}.Release|x64.Build.0 = Release|Any CPU
		{04B18ED2-B76D-4947-8474-191F8FD2B5E0}.Release|x64.Deploy.0 = Release|Any CPU
		{04B18ED2-B76D-4947-8474-191F8FD2B5E0}.Release|x86.ActiveCfg = Release|Any CPU
		{04B18ED2-B76D-4947-8474-191F8FD2B5E0}.Release|x86.Build.0 = Release|Any CPU
		{04B18ED2-B76D-4947-8474-191F8FD2B5E0}.Release|x86.Deploy.0 = Release|Any CPU
		{1F78403F-9A28-405B-9289-B9DBEB55F074}.Ad-Hoc|Any CPU.ActiveCfg = Ad-Hoc|iPhone
		{1F78403F-9A28-405B-9289-B9DBEB55F074}.Ad-Hoc|ARM.ActiveCfg = Ad-Hoc|iPhone
		{1F78403F-9A28-405B-9289-B9DBEB55F074}.Ad-Hoc|iPhone.ActiveCfg = Ad-Hoc|iPhone
		{1F78403F-9A28-405B-9289-B9DBEB55F074}.Ad-Hoc|iPhone.Build.0 = Ad-Hoc|iPhone
		{1F78403F-9A28-405B-9289-B9DBEB55F074}.Ad-Hoc|iPhoneSimulator.ActiveCfg = Ad-Hoc|iPhoneSimulator
		{1F78403F-9A28-405B-9289-B9DBEB55F074}.Ad-Hoc|iPhoneSimulator.Build.0 = Ad-Hoc|iPhoneSimulator
		{1F78403F-9A28-405B-9289-B9DBEB55F074}.Ad-Hoc|x64.ActiveCfg = Ad-Hoc|iPhone
		{1F78403F-9A28-405B-9289-B9DBEB55F074}.Ad-Hoc|x86.ActiveCfg = Ad-Hoc|iPhone
		{1F78403F-9A28-405B-9289-B9DBEB55F074}.AppStore|Any CPU.ActiveCfg = AppStore|iPhone
		{1F78403F-9A28-405B-9289-B9DBEB55F074}.AppStore|ARM.ActiveCfg = AppStore|iPhone
		{1F78403F-9A28-405B-9289-B9DBEB55F074}.AppStore|iPhone.ActiveCfg = AppStore|iPhone
		{1F78403F-9A28-405B-9289-B9DBEB55F074}.AppStore|iPhone.Build.0 = AppStore|iPhone
		{1F78403F-9A28-405B-9289-B9DBEB55F074}.AppStore|iPhoneSimulator.ActiveCfg = AppStore|iPhoneSimulator
		{1F78403F-9A28-405B-9289-B9DBEB55F074}.AppStore|iPhoneSimulator.Build.0 = AppStore|iPhoneSimulator
		{1F78403F-9A28-405B-9289-B9DBEB55F074}.AppStore|x64.ActiveCfg = AppStore|iPhone
		{1F78403F-9A28-405B-9289-B9DBEB55F074}.AppStore|x86.ActiveCfg = AppStore|iPhone
		{1F78403F-9A28-405B-9289-B9DBEB55F074}.Debug|Any CPU.ActiveCfg = Debug|iPhone
		{1F78403F-9A28-405B-9289-B9DBEB55F074}.Debug|ARM.ActiveCfg = Debug|iPhone
		{1F78403F-9A28-405B-9289-B9DBEB55F074}.Debug|iPhone.ActiveCfg = Debug|iPhone
		{1F78403F-9A28-405B-9289-B9DBEB55F074}.Debug|iPhone.Build.0 = Debug|iPhone
		{1F78403F-9A28-405B-9289-B9DBEB55F074}.Debug|iPhoneSimulator.ActiveCfg = Debug|iPhoneSimulator
		{1F78403F-9A28-405B-9289-B9DBEB55F074}.Debug|iPhoneSimulator.Build.0 = Debug|iPhoneSimulator
		{1F78403F-9A28-405B-9289-B9DBEB55F074}.Debug|x64.ActiveCfg = Debug|iPhone
		{1F78403F-9A28-405B-9289-B9DBEB55F074}.Debug|x86.ActiveCfg = Debug|iPhone
		{1F78403F-9A28-405B-9289-B9DBEB55F074}.Debug|x86.Build.0 = Debug|iPhone
		{1F78403F-9A28-405B-9289-B9DBEB55F074}.FDroid|Any CPU.ActiveCfg = Release|iPhoneSimulator
		{1F78403F-9A28-405B-9289-B9DBEB55F074}.FDroid|Any CPU.Build.0 = Release|iPhoneSimulator
		{1F78403F-9A28-405B-9289-B9DBEB55F074}.FDroid|ARM.ActiveCfg = Release|iPhoneSimulator
		{1F78403F-9A28-405B-9289-B9DBEB55F074}.FDroid|ARM.Build.0 = Release|iPhoneSimulator
		{1F78403F-9A28-405B-9289-B9DBEB55F074}.FDroid|iPhone.ActiveCfg = Release|iPhone
		{1F78403F-9A28-405B-9289-B9DBEB55F074}.FDroid|iPhone.Build.0 = Release|iPhone
		{1F78403F-9A28-405B-9289-B9DBEB55F074}.FDroid|iPhoneSimulator.ActiveCfg = Release|iPhoneSimulator
		{1F78403F-9A28-405B-9289-B9DBEB55F074}.FDroid|iPhoneSimulator.Build.0 = Release|iPhoneSimulator
		{1F78403F-9A28-405B-9289-B9DBEB55F074}.FDroid|x64.ActiveCfg = Release|iPhoneSimulator
		{1F78403F-9A28-405B-9289-B9DBEB55F074}.FDroid|x64.Build.0 = Release|iPhoneSimulator
		{1F78403F-9A28-405B-9289-B9DBEB55F074}.FDroid|x86.ActiveCfg = Release|iPhoneSimulator
		{1F78403F-9A28-405B-9289-B9DBEB55F074}.FDroid|x86.Build.0 = Release|iPhoneSimulator
		{1F78403F-9A28-405B-9289-B9DBEB55F074}.Release|Any CPU.ActiveCfg = Release|iPhone
		{1F78403F-9A28-405B-9289-B9DBEB55F074}.Release|ARM.ActiveCfg = Release|iPhone
		{1F78403F-9A28-405B-9289-B9DBEB55F074}.Release|iPhone.ActiveCfg = Release|iPhone
		{1F78403F-9A28-405B-9289-B9DBEB55F074}.Release|iPhone.Build.0 = Release|iPhone
		{1F78403F-9A28-405B-9289-B9DBEB55F074}.Release|iPhoneSimulator.ActiveCfg = Release|iPhoneSimulator
		{1F78403F-9A28-405B-9289-B9DBEB55F074}.Release|iPhoneSimulator.Build.0 = Release|iPhoneSimulator
		{1F78403F-9A28-405B-9289-B9DBEB55F074}.Release|x64.ActiveCfg = Release|iPhone
		{1F78403F-9A28-405B-9289-B9DBEB55F074}.Release|x86.ActiveCfg = Release|iPhone
		{A300DCE1-8D10-4267-B96A-CB01AEB7C220}.Ad-Hoc|Any CPU.ActiveCfg = Release|Any CPU
		{A300DCE1-8D10-4267-B96A-CB01AEB7C220}.Ad-Hoc|Any CPU.Build.0 = Release|Any CPU
		{A300DCE1-8D10-4267-B96A-CB01AEB7C220}.Ad-Hoc|ARM.ActiveCfg = Release|Any CPU
		{A300DCE1-8D10-4267-B96A-CB01AEB7C220}.Ad-Hoc|ARM.Build.0 = Release|Any CPU
		{A300DCE1-8D10-4267-B96A-CB01AEB7C220}.Ad-Hoc|iPhone.ActiveCfg = Release|Any CPU
		{A300DCE1-8D10-4267-B96A-CB01AEB7C220}.Ad-Hoc|iPhoneSimulator.ActiveCfg = Release|Any CPU
		{A300DCE1-8D10-4267-B96A-CB01AEB7C220}.Ad-Hoc|x64.ActiveCfg = Release|Any CPU
		{A300DCE1-8D10-4267-B96A-CB01AEB7C220}.Ad-Hoc|x64.Build.0 = Release|Any CPU
		{A300DCE1-8D10-4267-B96A-CB01AEB7C220}.Ad-Hoc|x86.ActiveCfg = Release|Any CPU
		{A300DCE1-8D10-4267-B96A-CB01AEB7C220}.Ad-Hoc|x86.Build.0 = Release|Any CPU
		{A300DCE1-8D10-4267-B96A-CB01AEB7C220}.AppStore|Any CPU.ActiveCfg = Release|Any CPU
		{A300DCE1-8D10-4267-B96A-CB01AEB7C220}.AppStore|Any CPU.Build.0 = Release|Any CPU
		{A300DCE1-8D10-4267-B96A-CB01AEB7C220}.AppStore|ARM.ActiveCfg = Release|Any CPU
		{A300DCE1-8D10-4267-B96A-CB01AEB7C220}.AppStore|ARM.Build.0 = Release|Any CPU
		{A300DCE1-8D10-4267-B96A-CB01AEB7C220}.AppStore|iPhone.ActiveCfg = Release|Any CPU
		{A300DCE1-8D10-4267-B96A-CB01AEB7C220}.AppStore|iPhoneSimulator.ActiveCfg = Release|Any CPU
		{A300DCE1-8D10-4267-B96A-CB01AEB7C220}.AppStore|x64.ActiveCfg = Release|Any CPU
		{A300DCE1-8D10-4267-B96A-CB01AEB7C220}.AppStore|x64.Build.0 = Release|Any CPU
		{A300DCE1-8D10-4267-B96A-CB01AEB7C220}.AppStore|x86.ActiveCfg = Release|Any CPU
		{A300DCE1-8D10-4267-B96A-CB01AEB7C220}.AppStore|x86.Build.0 = Release|Any CPU
		{A300DCE1-8D10-4267-B96A-CB01AEB7C220}.Debug|Any CPU.ActiveCfg = Debug|Any CPU
		{A300DCE1-8D10-4267-B96A-CB01AEB7C220}.Debug|Any CPU.Build.0 = Debug|Any CPU
		{A300DCE1-8D10-4267-B96A-CB01AEB7C220}.Debug|ARM.ActiveCfg = Debug|Any CPU
		{A300DCE1-8D10-4267-B96A-CB01AEB7C220}.Debug|ARM.Build.0 = Debug|Any CPU
		{A300DCE1-8D10-4267-B96A-CB01AEB7C220}.Debug|iPhone.ActiveCfg = Debug|Any CPU
		{A300DCE1-8D10-4267-B96A-CB01AEB7C220}.Debug|iPhoneSimulator.ActiveCfg = Debug|Any CPU
		{A300DCE1-8D10-4267-B96A-CB01AEB7C220}.Debug|x64.ActiveCfg = Debug|Any CPU
		{A300DCE1-8D10-4267-B96A-CB01AEB7C220}.Debug|x86.ActiveCfg = Debug|Any CPU
		{A300DCE1-8D10-4267-B96A-CB01AEB7C220}.Debug|x86.Build.0 = Debug|Any CPU
		{A300DCE1-8D10-4267-B96A-CB01AEB7C220}.FDroid|Any CPU.ActiveCfg = Debug|Any CPU
		{A300DCE1-8D10-4267-B96A-CB01AEB7C220}.FDroid|Any CPU.Build.0 = Debug|Any CPU
		{A300DCE1-8D10-4267-B96A-CB01AEB7C220}.FDroid|ARM.ActiveCfg = Debug|Any CPU
		{A300DCE1-8D10-4267-B96A-CB01AEB7C220}.FDroid|ARM.Build.0 = Debug|Any CPU
		{A300DCE1-8D10-4267-B96A-CB01AEB7C220}.FDroid|iPhone.ActiveCfg = Debug|Any CPU
		{A300DCE1-8D10-4267-B96A-CB01AEB7C220}.FDroid|iPhone.Build.0 = Debug|Any CPU
		{A300DCE1-8D10-4267-B96A-CB01AEB7C220}.FDroid|iPhoneSimulator.ActiveCfg = Debug|Any CPU
		{A300DCE1-8D10-4267-B96A-CB01AEB7C220}.FDroid|iPhoneSimulator.Build.0 = Debug|Any CPU
		{A300DCE1-8D10-4267-B96A-CB01AEB7C220}.FDroid|x64.ActiveCfg = Debug|Any CPU
		{A300DCE1-8D10-4267-B96A-CB01AEB7C220}.FDroid|x64.Build.0 = Debug|Any CPU
		{A300DCE1-8D10-4267-B96A-CB01AEB7C220}.FDroid|x86.ActiveCfg = Debug|Any CPU
		{A300DCE1-8D10-4267-B96A-CB01AEB7C220}.FDroid|x86.Build.0 = Debug|Any CPU
		{A300DCE1-8D10-4267-B96A-CB01AEB7C220}.Release|Any CPU.ActiveCfg = Release|Any CPU
		{A300DCE1-8D10-4267-B96A-CB01AEB7C220}.Release|Any CPU.Build.0 = Release|Any CPU
		{A300DCE1-8D10-4267-B96A-CB01AEB7C220}.Release|ARM.ActiveCfg = Release|Any CPU
		{A300DCE1-8D10-4267-B96A-CB01AEB7C220}.Release|ARM.Build.0 = Release|Any CPU
		{A300DCE1-8D10-4267-B96A-CB01AEB7C220}.Release|iPhone.ActiveCfg = Release|Any CPU
		{A300DCE1-8D10-4267-B96A-CB01AEB7C220}.Release|iPhoneSimulator.ActiveCfg = Release|Any CPU
		{A300DCE1-8D10-4267-B96A-CB01AEB7C220}.Release|x64.ActiveCfg = Release|Any CPU
		{A300DCE1-8D10-4267-B96A-CB01AEB7C220}.Release|x64.Build.0 = Release|Any CPU
		{A300DCE1-8D10-4267-B96A-CB01AEB7C220}.Release|x86.ActiveCfg = Release|Any CPU
		{A300DCE1-8D10-4267-B96A-CB01AEB7C220}.Release|x86.Build.0 = Release|Any CPU
		{32F5A2D6-F54D-4DA1-AE26-0A980D48F422}.Ad-Hoc|Any CPU.ActiveCfg = Ad-Hoc|iPhone
		{32F5A2D6-F54D-4DA1-AE26-0A980D48F422}.Ad-Hoc|ARM.ActiveCfg = Ad-Hoc|iPhone
		{32F5A2D6-F54D-4DA1-AE26-0A980D48F422}.Ad-Hoc|iPhone.ActiveCfg = Ad-Hoc|iPhone
		{32F5A2D6-F54D-4DA1-AE26-0A980D48F422}.Ad-Hoc|iPhone.Build.0 = Ad-Hoc|iPhone
		{32F5A2D6-F54D-4DA1-AE26-0A980D48F422}.Ad-Hoc|iPhoneSimulator.ActiveCfg = Ad-Hoc|iPhoneSimulator
		{32F5A2D6-F54D-4DA1-AE26-0A980D48F422}.Ad-Hoc|iPhoneSimulator.Build.0 = Ad-Hoc|iPhoneSimulator
		{32F5A2D6-F54D-4DA1-AE26-0A980D48F422}.Ad-Hoc|x64.ActiveCfg = Ad-Hoc|iPhone
		{32F5A2D6-F54D-4DA1-AE26-0A980D48F422}.Ad-Hoc|x86.ActiveCfg = Ad-Hoc|iPhone
		{32F5A2D6-F54D-4DA1-AE26-0A980D48F422}.AppStore|Any CPU.ActiveCfg = AppStore|iPhone
		{32F5A2D6-F54D-4DA1-AE26-0A980D48F422}.AppStore|ARM.ActiveCfg = AppStore|iPhone
		{32F5A2D6-F54D-4DA1-AE26-0A980D48F422}.AppStore|iPhone.ActiveCfg = AppStore|iPhone
		{32F5A2D6-F54D-4DA1-AE26-0A980D48F422}.AppStore|iPhone.Build.0 = AppStore|iPhone
		{32F5A2D6-F54D-4DA1-AE26-0A980D48F422}.AppStore|iPhoneSimulator.ActiveCfg = AppStore|iPhoneSimulator
		{32F5A2D6-F54D-4DA1-AE26-0A980D48F422}.AppStore|iPhoneSimulator.Build.0 = AppStore|iPhoneSimulator
		{32F5A2D6-F54D-4DA1-AE26-0A980D48F422}.AppStore|x64.ActiveCfg = AppStore|iPhone
		{32F5A2D6-F54D-4DA1-AE26-0A980D48F422}.AppStore|x86.ActiveCfg = AppStore|iPhone
		{32F5A2D6-F54D-4DA1-AE26-0A980D48F422}.Debug|Any CPU.ActiveCfg = Debug|iPhone
		{32F5A2D6-F54D-4DA1-AE26-0A980D48F422}.Debug|ARM.ActiveCfg = Debug|iPhone
		{32F5A2D6-F54D-4DA1-AE26-0A980D48F422}.Debug|iPhone.ActiveCfg = Debug|iPhone
		{32F5A2D6-F54D-4DA1-AE26-0A980D48F422}.Debug|iPhone.Build.0 = Debug|iPhone
		{32F5A2D6-F54D-4DA1-AE26-0A980D48F422}.Debug|iPhoneSimulator.ActiveCfg = Debug|iPhoneSimulator
		{32F5A2D6-F54D-4DA1-AE26-0A980D48F422}.Debug|iPhoneSimulator.Build.0 = Debug|iPhoneSimulator
		{32F5A2D6-F54D-4DA1-AE26-0A980D48F422}.Debug|x64.ActiveCfg = Debug|iPhone
		{32F5A2D6-F54D-4DA1-AE26-0A980D48F422}.Debug|x86.ActiveCfg = Debug|iPhone
		{32F5A2D6-F54D-4DA1-AE26-0A980D48F422}.Debug|x86.Build.0 = Debug|iPhone
		{32F5A2D6-F54D-4DA1-AE26-0A980D48F422}.FDroid|Any CPU.ActiveCfg = Release|iPhoneSimulator
		{32F5A2D6-F54D-4DA1-AE26-0A980D48F422}.FDroid|Any CPU.Build.0 = Release|iPhoneSimulator
		{32F5A2D6-F54D-4DA1-AE26-0A980D48F422}.FDroid|ARM.ActiveCfg = Release|iPhoneSimulator
		{32F5A2D6-F54D-4DA1-AE26-0A980D48F422}.FDroid|ARM.Build.0 = Release|iPhoneSimulator
		{32F5A2D6-F54D-4DA1-AE26-0A980D48F422}.FDroid|iPhone.ActiveCfg = Release|iPhone
		{32F5A2D6-F54D-4DA1-AE26-0A980D48F422}.FDroid|iPhone.Build.0 = Release|iPhone
		{32F5A2D6-F54D-4DA1-AE26-0A980D48F422}.FDroid|iPhoneSimulator.ActiveCfg = Release|iPhoneSimulator
		{32F5A2D6-F54D-4DA1-AE26-0A980D48F422}.FDroid|iPhoneSimulator.Build.0 = Release|iPhoneSimulator
		{32F5A2D6-F54D-4DA1-AE26-0A980D48F422}.FDroid|x64.ActiveCfg = Release|iPhoneSimulator
		{32F5A2D6-F54D-4DA1-AE26-0A980D48F422}.FDroid|x64.Build.0 = Release|iPhoneSimulator
		{32F5A2D6-F54D-4DA1-AE26-0A980D48F422}.FDroid|x86.ActiveCfg = Release|iPhoneSimulator
		{32F5A2D6-F54D-4DA1-AE26-0A980D48F422}.FDroid|x86.Build.0 = Release|iPhoneSimulator
		{32F5A2D6-F54D-4DA1-AE26-0A980D48F422}.Release|Any CPU.ActiveCfg = Release|iPhone
		{32F5A2D6-F54D-4DA1-AE26-0A980D48F422}.Release|ARM.ActiveCfg = Release|iPhone
		{32F5A2D6-F54D-4DA1-AE26-0A980D48F422}.Release|iPhone.ActiveCfg = Release|iPhone
		{32F5A2D6-F54D-4DA1-AE26-0A980D48F422}.Release|iPhone.Build.0 = Release|iPhone
		{32F5A2D6-F54D-4DA1-AE26-0A980D48F422}.Release|iPhoneSimulator.ActiveCfg = Release|iPhoneSimulator
		{32F5A2D6-F54D-4DA1-AE26-0A980D48F422}.Release|iPhoneSimulator.Build.0 = Release|iPhoneSimulator
		{32F5A2D6-F54D-4DA1-AE26-0A980D48F422}.Release|x64.ActiveCfg = Release|iPhone
		{32F5A2D6-F54D-4DA1-AE26-0A980D48F422}.Release|x86.ActiveCfg = Release|iPhone
		{B2538ADA-B605-4D6F-ACD2-62A409680F84}.Ad-Hoc|Any CPU.ActiveCfg = Release|Any CPU
		{B2538ADA-B605-4D6F-ACD2-62A409680F84}.Ad-Hoc|Any CPU.Build.0 = Release|Any CPU
		{B2538ADA-B605-4D6F-ACD2-62A409680F84}.Ad-Hoc|ARM.ActiveCfg = Release|Any CPU
		{B2538ADA-B605-4D6F-ACD2-62A409680F84}.Ad-Hoc|ARM.Build.0 = Release|Any CPU
		{B2538ADA-B605-4D6F-ACD2-62A409680F84}.Ad-Hoc|iPhone.ActiveCfg = Release|Any CPU
		{B2538ADA-B605-4D6F-ACD2-62A409680F84}.Ad-Hoc|iPhone.Build.0 = Release|Any CPU
		{B2538ADA-B605-4D6F-ACD2-62A409680F84}.Ad-Hoc|iPhoneSimulator.ActiveCfg = Release|Any CPU
		{B2538ADA-B605-4D6F-ACD2-62A409680F84}.Ad-Hoc|iPhoneSimulator.Build.0 = Release|Any CPU
		{B2538ADA-B605-4D6F-ACD2-62A409680F84}.Ad-Hoc|x64.ActiveCfg = Release|Any CPU
		{B2538ADA-B605-4D6F-ACD2-62A409680F84}.Ad-Hoc|x64.Build.0 = Release|Any CPU
		{B2538ADA-B605-4D6F-ACD2-62A409680F84}.Ad-Hoc|x86.ActiveCfg = Release|Any CPU
		{B2538ADA-B605-4D6F-ACD2-62A409680F84}.Ad-Hoc|x86.Build.0 = Release|Any CPU
		{B2538ADA-B605-4D6F-ACD2-62A409680F84}.AppStore|Any CPU.ActiveCfg = Release|Any CPU
		{B2538ADA-B605-4D6F-ACD2-62A409680F84}.AppStore|Any CPU.Build.0 = Release|Any CPU
		{B2538ADA-B605-4D6F-ACD2-62A409680F84}.AppStore|ARM.ActiveCfg = Release|Any CPU
		{B2538ADA-B605-4D6F-ACD2-62A409680F84}.AppStore|ARM.Build.0 = Release|Any CPU
		{B2538ADA-B605-4D6F-ACD2-62A409680F84}.AppStore|iPhone.ActiveCfg = Release|Any CPU
		{B2538ADA-B605-4D6F-ACD2-62A409680F84}.AppStore|iPhone.Build.0 = Release|Any CPU
		{B2538ADA-B605-4D6F-ACD2-62A409680F84}.AppStore|iPhoneSimulator.ActiveCfg = Release|Any CPU
		{B2538ADA-B605-4D6F-ACD2-62A409680F84}.AppStore|iPhoneSimulator.Build.0 = Release|Any CPU
		{B2538ADA-B605-4D6F-ACD2-62A409680F84}.AppStore|x64.ActiveCfg = Release|Any CPU
		{B2538ADA-B605-4D6F-ACD2-62A409680F84}.AppStore|x64.Build.0 = Release|Any CPU
		{B2538ADA-B605-4D6F-ACD2-62A409680F84}.AppStore|x86.ActiveCfg = Release|Any CPU
		{B2538ADA-B605-4D6F-ACD2-62A409680F84}.AppStore|x86.Build.0 = Release|Any CPU
		{B2538ADA-B605-4D6F-ACD2-62A409680F84}.Debug|Any CPU.ActiveCfg = Debug|Any CPU
		{B2538ADA-B605-4D6F-ACD2-62A409680F84}.Debug|ARM.ActiveCfg = Debug|Any CPU
		{B2538ADA-B605-4D6F-ACD2-62A409680F84}.Debug|iPhone.ActiveCfg = Debug|Any CPU
		{B2538ADA-B605-4D6F-ACD2-62A409680F84}.Debug|iPhone.Build.0 = Debug|Any CPU
		{B2538ADA-B605-4D6F-ACD2-62A409680F84}.Debug|iPhoneSimulator.ActiveCfg = Debug|Any CPU
		{B2538ADA-B605-4D6F-ACD2-62A409680F84}.Debug|iPhoneSimulator.Build.0 = Debug|Any CPU
		{B2538ADA-B605-4D6F-ACD2-62A409680F84}.Debug|x64.ActiveCfg = Debug|Any CPU
		{B2538ADA-B605-4D6F-ACD2-62A409680F84}.Debug|x86.ActiveCfg = Debug|Any CPU
		{B2538ADA-B605-4D6F-ACD2-62A409680F84}.Debug|x86.Build.0 = Debug|Any CPU
		{B2538ADA-B605-4D6F-ACD2-62A409680F84}.FDroid|Any CPU.ActiveCfg = Debug|Any CPU
		{B2538ADA-B605-4D6F-ACD2-62A409680F84}.FDroid|Any CPU.Build.0 = Debug|Any CPU
		{B2538ADA-B605-4D6F-ACD2-62A409680F84}.FDroid|ARM.ActiveCfg = Debug|Any CPU
		{B2538ADA-B605-4D6F-ACD2-62A409680F84}.FDroid|ARM.Build.0 = Debug|Any CPU
		{B2538ADA-B605-4D6F-ACD2-62A409680F84}.FDroid|iPhone.ActiveCfg = Debug|Any CPU
		{B2538ADA-B605-4D6F-ACD2-62A409680F84}.FDroid|iPhone.Build.0 = Debug|Any CPU
		{B2538ADA-B605-4D6F-ACD2-62A409680F84}.FDroid|iPhoneSimulator.ActiveCfg = Debug|Any CPU
		{B2538ADA-B605-4D6F-ACD2-62A409680F84}.FDroid|iPhoneSimulator.Build.0 = Debug|Any CPU
		{B2538ADA-B605-4D6F-ACD2-62A409680F84}.FDroid|x64.ActiveCfg = Debug|Any CPU
		{B2538ADA-B605-4D6F-ACD2-62A409680F84}.FDroid|x64.Build.0 = Debug|Any CPU
		{B2538ADA-B605-4D6F-ACD2-62A409680F84}.FDroid|x86.ActiveCfg = Debug|Any CPU
		{B2538ADA-B605-4D6F-ACD2-62A409680F84}.FDroid|x86.Build.0 = Debug|Any CPU
		{B2538ADA-B605-4D6F-ACD2-62A409680F84}.Release|Any CPU.ActiveCfg = Release|Any CPU
		{B2538ADA-B605-4D6F-ACD2-62A409680F84}.Release|ARM.ActiveCfg = Release|Any CPU
		{B2538ADA-B605-4D6F-ACD2-62A409680F84}.Release|iPhone.ActiveCfg = Release|Any CPU
		{B2538ADA-B605-4D6F-ACD2-62A409680F84}.Release|iPhone.Build.0 = Release|Any CPU
		{B2538ADA-B605-4D6F-ACD2-62A409680F84}.Release|iPhoneSimulator.ActiveCfg = Release|Any CPU
		{B2538ADA-B605-4D6F-ACD2-62A409680F84}.Release|iPhoneSimulator.Build.0 = Release|Any CPU
		{B2538ADA-B605-4D6F-ACD2-62A409680F84}.Release|x64.ActiveCfg = Release|Any CPU
		{B2538ADA-B605-4D6F-ACD2-62A409680F84}.Release|x64.Build.0 = Release|Any CPU
		{B2538ADA-B605-4D6F-ACD2-62A409680F84}.Release|x86.ActiveCfg = Release|Any CPU
		{B2538ADA-B605-4D6F-ACD2-62A409680F84}.Release|x86.Build.0 = Release|Any CPU
		{8A279EE4-4537-4656-9C93-44945E594556}.Ad-Hoc|Any CPU.ActiveCfg = Debug|Any CPU
		{8A279EE4-4537-4656-9C93-44945E594556}.Ad-Hoc|Any CPU.Build.0 = Debug|Any CPU
		{8A279EE4-4537-4656-9C93-44945E594556}.Ad-Hoc|ARM.ActiveCfg = Debug|Any CPU
		{8A279EE4-4537-4656-9C93-44945E594556}.Ad-Hoc|ARM.Build.0 = Debug|Any CPU
		{8A279EE4-4537-4656-9C93-44945E594556}.Ad-Hoc|iPhone.ActiveCfg = Debug|Any CPU
		{8A279EE4-4537-4656-9C93-44945E594556}.Ad-Hoc|iPhone.Build.0 = Debug|Any CPU
		{8A279EE4-4537-4656-9C93-44945E594556}.Ad-Hoc|iPhoneSimulator.ActiveCfg = Debug|Any CPU
		{8A279EE4-4537-4656-9C93-44945E594556}.Ad-Hoc|iPhoneSimulator.Build.0 = Debug|Any CPU
		{8A279EE4-4537-4656-9C93-44945E594556}.Ad-Hoc|x64.ActiveCfg = Debug|Any CPU
		{8A279EE4-4537-4656-9C93-44945E594556}.Ad-Hoc|x64.Build.0 = Debug|Any CPU
		{8A279EE4-4537-4656-9C93-44945E594556}.Ad-Hoc|x86.ActiveCfg = Debug|Any CPU
		{8A279EE4-4537-4656-9C93-44945E594556}.Ad-Hoc|x86.Build.0 = Debug|Any CPU
		{8A279EE4-4537-4656-9C93-44945E594556}.AppStore|Any CPU.ActiveCfg = Debug|Any CPU
		{8A279EE4-4537-4656-9C93-44945E594556}.AppStore|Any CPU.Build.0 = Debug|Any CPU
		{8A279EE4-4537-4656-9C93-44945E594556}.AppStore|ARM.ActiveCfg = Debug|Any CPU
		{8A279EE4-4537-4656-9C93-44945E594556}.AppStore|ARM.Build.0 = Debug|Any CPU
		{8A279EE4-4537-4656-9C93-44945E594556}.AppStore|iPhone.ActiveCfg = Debug|Any CPU
		{8A279EE4-4537-4656-9C93-44945E594556}.AppStore|iPhone.Build.0 = Debug|Any CPU
		{8A279EE4-4537-4656-9C93-44945E594556}.AppStore|iPhoneSimulator.ActiveCfg = Debug|Any CPU
		{8A279EE4-4537-4656-9C93-44945E594556}.AppStore|iPhoneSimulator.Build.0 = Debug|Any CPU
		{8A279EE4-4537-4656-9C93-44945E594556}.AppStore|x64.ActiveCfg = Debug|Any CPU
		{8A279EE4-4537-4656-9C93-44945E594556}.AppStore|x64.Build.0 = Debug|Any CPU
		{8A279EE4-4537-4656-9C93-44945E594556}.AppStore|x86.ActiveCfg = Debug|Any CPU
		{8A279EE4-4537-4656-9C93-44945E594556}.AppStore|x86.Build.0 = Debug|Any CPU
		{8A279EE4-4537-4656-9C93-44945E594556}.Debug|Any CPU.ActiveCfg = Debug|Any CPU
		{8A279EE4-4537-4656-9C93-44945E594556}.Debug|Any CPU.Build.0 = Debug|Any CPU
		{8A279EE4-4537-4656-9C93-44945E594556}.Debug|ARM.ActiveCfg = Debug|Any CPU
		{8A279EE4-4537-4656-9C93-44945E594556}.Debug|ARM.Build.0 = Debug|Any CPU
		{8A279EE4-4537-4656-9C93-44945E594556}.Debug|iPhone.ActiveCfg = Debug|Any CPU
		{8A279EE4-4537-4656-9C93-44945E594556}.Debug|iPhone.Build.0 = Debug|Any CPU
		{8A279EE4-4537-4656-9C93-44945E594556}.Debug|iPhoneSimulator.ActiveCfg = Debug|Any CPU
		{8A279EE4-4537-4656-9C93-44945E594556}.Debug|iPhoneSimulator.Build.0 = Debug|Any CPU
		{8A279EE4-4537-4656-9C93-44945E594556}.Debug|x64.ActiveCfg = Debug|Any CPU
		{8A279EE4-4537-4656-9C93-44945E594556}.Debug|x64.Build.0 = Debug|Any CPU
		{8A279EE4-4537-4656-9C93-44945E594556}.Debug|x86.ActiveCfg = Debug|Any CPU
		{8A279EE4-4537-4656-9C93-44945E594556}.Debug|x86.Build.0 = Debug|Any CPU
		{8A279EE4-4537-4656-9C93-44945E594556}.FDroid|Any CPU.ActiveCfg = FDroid|Any CPU
		{8A279EE4-4537-4656-9C93-44945E594556}.FDroid|Any CPU.Build.0 = FDroid|Any CPU
		{8A279EE4-4537-4656-9C93-44945E594556}.FDroid|ARM.ActiveCfg = FDroid|Any CPU
		{8A279EE4-4537-4656-9C93-44945E594556}.FDroid|ARM.Build.0 = FDroid|Any CPU
		{8A279EE4-4537-4656-9C93-44945E594556}.FDroid|iPhone.ActiveCfg = FDroid|Any CPU
		{8A279EE4-4537-4656-9C93-44945E594556}.FDroid|iPhone.Build.0 = FDroid|Any CPU
		{8A279EE4-4537-4656-9C93-44945E594556}.FDroid|iPhoneSimulator.ActiveCfg = FDroid|Any CPU
		{8A279EE4-4537-4656-9C93-44945E594556}.FDroid|iPhoneSimulator.Build.0 = FDroid|Any CPU
		{8A279EE4-4537-4656-9C93-44945E594556}.FDroid|x64.ActiveCfg = FDroid|Any CPU
		{8A279EE4-4537-4656-9C93-44945E594556}.FDroid|x64.Build.0 = FDroid|Any CPU
		{8A279EE4-4537-4656-9C93-44945E594556}.FDroid|x86.ActiveCfg = FDroid|Any CPU
		{8A279EE4-4537-4656-9C93-44945E594556}.FDroid|x86.Build.0 = FDroid|Any CPU
		{8A279EE4-4537-4656-9C93-44945E594556}.Release|Any CPU.ActiveCfg = Release|Any CPU
		{8A279EE4-4537-4656-9C93-44945E594556}.Release|Any CPU.Build.0 = Release|Any CPU
		{8A279EE4-4537-4656-9C93-44945E594556}.Release|ARM.ActiveCfg = Release|Any CPU
		{8A279EE4-4537-4656-9C93-44945E594556}.Release|ARM.Build.0 = Release|Any CPU
		{8A279EE4-4537-4656-9C93-44945E594556}.Release|iPhone.ActiveCfg = Release|Any CPU
		{8A279EE4-4537-4656-9C93-44945E594556}.Release|iPhone.Build.0 = Release|Any CPU
		{8A279EE4-4537-4656-9C93-44945E594556}.Release|iPhoneSimulator.ActiveCfg = Release|Any CPU
		{8A279EE4-4537-4656-9C93-44945E594556}.Release|iPhoneSimulator.Build.0 = Release|Any CPU
		{8A279EE4-4537-4656-9C93-44945E594556}.Release|x64.ActiveCfg = Release|Any CPU
		{8A279EE4-4537-4656-9C93-44945E594556}.Release|x64.Build.0 = Release|Any CPU
		{8A279EE4-4537-4656-9C93-44945E594556}.Release|x86.ActiveCfg = Release|Any CPU
		{8A279EE4-4537-4656-9C93-44945E594556}.Release|x86.Build.0 = Release|Any CPU
		{D5D91152-CB01-4F24-A503-304D3A94408B}.Ad-Hoc|Any CPU.ActiveCfg = Debug|Any CPU
		{D5D91152-CB01-4F24-A503-304D3A94408B}.Ad-Hoc|Any CPU.Build.0 = Debug|Any CPU
		{D5D91152-CB01-4F24-A503-304D3A94408B}.Ad-Hoc|ARM.ActiveCfg = Debug|Any CPU
		{D5D91152-CB01-4F24-A503-304D3A94408B}.Ad-Hoc|ARM.Build.0 = Debug|Any CPU
		{D5D91152-CB01-4F24-A503-304D3A94408B}.Ad-Hoc|iPhone.ActiveCfg = Debug|Any CPU
		{D5D91152-CB01-4F24-A503-304D3A94408B}.Ad-Hoc|iPhone.Build.0 = Debug|Any CPU
		{D5D91152-CB01-4F24-A503-304D3A94408B}.Ad-Hoc|iPhoneSimulator.ActiveCfg = Debug|Any CPU
		{D5D91152-CB01-4F24-A503-304D3A94408B}.Ad-Hoc|iPhoneSimulator.Build.0 = Debug|Any CPU
		{D5D91152-CB01-4F24-A503-304D3A94408B}.Ad-Hoc|x64.ActiveCfg = Debug|Any CPU
		{D5D91152-CB01-4F24-A503-304D3A94408B}.Ad-Hoc|x64.Build.0 = Debug|Any CPU
		{D5D91152-CB01-4F24-A503-304D3A94408B}.Ad-Hoc|x86.ActiveCfg = Debug|Any CPU
		{D5D91152-CB01-4F24-A503-304D3A94408B}.Ad-Hoc|x86.Build.0 = Debug|Any CPU
		{D5D91152-CB01-4F24-A503-304D3A94408B}.AppStore|Any CPU.ActiveCfg = Debug|Any CPU
		{D5D91152-CB01-4F24-A503-304D3A94408B}.AppStore|Any CPU.Build.0 = Debug|Any CPU
		{D5D91152-CB01-4F24-A503-304D3A94408B}.AppStore|ARM.ActiveCfg = Debug|Any CPU
		{D5D91152-CB01-4F24-A503-304D3A94408B}.AppStore|ARM.Build.0 = Debug|Any CPU
		{D5D91152-CB01-4F24-A503-304D3A94408B}.AppStore|iPhone.ActiveCfg = Debug|Any CPU
		{D5D91152-CB01-4F24-A503-304D3A94408B}.AppStore|iPhone.Build.0 = Debug|Any CPU
		{D5D91152-CB01-4F24-A503-304D3A94408B}.AppStore|iPhoneSimulator.ActiveCfg = Debug|Any CPU
		{D5D91152-CB01-4F24-A503-304D3A94408B}.AppStore|iPhoneSimulator.Build.0 = Debug|Any CPU
		{D5D91152-CB01-4F24-A503-304D3A94408B}.AppStore|x64.ActiveCfg = Debug|Any CPU
		{D5D91152-CB01-4F24-A503-304D3A94408B}.AppStore|x64.Build.0 = Debug|Any CPU
		{D5D91152-CB01-4F24-A503-304D3A94408B}.AppStore|x86.ActiveCfg = Debug|Any CPU
		{D5D91152-CB01-4F24-A503-304D3A94408B}.AppStore|x86.Build.0 = Debug|Any CPU
		{D5D91152-CB01-4F24-A503-304D3A94408B}.Debug|Any CPU.ActiveCfg = Debug|Any CPU
		{D5D91152-CB01-4F24-A503-304D3A94408B}.Debug|Any CPU.Build.0 = Debug|Any CPU
		{D5D91152-CB01-4F24-A503-304D3A94408B}.Debug|ARM.ActiveCfg = Debug|Any CPU
		{D5D91152-CB01-4F24-A503-304D3A94408B}.Debug|ARM.Build.0 = Debug|Any CPU
		{D5D91152-CB01-4F24-A503-304D3A94408B}.Debug|iPhone.ActiveCfg = Debug|Any CPU
		{D5D91152-CB01-4F24-A503-304D3A94408B}.Debug|iPhone.Build.0 = Debug|Any CPU
		{D5D91152-CB01-4F24-A503-304D3A94408B}.Debug|iPhoneSimulator.ActiveCfg = Debug|Any CPU
		{D5D91152-CB01-4F24-A503-304D3A94408B}.Debug|iPhoneSimulator.Build.0 = Debug|Any CPU
		{D5D91152-CB01-4F24-A503-304D3A94408B}.Debug|x64.ActiveCfg = Debug|Any CPU
		{D5D91152-CB01-4F24-A503-304D3A94408B}.Debug|x64.Build.0 = Debug|Any CPU
		{D5D91152-CB01-4F24-A503-304D3A94408B}.Debug|x86.ActiveCfg = Debug|Any CPU
		{D5D91152-CB01-4F24-A503-304D3A94408B}.Debug|x86.Build.0 = Debug|Any CPU
		{D5D91152-CB01-4F24-A503-304D3A94408B}.FDroid|Any CPU.ActiveCfg = Release|Any CPU
		{D5D91152-CB01-4F24-A503-304D3A94408B}.FDroid|Any CPU.Build.0 = Release|Any CPU
		{D5D91152-CB01-4F24-A503-304D3A94408B}.FDroid|ARM.ActiveCfg = Release|Any CPU
		{D5D91152-CB01-4F24-A503-304D3A94408B}.FDroid|ARM.Build.0 = Release|Any CPU
		{D5D91152-CB01-4F24-A503-304D3A94408B}.FDroid|iPhone.ActiveCfg = Release|Any CPU
		{D5D91152-CB01-4F24-A503-304D3A94408B}.FDroid|iPhone.Build.0 = Release|Any CPU
		{D5D91152-CB01-4F24-A503-304D3A94408B}.FDroid|iPhoneSimulator.ActiveCfg = Release|Any CPU
		{D5D91152-CB01-4F24-A503-304D3A94408B}.FDroid|iPhoneSimulator.Build.0 = Release|Any CPU
		{D5D91152-CB01-4F24-A503-304D3A94408B}.FDroid|x64.ActiveCfg = Release|Any CPU
		{D5D91152-CB01-4F24-A503-304D3A94408B}.FDroid|x64.Build.0 = Release|Any CPU
		{D5D91152-CB01-4F24-A503-304D3A94408B}.FDroid|x86.ActiveCfg = Release|Any CPU
		{D5D91152-CB01-4F24-A503-304D3A94408B}.FDroid|x86.Build.0 = Release|Any CPU
		{D5D91152-CB01-4F24-A503-304D3A94408B}.Release|Any CPU.ActiveCfg = Release|Any CPU
		{D5D91152-CB01-4F24-A503-304D3A94408B}.Release|Any CPU.Build.0 = Release|Any CPU
		{D5D91152-CB01-4F24-A503-304D3A94408B}.Release|ARM.ActiveCfg = Release|Any CPU
		{D5D91152-CB01-4F24-A503-304D3A94408B}.Release|ARM.Build.0 = Release|Any CPU
		{D5D91152-CB01-4F24-A503-304D3A94408B}.Release|iPhone.ActiveCfg = Release|Any CPU
		{D5D91152-CB01-4F24-A503-304D3A94408B}.Release|iPhone.Build.0 = Release|Any CPU
		{D5D91152-CB01-4F24-A503-304D3A94408B}.Release|iPhoneSimulator.ActiveCfg = Release|Any CPU
		{D5D91152-CB01-4F24-A503-304D3A94408B}.Release|iPhoneSimulator.Build.0 = Release|Any CPU
		{D5D91152-CB01-4F24-A503-304D3A94408B}.Release|x64.ActiveCfg = Release|Any CPU
		{D5D91152-CB01-4F24-A503-304D3A94408B}.Release|x64.Build.0 = Release|Any CPU
		{D5D91152-CB01-4F24-A503-304D3A94408B}.Release|x86.ActiveCfg = Release|Any CPU
		{D5D91152-CB01-4F24-A503-304D3A94408B}.Release|x86.Build.0 = Release|Any CPU
	EndGlobalSection
	GlobalSection(SolutionProperties) = preSolution
		HideSolutionNode = FALSE
	EndGlobalSection
	GlobalSection(NestedProjects) = preSolution
		{04B18ED2-B76D-4947-8474-191F8FD2B5E0} = {EC730FD9-F623-4B6C-B503-95CDCFBCF277}
		{1F78403F-9A28-405B-9289-B9DBEB55F074} = {EC730FD9-F623-4B6C-B503-95CDCFBCF277}
		{A300DCE1-8D10-4267-B96A-CB01AEB7C220} = {0D790714-ECF8-4A83-BE4A-E9C84DD1BB5D}
		{32F5A2D6-F54D-4DA1-AE26-0A980D48F422} = {EC730FD9-F623-4B6C-B503-95CDCFBCF277}
		{B2538ADA-B605-4D6F-ACD2-62A409680F84} = {EC730FD9-F623-4B6C-B503-95CDCFBCF277}
		{2E399654-26A2-46F6-B9CA-1B496A3F370A} = {92470CBD-9047-4C3C-8EA3-D972D6622D84}
		{8A279EE4-4537-4656-9C93-44945E594556} = {EC730FD9-F623-4B6C-B503-95CDCFBCF277}
		{D5D91152-CB01-4F24-A503-304D3A94408B} = {2E399654-26A2-46F6-B9CA-1B496A3F370A}
	EndGlobalSection
	GlobalSection(ExtensibilityGlobals) = postSolution
		SolutionGuid = {318CB2DF-0118-43A3-AC83-56BADCF71CCD}
	EndGlobalSection
EndGlobal
