
Microsoft Visual Studio Solution File, Format Version 12.00
# Visual Studio 15
VisualStudioVersion = 15.0.27004.2009
MinimumVisualStudioVersion = 10.0.40219.1
Project("{FAE04EC0-301F-11D3-BF4B-00C04F79EFBC}") = "Android", "src\Android\Android.csproj", "{04B18ED2-B76D-4947-8474-191F8FD2B5E0}"
EndProject
Project("{FAE04EC0-301F-11D3-BF4B-00C04F79EFBC}") = "iOS", "src\iOS\iOS.csproj", "{1F78403F-9A28-405B-9289-B9DBEB55F074}"
EndProject
Project("{FAE04EC0-301F-11D3-BF4B-00C04F79EFBC}") = "App", "src\App\App.csproj", "{B490C5DA-639E-4994-ABD2-54222B8A348E}"
EndProject
Project("{2150E333-8FDC-42A3-9474-1A3956D46DE8}") = "test", "test", "{0D790714-ECF8-4A83-BE4A-E9C84DD1BB5D}"
EndProject
Project("{2150E333-8FDC-42A3-9474-1A3956D46DE8}") = "src", "src", "{EC730FD9-F623-4B6C-B503-95CDCFBCF277}"
EndProject
Project("{FAE04EC0-301F-11D3-BF4B-00C04F79EFBC}") = "App.Test", "test\App.Test\App.Test.csproj", "{A300DCE1-8D10-4267-B96A-CB01AEB7C220}"
EndProject
Project("{FAE04EC0-301F-11D3-BF4B-00C04F79EFBC}") = "iOS.Extension", "src\iOS.Extension\iOS.Extension.csproj", "{32F5A2D6-F54D-4DA1-AE26-0A980D48F422}"
EndProject
Project("{FAE04EC0-301F-11D3-BF4B-00C04F79EFBC}") = "iOS.Core", "src\iOS.Core\iOS.Core.csproj", "{B2538ADA-B605-4D6F-ACD2-62A409680F84}"
EndProject
Project("{FAE04EC0-301F-11D3-BF4B-00C04F79EFBC}") = "iOS.Test", "test\iOS.Test\iOS.Test.csproj", "{6702027A-F726-4149-863E-7CB924674B9A}"
EndProject
Project("{FAE04EC0-301F-11D3-BF4B-00C04F79EFBC}") = "Android.Test", "test\Android.Test\Android.Test.csproj", "{FA507A17-D4E3-46DF-ACD8-D7E6D7D4E3AE}"
EndProject
Project("{2150E333-8FDC-42A3-9474-1A3956D46DE8}") = "store", "store", "{92470CBD-9047-4C3C-8EA3-D972D6622D84}"
EndProject
Project("{2150E333-8FDC-42A3-9474-1A3956D46DE8}") = "google", "google", "{2E399654-26A2-46F6-B9CA-1B496A3F370A}"
EndProject
Project("{FAE04EC0-301F-11D3-BF4B-00C04F79EFBC}") = "Publisher", "store\google\Publisher\Publisher.csproj", "{428CACAB-CC26-4F41-9062-1E4A9BC82640}"
EndProject
Project("{FAE04EC0-301F-11D3-BF4B-00C04F79EFBC}") = "UWP", "src\UWP\UWP.csproj", "{3A2D5669-ED71-4F2B-BA85-2D36BAA05141}"
EndProject
Project("{D954291E-2A0B-460D-934E-DC6B0785DB48}") = "UWP.Images", "src\UWP.Images\UWP.Images.shproj", "{0BE54BBB-7772-4289-BD51-1FDBB0CC2446}"
EndProject
Project("{2150E333-8FDC-42A3-9474-1A3956D46DE8}") = "Solution Items", "Solution Items", "{F0E2E596-C3DB-474A-9C88-7824662894FA}"
	ProjectSection(SolutionItems) = preProject
		.gitignore = .gitignore
		appveyor.yml = appveyor.yml
		crowdin.yml = crowdin.yml
		README.md = README.md
		SECURITY.md = SECURITY.md
	EndProjectSection
EndProject
Global
	GlobalSection(SharedMSBuildProjectFiles) = preSolution
		src\UWP.Images\UWP.Images.projitems*{0be54bbb-7772-4289-bd51-1fdbb0cc2446}*SharedItemsImports = 13
		src\UWP.Images\UWP.Images.projitems*{3a2d5669-ed71-4f2b-ba85-2d36baa05141}*SharedItemsImports = 4
	EndGlobalSection
	GlobalSection(SolutionConfigurationPlatforms) = preSolution
		Ad-Hoc|Any CPU = Ad-Hoc|Any CPU
		Ad-Hoc|ARM = Ad-Hoc|ARM
		Ad-Hoc|iPhone = Ad-Hoc|iPhone
		Ad-Hoc|iPhoneSimulator = Ad-Hoc|iPhoneSimulator
		Ad-Hoc|x64 = Ad-Hoc|x64
		Ad-Hoc|x86 = Ad-Hoc|x86
		AppStore|Any CPU = AppStore|Any CPU
		AppStore|ARM = AppStore|ARM
		AppStore|iPhone = AppStore|iPhone
		AppStore|iPhoneSimulator = AppStore|iPhoneSimulator
		AppStore|x64 = AppStore|x64
		AppStore|x86 = AppStore|x86
		Debug|Any CPU = Debug|Any CPU
		Debug|ARM = Debug|ARM
		Debug|iPhone = Debug|iPhone
		Debug|iPhoneSimulator = Debug|iPhoneSimulator
		Debug|x64 = Debug|x64
		Debug|x86 = Debug|x86
		Release|Any CPU = Release|Any CPU
		Release|ARM = Release|ARM
		Release|iPhone = Release|iPhone
		Release|iPhoneSimulator = Release|iPhoneSimulator
		Release|x64 = Release|x64
		Release|x86 = Release|x86
	EndGlobalSection
	GlobalSection(ProjectConfigurationPlatforms) = postSolution
		{04B18ED2-B76D-4947-8474-191F8FD2B5E0}.Ad-Hoc|Any CPU.ActiveCfg = Release|Any CPU
		{04B18ED2-B76D-4947-8474-191F8FD2B5E0}.Ad-Hoc|Any CPU.Build.0 = Release|Any CPU
		{04B18ED2-B76D-4947-8474-191F8FD2B5E0}.Ad-Hoc|Any CPU.Deploy.0 = Release|Any CPU
		{04B18ED2-B76D-4947-8474-191F8FD2B5E0}.Ad-Hoc|ARM.ActiveCfg = Release|Any CPU
		{04B18ED2-B76D-4947-8474-191F8FD2B5E0}.Ad-Hoc|ARM.Build.0 = Release|Any CPU
		{04B18ED2-B76D-4947-8474-191F8FD2B5E0}.Ad-Hoc|ARM.Deploy.0 = Release|Any CPU
		{04B18ED2-B76D-4947-8474-191F8FD2B5E0}.Ad-Hoc|iPhone.ActiveCfg = Release|Any CPU
		{04B18ED2-B76D-4947-8474-191F8FD2B5E0}.Ad-Hoc|iPhoneSimulator.ActiveCfg = Release|Any CPU
		{04B18ED2-B76D-4947-8474-191F8FD2B5E0}.Ad-Hoc|x64.ActiveCfg = Release|Any CPU
		{04B18ED2-B76D-4947-8474-191F8FD2B5E0}.Ad-Hoc|x64.Build.0 = Release|Any CPU
		{04B18ED2-B76D-4947-8474-191F8FD2B5E0}.Ad-Hoc|x64.Deploy.0 = Release|Any CPU
		{04B18ED2-B76D-4947-8474-191F8FD2B5E0}.Ad-Hoc|x86.ActiveCfg = Release|Any CPU
		{04B18ED2-B76D-4947-8474-191F8FD2B5E0}.Ad-Hoc|x86.Build.0 = Release|Any CPU
		{04B18ED2-B76D-4947-8474-191F8FD2B5E0}.Ad-Hoc|x86.Deploy.0 = Release|Any CPU
		{04B18ED2-B76D-4947-8474-191F8FD2B5E0}.AppStore|Any CPU.ActiveCfg = Release|Any CPU
		{04B18ED2-B76D-4947-8474-191F8FD2B5E0}.AppStore|Any CPU.Build.0 = Release|Any CPU
		{04B18ED2-B76D-4947-8474-191F8FD2B5E0}.AppStore|Any CPU.Deploy.0 = Release|Any CPU
		{04B18ED2-B76D-4947-8474-191F8FD2B5E0}.AppStore|ARM.ActiveCfg = Release|Any CPU
		{04B18ED2-B76D-4947-8474-191F8FD2B5E0}.AppStore|ARM.Build.0 = Release|Any CPU
		{04B18ED2-B76D-4947-8474-191F8FD2B5E0}.AppStore|ARM.Deploy.0 = Release|Any CPU
		{04B18ED2-B76D-4947-8474-191F8FD2B5E0}.AppStore|iPhone.ActiveCfg = Release|Any CPU
		{04B18ED2-B76D-4947-8474-191F8FD2B5E0}.AppStore|iPhoneSimulator.ActiveCfg = Release|Any CPU
		{04B18ED2-B76D-4947-8474-191F8FD2B5E0}.AppStore|x64.ActiveCfg = Release|Any CPU
		{04B18ED2-B76D-4947-8474-191F8FD2B5E0}.AppStore|x64.Build.0 = Release|Any CPU
		{04B18ED2-B76D-4947-8474-191F8FD2B5E0}.AppStore|x64.Deploy.0 = Release|Any CPU
		{04B18ED2-B76D-4947-8474-191F8FD2B5E0}.AppStore|x86.ActiveCfg = Release|Any CPU
		{04B18ED2-B76D-4947-8474-191F8FD2B5E0}.AppStore|x86.Build.0 = Release|Any CPU
		{04B18ED2-B76D-4947-8474-191F8FD2B5E0}.AppStore|x86.Deploy.0 = Release|Any CPU
		{04B18ED2-B76D-4947-8474-191F8FD2B5E0}.Debug|Any CPU.ActiveCfg = Debug|Any CPU
		{04B18ED2-B76D-4947-8474-191F8FD2B5E0}.Debug|Any CPU.Build.0 = Debug|Any CPU
		{04B18ED2-B76D-4947-8474-191F8FD2B5E0}.Debug|Any CPU.Deploy.0 = Debug|Any CPU
		{04B18ED2-B76D-4947-8474-191F8FD2B5E0}.Debug|ARM.ActiveCfg = Debug|Any CPU
		{04B18ED2-B76D-4947-8474-191F8FD2B5E0}.Debug|ARM.Build.0 = Debug|Any CPU
		{04B18ED2-B76D-4947-8474-191F8FD2B5E0}.Debug|ARM.Deploy.0 = Debug|Any CPU
		{04B18ED2-B76D-4947-8474-191F8FD2B5E0}.Debug|iPhone.ActiveCfg = Debug|Any CPU
		{04B18ED2-B76D-4947-8474-191F8FD2B5E0}.Debug|iPhoneSimulator.ActiveCfg = Debug|Any CPU
		{04B18ED2-B76D-4947-8474-191F8FD2B5E0}.Debug|x64.ActiveCfg = Debug|Any CPU
		{04B18ED2-B76D-4947-8474-191F8FD2B5E0}.Debug|x86.ActiveCfg = Debug|Any CPU
		{04B18ED2-B76D-4947-8474-191F8FD2B5E0}.Debug|x86.Build.0 = Debug|Any CPU
		{04B18ED2-B76D-4947-8474-191F8FD2B5E0}.Debug|x86.Deploy.0 = Debug|Any CPU
		{04B18ED2-B76D-4947-8474-191F8FD2B5E0}.Release|Any CPU.ActiveCfg = Release|Any CPU
		{04B18ED2-B76D-4947-8474-191F8FD2B5E0}.Release|Any CPU.Build.0 = Release|Any CPU
		{04B18ED2-B76D-4947-8474-191F8FD2B5E0}.Release|Any CPU.Deploy.0 = Release|Any CPU
		{04B18ED2-B76D-4947-8474-191F8FD2B5E0}.Release|ARM.ActiveCfg = Release|Any CPU
		{04B18ED2-B76D-4947-8474-191F8FD2B5E0}.Release|ARM.Build.0 = Release|Any CPU
		{04B18ED2-B76D-4947-8474-191F8FD2B5E0}.Release|ARM.Deploy.0 = Release|Any CPU
		{04B18ED2-B76D-4947-8474-191F8FD2B5E0}.Release|iPhone.ActiveCfg = Release|Any CPU
		{04B18ED2-B76D-4947-8474-191F8FD2B5E0}.Release|iPhoneSimulator.ActiveCfg = Release|Any CPU
		{04B18ED2-B76D-4947-8474-191F8FD2B5E0}.Release|x64.ActiveCfg = Release|Any CPU
		{04B18ED2-B76D-4947-8474-191F8FD2B5E0}.Release|x64.Build.0 = Release|Any CPU
		{04B18ED2-B76D-4947-8474-191F8FD2B5E0}.Release|x64.Deploy.0 = Release|Any CPU
		{04B18ED2-B76D-4947-8474-191F8FD2B5E0}.Release|x86.ActiveCfg = Release|Any CPU
		{04B18ED2-B76D-4947-8474-191F8FD2B5E0}.Release|x86.Build.0 = Release|Any CPU
		{04B18ED2-B76D-4947-8474-191F8FD2B5E0}.Release|x86.Deploy.0 = Release|Any CPU
		{1F78403F-9A28-405B-9289-B9DBEB55F074}.Ad-Hoc|Any CPU.ActiveCfg = Ad-Hoc|iPhone
		{1F78403F-9A28-405B-9289-B9DBEB55F074}.Ad-Hoc|ARM.ActiveCfg = Ad-Hoc|iPhone
		{1F78403F-9A28-405B-9289-B9DBEB55F074}.Ad-Hoc|iPhone.ActiveCfg = Ad-Hoc|iPhone
		{1F78403F-9A28-405B-9289-B9DBEB55F074}.Ad-Hoc|iPhone.Build.0 = Ad-Hoc|iPhone
		{1F78403F-9A28-405B-9289-B9DBEB55F074}.Ad-Hoc|iPhoneSimulator.ActiveCfg = Ad-Hoc|iPhoneSimulator
		{1F78403F-9A28-405B-9289-B9DBEB55F074}.Ad-Hoc|iPhoneSimulator.Build.0 = Ad-Hoc|iPhoneSimulator
		{1F78403F-9A28-405B-9289-B9DBEB55F074}.Ad-Hoc|x64.ActiveCfg = Ad-Hoc|iPhone
		{1F78403F-9A28-405B-9289-B9DBEB55F074}.Ad-Hoc|x86.ActiveCfg = Ad-Hoc|iPhone
		{1F78403F-9A28-405B-9289-B9DBEB55F074}.AppStore|Any CPU.ActiveCfg = AppStore|iPhone
		{1F78403F-9A28-405B-9289-B9DBEB55F074}.AppStore|ARM.ActiveCfg = AppStore|iPhone
		{1F78403F-9A28-405B-9289-B9DBEB55F074}.AppStore|iPhone.ActiveCfg = AppStore|iPhone
		{1F78403F-9A28-405B-9289-B9DBEB55F074}.AppStore|iPhone.Build.0 = AppStore|iPhone
		{1F78403F-9A28-405B-9289-B9DBEB55F074}.AppStore|iPhoneSimulator.ActiveCfg = AppStore|iPhoneSimulator
		{1F78403F-9A28-405B-9289-B9DBEB55F074}.AppStore|iPhoneSimulator.Build.0 = AppStore|iPhoneSimulator
		{1F78403F-9A28-405B-9289-B9DBEB55F074}.AppStore|x64.ActiveCfg = AppStore|iPhone
		{1F78403F-9A28-405B-9289-B9DBEB55F074}.AppStore|x86.ActiveCfg = AppStore|iPhone
		{1F78403F-9A28-405B-9289-B9DBEB55F074}.Debug|Any CPU.ActiveCfg = Debug|iPhone
		{1F78403F-9A28-405B-9289-B9DBEB55F074}.Debug|ARM.ActiveCfg = Debug|iPhone
		{1F78403F-9A28-405B-9289-B9DBEB55F074}.Debug|iPhone.ActiveCfg = Debug|iPhone
		{1F78403F-9A28-405B-9289-B9DBEB55F074}.Debug|iPhone.Build.0 = Debug|iPhone
		{1F78403F-9A28-405B-9289-B9DBEB55F074}.Debug|iPhoneSimulator.ActiveCfg = Debug|iPhoneSimulator
		{1F78403F-9A28-405B-9289-B9DBEB55F074}.Debug|iPhoneSimulator.Build.0 = Debug|iPhoneSimulator
		{1F78403F-9A28-405B-9289-B9DBEB55F074}.Debug|x64.ActiveCfg = Debug|iPhone
		{1F78403F-9A28-405B-9289-B9DBEB55F074}.Debug|x86.ActiveCfg = Debug|iPhone
		{1F78403F-9A28-405B-9289-B9DBEB55F074}.Debug|x86.Build.0 = Debug|iPhone
		{1F78403F-9A28-405B-9289-B9DBEB55F074}.Release|Any CPU.ActiveCfg = Release|iPhone
		{1F78403F-9A28-405B-9289-B9DBEB55F074}.Release|ARM.ActiveCfg = Release|iPhone
		{1F78403F-9A28-405B-9289-B9DBEB55F074}.Release|iPhone.ActiveCfg = Release|iPhone
		{1F78403F-9A28-405B-9289-B9DBEB55F074}.Release|iPhone.Build.0 = Release|iPhone
		{1F78403F-9A28-405B-9289-B9DBEB55F074}.Release|iPhoneSimulator.ActiveCfg = Release|iPhoneSimulator
		{1F78403F-9A28-405B-9289-B9DBEB55F074}.Release|iPhoneSimulator.Build.0 = Release|iPhoneSimulator
		{1F78403F-9A28-405B-9289-B9DBEB55F074}.Release|x64.ActiveCfg = Release|iPhone
		{1F78403F-9A28-405B-9289-B9DBEB55F074}.Release|x86.ActiveCfg = Release|iPhone
		{B490C5DA-639E-4994-ABD2-54222B8A348E}.Ad-Hoc|Any CPU.ActiveCfg = Release|Any CPU
		{B490C5DA-639E-4994-ABD2-54222B8A348E}.Ad-Hoc|Any CPU.Build.0 = Release|Any CPU
		{B490C5DA-639E-4994-ABD2-54222B8A348E}.Ad-Hoc|ARM.ActiveCfg = Release|Any CPU
		{B490C5DA-639E-4994-ABD2-54222B8A348E}.Ad-Hoc|ARM.Build.0 = Release|Any CPU
		{B490C5DA-639E-4994-ABD2-54222B8A348E}.Ad-Hoc|iPhone.ActiveCfg = Release|Any CPU
		{B490C5DA-639E-4994-ABD2-54222B8A348E}.Ad-Hoc|iPhone.Build.0 = Release|Any CPU
		{B490C5DA-639E-4994-ABD2-54222B8A348E}.Ad-Hoc|iPhoneSimulator.ActiveCfg = Release|Any CPU
		{B490C5DA-639E-4994-ABD2-54222B8A348E}.Ad-Hoc|iPhoneSimulator.Build.0 = Release|Any CPU
		{B490C5DA-639E-4994-ABD2-54222B8A348E}.Ad-Hoc|x64.ActiveCfg = Release|Any CPU
		{B490C5DA-639E-4994-ABD2-54222B8A348E}.Ad-Hoc|x64.Build.0 = Release|Any CPU
		{B490C5DA-639E-4994-ABD2-54222B8A348E}.Ad-Hoc|x86.ActiveCfg = Release|Any CPU
		{B490C5DA-639E-4994-ABD2-54222B8A348E}.Ad-Hoc|x86.Build.0 = Release|Any CPU
		{B490C5DA-639E-4994-ABD2-54222B8A348E}.AppStore|Any CPU.ActiveCfg = Release|Any CPU
		{B490C5DA-639E-4994-ABD2-54222B8A348E}.AppStore|Any CPU.Build.0 = Release|Any CPU
		{B490C5DA-639E-4994-ABD2-54222B8A348E}.AppStore|ARM.ActiveCfg = Release|Any CPU
		{B490C5DA-639E-4994-ABD2-54222B8A348E}.AppStore|ARM.Build.0 = Release|Any CPU
		{B490C5DA-639E-4994-ABD2-54222B8A348E}.AppStore|iPhone.ActiveCfg = Release|Any CPU
		{B490C5DA-639E-4994-ABD2-54222B8A348E}.AppStore|iPhone.Build.0 = Release|Any CPU
		{B490C5DA-639E-4994-ABD2-54222B8A348E}.AppStore|iPhoneSimulator.ActiveCfg = Release|Any CPU
		{B490C5DA-639E-4994-ABD2-54222B8A348E}.AppStore|iPhoneSimulator.Build.0 = Release|Any CPU
		{B490C5DA-639E-4994-ABD2-54222B8A348E}.AppStore|x64.ActiveCfg = Release|Any CPU
		{B490C5DA-639E-4994-ABD2-54222B8A348E}.AppStore|x64.Build.0 = Release|Any CPU
		{B490C5DA-639E-4994-ABD2-54222B8A348E}.AppStore|x86.ActiveCfg = Release|Any CPU
		{B490C5DA-639E-4994-ABD2-54222B8A348E}.AppStore|x86.Build.0 = Release|Any CPU
		{B490C5DA-639E-4994-ABD2-54222B8A348E}.Debug|Any CPU.ActiveCfg = Debug|Any CPU
		{B490C5DA-639E-4994-ABD2-54222B8A348E}.Debug|Any CPU.Build.0 = Debug|Any CPU
		{B490C5DA-639E-4994-ABD2-54222B8A348E}.Debug|ARM.ActiveCfg = Debug|Any CPU
		{B490C5DA-639E-4994-ABD2-54222B8A348E}.Debug|ARM.Build.0 = Debug|Any CPU
		{B490C5DA-639E-4994-ABD2-54222B8A348E}.Debug|iPhone.ActiveCfg = Debug|Any CPU
		{B490C5DA-639E-4994-ABD2-54222B8A348E}.Debug|iPhone.Build.0 = Debug|Any CPU
		{B490C5DA-639E-4994-ABD2-54222B8A348E}.Debug|iPhoneSimulator.ActiveCfg = Debug|Any CPU
		{B490C5DA-639E-4994-ABD2-54222B8A348E}.Debug|iPhoneSimulator.Build.0 = Debug|Any CPU
		{B490C5DA-639E-4994-ABD2-54222B8A348E}.Debug|x64.ActiveCfg = Debug|Any CPU
		{B490C5DA-639E-4994-ABD2-54222B8A348E}.Debug|x64.Build.0 = Debug|Any CPU
		{B490C5DA-639E-4994-ABD2-54222B8A348E}.Debug|x86.ActiveCfg = Debug|Any CPU
		{B490C5DA-639E-4994-ABD2-54222B8A348E}.Debug|x86.Build.0 = Debug|Any CPU
		{B490C5DA-639E-4994-ABD2-54222B8A348E}.Release|Any CPU.ActiveCfg = Release|Any CPU
		{B490C5DA-639E-4994-ABD2-54222B8A348E}.Release|Any CPU.Build.0 = Release|Any CPU
		{B490C5DA-639E-4994-ABD2-54222B8A348E}.Release|ARM.ActiveCfg = Release|Any CPU
		{B490C5DA-639E-4994-ABD2-54222B8A348E}.Release|ARM.Build.0 = Release|Any CPU
		{B490C5DA-639E-4994-ABD2-54222B8A348E}.Release|iPhone.ActiveCfg = Release|Any CPU
		{B490C5DA-639E-4994-ABD2-54222B8A348E}.Release|iPhone.Build.0 = Release|Any CPU
		{B490C5DA-639E-4994-ABD2-54222B8A348E}.Release|iPhoneSimulator.ActiveCfg = Release|Any CPU
		{B490C5DA-639E-4994-ABD2-54222B8A348E}.Release|iPhoneSimulator.Build.0 = Release|Any CPU
		{B490C5DA-639E-4994-ABD2-54222B8A348E}.Release|x64.ActiveCfg = Release|Any CPU
		{B490C5DA-639E-4994-ABD2-54222B8A348E}.Release|x64.Build.0 = Release|Any CPU
		{B490C5DA-639E-4994-ABD2-54222B8A348E}.Release|x86.ActiveCfg = Release|Any CPU
		{B490C5DA-639E-4994-ABD2-54222B8A348E}.Release|x86.Build.0 = Release|Any CPU
		{A300DCE1-8D10-4267-B96A-CB01AEB7C220}.Ad-Hoc|Any CPU.ActiveCfg = Release|Any CPU
		{A300DCE1-8D10-4267-B96A-CB01AEB7C220}.Ad-Hoc|Any CPU.Build.0 = Release|Any CPU
		{A300DCE1-8D10-4267-B96A-CB01AEB7C220}.Ad-Hoc|ARM.ActiveCfg = Release|Any CPU
		{A300DCE1-8D10-4267-B96A-CB01AEB7C220}.Ad-Hoc|ARM.Build.0 = Release|Any CPU
		{A300DCE1-8D10-4267-B96A-CB01AEB7C220}.Ad-Hoc|iPhone.ActiveCfg = Release|Any CPU
		{A300DCE1-8D10-4267-B96A-CB01AEB7C220}.Ad-Hoc|iPhoneSimulator.ActiveCfg = Release|Any CPU
		{A300DCE1-8D10-4267-B96A-CB01AEB7C220}.Ad-Hoc|x64.ActiveCfg = Release|Any CPU
		{A300DCE1-8D10-4267-B96A-CB01AEB7C220}.Ad-Hoc|x64.Build.0 = Release|Any CPU
		{A300DCE1-8D10-4267-B96A-CB01AEB7C220}.Ad-Hoc|x86.ActiveCfg = Release|Any CPU
		{A300DCE1-8D10-4267-B96A-CB01AEB7C220}.Ad-Hoc|x86.Build.0 = Release|Any CPU
		{A300DCE1-8D10-4267-B96A-CB01AEB7C220}.AppStore|Any CPU.ActiveCfg = Release|Any CPU
		{A300DCE1-8D10-4267-B96A-CB01AEB7C220}.AppStore|Any CPU.Build.0 = Release|Any CPU
		{A300DCE1-8D10-4267-B96A-CB01AEB7C220}.AppStore|ARM.ActiveCfg = Release|Any CPU
		{A300DCE1-8D10-4267-B96A-CB01AEB7C220}.AppStore|ARM.Build.0 = Release|Any CPU
		{A300DCE1-8D10-4267-B96A-CB01AEB7C220}.AppStore|iPhone.ActiveCfg = Release|Any CPU
		{A300DCE1-8D10-4267-B96A-CB01AEB7C220}.AppStore|iPhoneSimulator.ActiveCfg = Release|Any CPU
		{A300DCE1-8D10-4267-B96A-CB01AEB7C220}.AppStore|x64.ActiveCfg = Release|Any CPU
		{A300DCE1-8D10-4267-B96A-CB01AEB7C220}.AppStore|x64.Build.0 = Release|Any CPU
		{A300DCE1-8D10-4267-B96A-CB01AEB7C220}.AppStore|x86.ActiveCfg = Release|Any CPU
		{A300DCE1-8D10-4267-B96A-CB01AEB7C220}.AppStore|x86.Build.0 = Release|Any CPU
		{A300DCE1-8D10-4267-B96A-CB01AEB7C220}.Debug|Any CPU.ActiveCfg = Debug|Any CPU
		{A300DCE1-8D10-4267-B96A-CB01AEB7C220}.Debug|Any CPU.Build.0 = Debug|Any CPU
		{A300DCE1-8D10-4267-B96A-CB01AEB7C220}.Debug|ARM.ActiveCfg = Debug|Any CPU
		{A300DCE1-8D10-4267-B96A-CB01AEB7C220}.Debug|ARM.Build.0 = Debug|Any CPU
		{A300DCE1-8D10-4267-B96A-CB01AEB7C220}.Debug|iPhone.ActiveCfg = Debug|Any CPU
		{A300DCE1-8D10-4267-B96A-CB01AEB7C220}.Debug|iPhoneSimulator.ActiveCfg = Debug|Any CPU
		{A300DCE1-8D10-4267-B96A-CB01AEB7C220}.Debug|x64.ActiveCfg = Debug|Any CPU
		{A300DCE1-8D10-4267-B96A-CB01AEB7C220}.Debug|x86.ActiveCfg = Debug|Any CPU
		{A300DCE1-8D10-4267-B96A-CB01AEB7C220}.Debug|x86.Build.0 = Debug|Any CPU
		{A300DCE1-8D10-4267-B96A-CB01AEB7C220}.Release|Any CPU.ActiveCfg = Release|Any CPU
		{A300DCE1-8D10-4267-B96A-CB01AEB7C220}.Release|Any CPU.Build.0 = Release|Any CPU
		{A300DCE1-8D10-4267-B96A-CB01AEB7C220}.Release|ARM.ActiveCfg = Release|Any CPU
		{A300DCE1-8D10-4267-B96A-CB01AEB7C220}.Release|ARM.Build.0 = Release|Any CPU
		{A300DCE1-8D10-4267-B96A-CB01AEB7C220}.Release|iPhone.ActiveCfg = Release|Any CPU
		{A300DCE1-8D10-4267-B96A-CB01AEB7C220}.Release|iPhoneSimulator.ActiveCfg = Release|Any CPU
		{A300DCE1-8D10-4267-B96A-CB01AEB7C220}.Release|x64.ActiveCfg = Release|Any CPU
		{A300DCE1-8D10-4267-B96A-CB01AEB7C220}.Release|x64.Build.0 = Release|Any CPU
		{A300DCE1-8D10-4267-B96A-CB01AEB7C220}.Release|x86.ActiveCfg = Release|Any CPU
		{A300DCE1-8D10-4267-B96A-CB01AEB7C220}.Release|x86.Build.0 = Release|Any CPU
		{32F5A2D6-F54D-4DA1-AE26-0A980D48F422}.Ad-Hoc|Any CPU.ActiveCfg = Ad-Hoc|iPhone
		{32F5A2D6-F54D-4DA1-AE26-0A980D48F422}.Ad-Hoc|ARM.ActiveCfg = Ad-Hoc|iPhone
		{32F5A2D6-F54D-4DA1-AE26-0A980D48F422}.Ad-Hoc|iPhone.ActiveCfg = Ad-Hoc|iPhone
		{32F5A2D6-F54D-4DA1-AE26-0A980D48F422}.Ad-Hoc|iPhone.Build.0 = Ad-Hoc|iPhone
		{32F5A2D6-F54D-4DA1-AE26-0A980D48F422}.Ad-Hoc|iPhoneSimulator.ActiveCfg = Ad-Hoc|iPhoneSimulator
		{32F5A2D6-F54D-4DA1-AE26-0A980D48F422}.Ad-Hoc|iPhoneSimulator.Build.0 = Ad-Hoc|iPhoneSimulator
		{32F5A2D6-F54D-4DA1-AE26-0A980D48F422}.Ad-Hoc|x64.ActiveCfg = Ad-Hoc|iPhone
		{32F5A2D6-F54D-4DA1-AE26-0A980D48F422}.Ad-Hoc|x86.ActiveCfg = Ad-Hoc|iPhone
		{32F5A2D6-F54D-4DA1-AE26-0A980D48F422}.AppStore|Any CPU.ActiveCfg = AppStore|iPhone
		{32F5A2D6-F54D-4DA1-AE26-0A980D48F422}.AppStore|ARM.ActiveCfg = AppStore|iPhone
		{32F5A2D6-F54D-4DA1-AE26-0A980D48F422}.AppStore|iPhone.ActiveCfg = AppStore|iPhone
		{32F5A2D6-F54D-4DA1-AE26-0A980D48F422}.AppStore|iPhone.Build.0 = AppStore|iPhone
		{32F5A2D6-F54D-4DA1-AE26-0A980D48F422}.AppStore|iPhoneSimulator.ActiveCfg = AppStore|iPhoneSimulator
		{32F5A2D6-F54D-4DA1-AE26-0A980D48F422}.AppStore|iPhoneSimulator.Build.0 = AppStore|iPhoneSimulator
		{32F5A2D6-F54D-4DA1-AE26-0A980D48F422}.AppStore|x64.ActiveCfg = AppStore|iPhone
		{32F5A2D6-F54D-4DA1-AE26-0A980D48F422}.AppStore|x86.ActiveCfg = AppStore|iPhone
		{32F5A2D6-F54D-4DA1-AE26-0A980D48F422}.Debug|Any CPU.ActiveCfg = Debug|iPhone
		{32F5A2D6-F54D-4DA1-AE26-0A980D48F422}.Debug|ARM.ActiveCfg = Debug|iPhone
		{32F5A2D6-F54D-4DA1-AE26-0A980D48F422}.Debug|iPhone.ActiveCfg = Debug|iPhone
		{32F5A2D6-F54D-4DA1-AE26-0A980D48F422}.Debug|iPhone.Build.0 = Debug|iPhone
		{32F5A2D6-F54D-4DA1-AE26-0A980D48F422}.Debug|iPhoneSimulator.ActiveCfg = Debug|iPhoneSimulator
		{32F5A2D6-F54D-4DA1-AE26-0A980D48F422}.Debug|iPhoneSimulator.Build.0 = Debug|iPhoneSimulator
		{32F5A2D6-F54D-4DA1-AE26-0A980D48F422}.Debug|x64.ActiveCfg = Debug|iPhone
		{32F5A2D6-F54D-4DA1-AE26-0A980D48F422}.Debug|x86.ActiveCfg = Debug|iPhone
		{32F5A2D6-F54D-4DA1-AE26-0A980D48F422}.Debug|x86.Build.0 = Debug|iPhone
		{32F5A2D6-F54D-4DA1-AE26-0A980D48F422}.Release|Any CPU.ActiveCfg = Release|iPhone
		{32F5A2D6-F54D-4DA1-AE26-0A980D48F422}.Release|ARM.ActiveCfg = Release|iPhone
		{32F5A2D6-F54D-4DA1-AE26-0A980D48F422}.Release|iPhone.ActiveCfg = Release|iPhone
		{32F5A2D6-F54D-4DA1-AE26-0A980D48F422}.Release|iPhone.Build.0 = Release|iPhone
		{32F5A2D6-F54D-4DA1-AE26-0A980D48F422}.Release|iPhoneSimulator.ActiveCfg = Release|iPhoneSimulator
		{32F5A2D6-F54D-4DA1-AE26-0A980D48F422}.Release|iPhoneSimulator.Build.0 = Release|iPhoneSimulator
		{32F5A2D6-F54D-4DA1-AE26-0A980D48F422}.Release|x64.ActiveCfg = Release|iPhone
		{32F5A2D6-F54D-4DA1-AE26-0A980D48F422}.Release|x86.ActiveCfg = Release|iPhone
		{B2538ADA-B605-4D6F-ACD2-62A409680F84}.Ad-Hoc|Any CPU.ActiveCfg = Release|Any CPU
		{B2538ADA-B605-4D6F-ACD2-62A409680F84}.Ad-Hoc|Any CPU.Build.0 = Release|Any CPU
		{B2538ADA-B605-4D6F-ACD2-62A409680F84}.Ad-Hoc|ARM.ActiveCfg = Release|Any CPU
		{B2538ADA-B605-4D6F-ACD2-62A409680F84}.Ad-Hoc|ARM.Build.0 = Release|Any CPU
		{B2538ADA-B605-4D6F-ACD2-62A409680F84}.Ad-Hoc|iPhone.ActiveCfg = Release|Any CPU
		{B2538ADA-B605-4D6F-ACD2-62A409680F84}.Ad-Hoc|iPhone.Build.0 = Release|Any CPU
		{B2538ADA-B605-4D6F-ACD2-62A409680F84}.Ad-Hoc|iPhoneSimulator.ActiveCfg = Release|Any CPU
		{B2538ADA-B605-4D6F-ACD2-62A409680F84}.Ad-Hoc|iPhoneSimulator.Build.0 = Release|Any CPU
		{B2538ADA-B605-4D6F-ACD2-62A409680F84}.Ad-Hoc|x64.ActiveCfg = Release|Any CPU
		{B2538ADA-B605-4D6F-ACD2-62A409680F84}.Ad-Hoc|x64.Build.0 = Release|Any CPU
		{B2538ADA-B605-4D6F-ACD2-62A409680F84}.Ad-Hoc|x86.ActiveCfg = Release|Any CPU
		{B2538ADA-B605-4D6F-ACD2-62A409680F84}.Ad-Hoc|x86.Build.0 = Release|Any CPU
		{B2538ADA-B605-4D6F-ACD2-62A409680F84}.AppStore|Any CPU.ActiveCfg = Release|Any CPU
		{B2538ADA-B605-4D6F-ACD2-62A409680F84}.AppStore|Any CPU.Build.0 = Release|Any CPU
		{B2538ADA-B605-4D6F-ACD2-62A409680F84}.AppStore|ARM.ActiveCfg = Release|Any CPU
		{B2538ADA-B605-4D6F-ACD2-62A409680F84}.AppStore|ARM.Build.0 = Release|Any CPU
		{B2538ADA-B605-4D6F-ACD2-62A409680F84}.AppStore|iPhone.ActiveCfg = Release|Any CPU
		{B2538ADA-B605-4D6F-ACD2-62A409680F84}.AppStore|iPhone.Build.0 = Release|Any CPU
		{B2538ADA-B605-4D6F-ACD2-62A409680F84}.AppStore|iPhoneSimulator.ActiveCfg = Release|Any CPU
		{B2538ADA-B605-4D6F-ACD2-62A409680F84}.AppStore|iPhoneSimulator.Build.0 = Release|Any CPU
		{B2538ADA-B605-4D6F-ACD2-62A409680F84}.AppStore|x64.ActiveCfg = Release|Any CPU
		{B2538ADA-B605-4D6F-ACD2-62A409680F84}.AppStore|x64.Build.0 = Release|Any CPU
		{B2538ADA-B605-4D6F-ACD2-62A409680F84}.AppStore|x86.ActiveCfg = Release|Any CPU
		{B2538ADA-B605-4D6F-ACD2-62A409680F84}.AppStore|x86.Build.0 = Release|Any CPU
		{B2538ADA-B605-4D6F-ACD2-62A409680F84}.Debug|Any CPU.ActiveCfg = Debug|Any CPU
		{B2538ADA-B605-4D6F-ACD2-62A409680F84}.Debug|ARM.ActiveCfg = Debug|Any CPU
		{B2538ADA-B605-4D6F-ACD2-62A409680F84}.Debug|iPhone.ActiveCfg = Debug|Any CPU
		{B2538ADA-B605-4D6F-ACD2-62A409680F84}.Debug|iPhone.Build.0 = Debug|Any CPU
		{B2538ADA-B605-4D6F-ACD2-62A409680F84}.Debug|iPhoneSimulator.ActiveCfg = Debug|Any CPU
		{B2538ADA-B605-4D6F-ACD2-62A409680F84}.Debug|iPhoneSimulator.Build.0 = Debug|Any CPU
		{B2538ADA-B605-4D6F-ACD2-62A409680F84}.Debug|x64.ActiveCfg = Debug|Any CPU
		{B2538ADA-B605-4D6F-ACD2-62A409680F84}.Debug|x86.ActiveCfg = Debug|Any CPU
		{B2538ADA-B605-4D6F-ACD2-62A409680F84}.Debug|x86.Build.0 = Debug|Any CPU
		{B2538ADA-B605-4D6F-ACD2-62A409680F84}.Release|Any CPU.ActiveCfg = Release|Any CPU
		{B2538ADA-B605-4D6F-ACD2-62A409680F84}.Release|ARM.ActiveCfg = Release|Any CPU
		{B2538ADA-B605-4D6F-ACD2-62A409680F84}.Release|iPhone.ActiveCfg = Release|Any CPU
		{B2538ADA-B605-4D6F-ACD2-62A409680F84}.Release|iPhone.Build.0 = Release|Any CPU
		{B2538ADA-B605-4D6F-ACD2-62A409680F84}.Release|iPhoneSimulator.ActiveCfg = Release|Any CPU
		{B2538ADA-B605-4D6F-ACD2-62A409680F84}.Release|iPhoneSimulator.Build.0 = Release|Any CPU
		{B2538ADA-B605-4D6F-ACD2-62A409680F84}.Release|x64.ActiveCfg = Release|Any CPU
		{B2538ADA-B605-4D6F-ACD2-62A409680F84}.Release|x64.Build.0 = Release|Any CPU
		{B2538ADA-B605-4D6F-ACD2-62A409680F84}.Release|x86.ActiveCfg = Release|Any CPU
		{B2538ADA-B605-4D6F-ACD2-62A409680F84}.Release|x86.Build.0 = Release|Any CPU
		{6702027A-F726-4149-863E-7CB924674B9A}.Ad-Hoc|Any CPU.ActiveCfg = Ad-Hoc|iPhone
		{6702027A-F726-4149-863E-7CB924674B9A}.Ad-Hoc|ARM.ActiveCfg = Ad-Hoc|iPhone
		{6702027A-F726-4149-863E-7CB924674B9A}.Ad-Hoc|iPhone.ActiveCfg = Ad-Hoc|iPhone
		{6702027A-F726-4149-863E-7CB924674B9A}.Ad-Hoc|iPhone.Build.0 = Ad-Hoc|iPhone
		{6702027A-F726-4149-863E-7CB924674B9A}.Ad-Hoc|iPhoneSimulator.ActiveCfg = Ad-Hoc|iPhoneSimulator
		{6702027A-F726-4149-863E-7CB924674B9A}.Ad-Hoc|iPhoneSimulator.Build.0 = Ad-Hoc|iPhoneSimulator
		{6702027A-F726-4149-863E-7CB924674B9A}.Ad-Hoc|x64.ActiveCfg = Ad-Hoc|iPhone
		{6702027A-F726-4149-863E-7CB924674B9A}.Ad-Hoc|x86.ActiveCfg = Ad-Hoc|iPhone
		{6702027A-F726-4149-863E-7CB924674B9A}.AppStore|Any CPU.ActiveCfg = AppStore|iPhone
		{6702027A-F726-4149-863E-7CB924674B9A}.AppStore|ARM.ActiveCfg = AppStore|iPhone
		{6702027A-F726-4149-863E-7CB924674B9A}.AppStore|iPhone.ActiveCfg = AppStore|iPhone
		{6702027A-F726-4149-863E-7CB924674B9A}.AppStore|iPhone.Build.0 = AppStore|iPhone
		{6702027A-F726-4149-863E-7CB924674B9A}.AppStore|iPhoneSimulator.ActiveCfg = AppStore|iPhoneSimulator
		{6702027A-F726-4149-863E-7CB924674B9A}.AppStore|iPhoneSimulator.Build.0 = AppStore|iPhoneSimulator
		{6702027A-F726-4149-863E-7CB924674B9A}.AppStore|x64.ActiveCfg = AppStore|iPhone
		{6702027A-F726-4149-863E-7CB924674B9A}.AppStore|x86.ActiveCfg = AppStore|iPhone
		{6702027A-F726-4149-863E-7CB924674B9A}.Debug|Any CPU.ActiveCfg = Debug|iPhone
		{6702027A-F726-4149-863E-7CB924674B9A}.Debug|ARM.ActiveCfg = Debug|iPhone
		{6702027A-F726-4149-863E-7CB924674B9A}.Debug|iPhone.ActiveCfg = Debug|iPhone
		{6702027A-F726-4149-863E-7CB924674B9A}.Debug|iPhone.Build.0 = Debug|iPhone
		{6702027A-F726-4149-863E-7CB924674B9A}.Debug|iPhoneSimulator.ActiveCfg = Debug|iPhoneSimulator
		{6702027A-F726-4149-863E-7CB924674B9A}.Debug|iPhoneSimulator.Build.0 = Debug|iPhoneSimulator
		{6702027A-F726-4149-863E-7CB924674B9A}.Debug|x64.ActiveCfg = Debug|iPhone
		{6702027A-F726-4149-863E-7CB924674B9A}.Debug|x86.ActiveCfg = Debug|iPhone
		{6702027A-F726-4149-863E-7CB924674B9A}.Release|Any CPU.ActiveCfg = Release|iPhone
		{6702027A-F726-4149-863E-7CB924674B9A}.Release|ARM.ActiveCfg = Release|iPhone
		{6702027A-F726-4149-863E-7CB924674B9A}.Release|iPhone.ActiveCfg = Release|iPhone
		{6702027A-F726-4149-863E-7CB924674B9A}.Release|iPhone.Build.0 = Release|iPhone
		{6702027A-F726-4149-863E-7CB924674B9A}.Release|iPhoneSimulator.ActiveCfg = Release|iPhoneSimulator
		{6702027A-F726-4149-863E-7CB924674B9A}.Release|iPhoneSimulator.Build.0 = Release|iPhoneSimulator
		{6702027A-F726-4149-863E-7CB924674B9A}.Release|x64.ActiveCfg = Release|iPhone
		{6702027A-F726-4149-863E-7CB924674B9A}.Release|x86.ActiveCfg = Release|iPhone
		{FA507A17-D4E3-46DF-ACD8-D7E6D7D4E3AE}.Ad-Hoc|Any CPU.ActiveCfg = Release|Any CPU
		{FA507A17-D4E3-46DF-ACD8-D7E6D7D4E3AE}.Ad-Hoc|Any CPU.Build.0 = Release|Any CPU
		{FA507A17-D4E3-46DF-ACD8-D7E6D7D4E3AE}.Ad-Hoc|Any CPU.Deploy.0 = Release|Any CPU
		{FA507A17-D4E3-46DF-ACD8-D7E6D7D4E3AE}.Ad-Hoc|ARM.ActiveCfg = Release|Any CPU
		{FA507A17-D4E3-46DF-ACD8-D7E6D7D4E3AE}.Ad-Hoc|ARM.Build.0 = Release|Any CPU
		{FA507A17-D4E3-46DF-ACD8-D7E6D7D4E3AE}.Ad-Hoc|ARM.Deploy.0 = Release|Any CPU
		{FA507A17-D4E3-46DF-ACD8-D7E6D7D4E3AE}.Ad-Hoc|iPhone.ActiveCfg = Release|Any CPU
		{FA507A17-D4E3-46DF-ACD8-D7E6D7D4E3AE}.Ad-Hoc|iPhone.Build.0 = Release|Any CPU
		{FA507A17-D4E3-46DF-ACD8-D7E6D7D4E3AE}.Ad-Hoc|iPhone.Deploy.0 = Release|Any CPU
		{FA507A17-D4E3-46DF-ACD8-D7E6D7D4E3AE}.Ad-Hoc|iPhoneSimulator.ActiveCfg = Release|Any CPU
		{FA507A17-D4E3-46DF-ACD8-D7E6D7D4E3AE}.Ad-Hoc|iPhoneSimulator.Build.0 = Release|Any CPU
		{FA507A17-D4E3-46DF-ACD8-D7E6D7D4E3AE}.Ad-Hoc|iPhoneSimulator.Deploy.0 = Release|Any CPU
		{FA507A17-D4E3-46DF-ACD8-D7E6D7D4E3AE}.Ad-Hoc|x64.ActiveCfg = Release|Any CPU
		{FA507A17-D4E3-46DF-ACD8-D7E6D7D4E3AE}.Ad-Hoc|x64.Build.0 = Release|Any CPU
		{FA507A17-D4E3-46DF-ACD8-D7E6D7D4E3AE}.Ad-Hoc|x64.Deploy.0 = Release|Any CPU
		{FA507A17-D4E3-46DF-ACD8-D7E6D7D4E3AE}.Ad-Hoc|x86.ActiveCfg = Release|Any CPU
		{FA507A17-D4E3-46DF-ACD8-D7E6D7D4E3AE}.Ad-Hoc|x86.Build.0 = Release|Any CPU
		{FA507A17-D4E3-46DF-ACD8-D7E6D7D4E3AE}.Ad-Hoc|x86.Deploy.0 = Release|Any CPU
		{FA507A17-D4E3-46DF-ACD8-D7E6D7D4E3AE}.AppStore|Any CPU.ActiveCfg = Release|Any CPU
		{FA507A17-D4E3-46DF-ACD8-D7E6D7D4E3AE}.AppStore|Any CPU.Build.0 = Release|Any CPU
		{FA507A17-D4E3-46DF-ACD8-D7E6D7D4E3AE}.AppStore|Any CPU.Deploy.0 = Release|Any CPU
		{FA507A17-D4E3-46DF-ACD8-D7E6D7D4E3AE}.AppStore|ARM.ActiveCfg = Release|Any CPU
		{FA507A17-D4E3-46DF-ACD8-D7E6D7D4E3AE}.AppStore|ARM.Build.0 = Release|Any CPU
		{FA507A17-D4E3-46DF-ACD8-D7E6D7D4E3AE}.AppStore|ARM.Deploy.0 = Release|Any CPU
		{FA507A17-D4E3-46DF-ACD8-D7E6D7D4E3AE}.AppStore|iPhone.ActiveCfg = Release|Any CPU
		{FA507A17-D4E3-46DF-ACD8-D7E6D7D4E3AE}.AppStore|iPhone.Build.0 = Release|Any CPU
		{FA507A17-D4E3-46DF-ACD8-D7E6D7D4E3AE}.AppStore|iPhone.Deploy.0 = Release|Any CPU
		{FA507A17-D4E3-46DF-ACD8-D7E6D7D4E3AE}.AppStore|iPhoneSimulator.ActiveCfg = Release|Any CPU
		{FA507A17-D4E3-46DF-ACD8-D7E6D7D4E3AE}.AppStore|iPhoneSimulator.Build.0 = Release|Any CPU
		{FA507A17-D4E3-46DF-ACD8-D7E6D7D4E3AE}.AppStore|iPhoneSimulator.Deploy.0 = Release|Any CPU
		{FA507A17-D4E3-46DF-ACD8-D7E6D7D4E3AE}.AppStore|x64.ActiveCfg = Release|Any CPU
		{FA507A17-D4E3-46DF-ACD8-D7E6D7D4E3AE}.AppStore|x64.Build.0 = Release|Any CPU
		{FA507A17-D4E3-46DF-ACD8-D7E6D7D4E3AE}.AppStore|x64.Deploy.0 = Release|Any CPU
		{FA507A17-D4E3-46DF-ACD8-D7E6D7D4E3AE}.AppStore|x86.ActiveCfg = Release|Any CPU
		{FA507A17-D4E3-46DF-ACD8-D7E6D7D4E3AE}.AppStore|x86.Build.0 = Release|Any CPU
		{FA507A17-D4E3-46DF-ACD8-D7E6D7D4E3AE}.AppStore|x86.Deploy.0 = Release|Any CPU
		{FA507A17-D4E3-46DF-ACD8-D7E6D7D4E3AE}.Debug|Any CPU.ActiveCfg = Debug|Any CPU
		{FA507A17-D4E3-46DF-ACD8-D7E6D7D4E3AE}.Debug|Any CPU.Build.0 = Debug|Any CPU
		{FA507A17-D4E3-46DF-ACD8-D7E6D7D4E3AE}.Debug|Any CPU.Deploy.0 = Debug|Any CPU
		{FA507A17-D4E3-46DF-ACD8-D7E6D7D4E3AE}.Debug|ARM.ActiveCfg = Debug|Any CPU
		{FA507A17-D4E3-46DF-ACD8-D7E6D7D4E3AE}.Debug|ARM.Build.0 = Debug|Any CPU
		{FA507A17-D4E3-46DF-ACD8-D7E6D7D4E3AE}.Debug|ARM.Deploy.0 = Debug|Any CPU
		{FA507A17-D4E3-46DF-ACD8-D7E6D7D4E3AE}.Debug|iPhone.ActiveCfg = Debug|Any CPU
		{FA507A17-D4E3-46DF-ACD8-D7E6D7D4E3AE}.Debug|iPhone.Build.0 = Debug|Any CPU
		{FA507A17-D4E3-46DF-ACD8-D7E6D7D4E3AE}.Debug|iPhone.Deploy.0 = Debug|Any CPU
		{FA507A17-D4E3-46DF-ACD8-D7E6D7D4E3AE}.Debug|iPhoneSimulator.ActiveCfg = Debug|Any CPU
		{FA507A17-D4E3-46DF-ACD8-D7E6D7D4E3AE}.Debug|iPhoneSimulator.Build.0 = Debug|Any CPU
		{FA507A17-D4E3-46DF-ACD8-D7E6D7D4E3AE}.Debug|iPhoneSimulator.Deploy.0 = Debug|Any CPU
		{FA507A17-D4E3-46DF-ACD8-D7E6D7D4E3AE}.Debug|x64.ActiveCfg = Debug|Any CPU
		{FA507A17-D4E3-46DF-ACD8-D7E6D7D4E3AE}.Debug|x86.ActiveCfg = Debug|Any CPU
		{FA507A17-D4E3-46DF-ACD8-D7E6D7D4E3AE}.Debug|x86.Build.0 = Debug|Any CPU
		{FA507A17-D4E3-46DF-ACD8-D7E6D7D4E3AE}.Debug|x86.Deploy.0 = Debug|Any CPU
		{FA507A17-D4E3-46DF-ACD8-D7E6D7D4E3AE}.Release|Any CPU.ActiveCfg = Release|Any CPU
		{FA507A17-D4E3-46DF-ACD8-D7E6D7D4E3AE}.Release|Any CPU.Build.0 = Release|Any CPU
		{FA507A17-D4E3-46DF-ACD8-D7E6D7D4E3AE}.Release|Any CPU.Deploy.0 = Release|Any CPU
		{FA507A17-D4E3-46DF-ACD8-D7E6D7D4E3AE}.Release|ARM.ActiveCfg = Release|Any CPU
		{FA507A17-D4E3-46DF-ACD8-D7E6D7D4E3AE}.Release|ARM.Build.0 = Release|Any CPU
		{FA507A17-D4E3-46DF-ACD8-D7E6D7D4E3AE}.Release|ARM.Deploy.0 = Release|Any CPU
		{FA507A17-D4E3-46DF-ACD8-D7E6D7D4E3AE}.Release|iPhone.ActiveCfg = Release|Any CPU
		{FA507A17-D4E3-46DF-ACD8-D7E6D7D4E3AE}.Release|iPhone.Build.0 = Release|Any CPU
		{FA507A17-D4E3-46DF-ACD8-D7E6D7D4E3AE}.Release|iPhone.Deploy.0 = Release|Any CPU
		{FA507A17-D4E3-46DF-ACD8-D7E6D7D4E3AE}.Release|iPhoneSimulator.ActiveCfg = Release|Any CPU
		{FA507A17-D4E3-46DF-ACD8-D7E6D7D4E3AE}.Release|iPhoneSimulator.Build.0 = Release|Any CPU
		{FA507A17-D4E3-46DF-ACD8-D7E6D7D4E3AE}.Release|iPhoneSimulator.Deploy.0 = Release|Any CPU
		{FA507A17-D4E3-46DF-ACD8-D7E6D7D4E3AE}.Release|x64.ActiveCfg = Release|Any CPU
		{FA507A17-D4E3-46DF-ACD8-D7E6D7D4E3AE}.Release|x64.Build.0 = Release|Any CPU
		{FA507A17-D4E3-46DF-ACD8-D7E6D7D4E3AE}.Release|x64.Deploy.0 = Release|Any CPU
		{FA507A17-D4E3-46DF-ACD8-D7E6D7D4E3AE}.Release|x86.ActiveCfg = Release|Any CPU
		{FA507A17-D4E3-46DF-ACD8-D7E6D7D4E3AE}.Release|x86.Build.0 = Release|Any CPU
		{FA507A17-D4E3-46DF-ACD8-D7E6D7D4E3AE}.Release|x86.Deploy.0 = Release|Any CPU
		{428CACAB-CC26-4F41-9062-1E4A9BC82640}.Ad-Hoc|Any CPU.ActiveCfg = Release|Any CPU
		{428CACAB-CC26-4F41-9062-1E4A9BC82640}.Ad-Hoc|Any CPU.Build.0 = Release|Any CPU
		{428CACAB-CC26-4F41-9062-1E4A9BC82640}.Ad-Hoc|ARM.ActiveCfg = Release|Any CPU
		{428CACAB-CC26-4F41-9062-1E4A9BC82640}.Ad-Hoc|ARM.Build.0 = Release|Any CPU
		{428CACAB-CC26-4F41-9062-1E4A9BC82640}.Ad-Hoc|iPhone.ActiveCfg = Release|Any CPU
		{428CACAB-CC26-4F41-9062-1E4A9BC82640}.Ad-Hoc|iPhone.Build.0 = Release|Any CPU
		{428CACAB-CC26-4F41-9062-1E4A9BC82640}.Ad-Hoc|iPhoneSimulator.ActiveCfg = Release|Any CPU
		{428CACAB-CC26-4F41-9062-1E4A9BC82640}.Ad-Hoc|iPhoneSimulator.Build.0 = Release|Any CPU
		{428CACAB-CC26-4F41-9062-1E4A9BC82640}.Ad-Hoc|x64.ActiveCfg = Release|Any CPU
		{428CACAB-CC26-4F41-9062-1E4A9BC82640}.Ad-Hoc|x64.Build.0 = Release|Any CPU
		{428CACAB-CC26-4F41-9062-1E4A9BC82640}.Ad-Hoc|x86.ActiveCfg = Release|Any CPU
		{428CACAB-CC26-4F41-9062-1E4A9BC82640}.Ad-Hoc|x86.Build.0 = Release|Any CPU
		{428CACAB-CC26-4F41-9062-1E4A9BC82640}.AppStore|Any CPU.ActiveCfg = Release|Any CPU
		{428CACAB-CC26-4F41-9062-1E4A9BC82640}.AppStore|Any CPU.Build.0 = Release|Any CPU
		{428CACAB-CC26-4F41-9062-1E4A9BC82640}.AppStore|ARM.ActiveCfg = Release|Any CPU
		{428CACAB-CC26-4F41-9062-1E4A9BC82640}.AppStore|ARM.Build.0 = Release|Any CPU
		{428CACAB-CC26-4F41-9062-1E4A9BC82640}.AppStore|iPhone.ActiveCfg = Release|Any CPU
		{428CACAB-CC26-4F41-9062-1E4A9BC82640}.AppStore|iPhone.Build.0 = Release|Any CPU
		{428CACAB-CC26-4F41-9062-1E4A9BC82640}.AppStore|iPhoneSimulator.ActiveCfg = Release|Any CPU
		{428CACAB-CC26-4F41-9062-1E4A9BC82640}.AppStore|iPhoneSimulator.Build.0 = Release|Any CPU
		{428CACAB-CC26-4F41-9062-1E4A9BC82640}.AppStore|x64.ActiveCfg = Release|Any CPU
		{428CACAB-CC26-4F41-9062-1E4A9BC82640}.AppStore|x64.Build.0 = Release|Any CPU
		{428CACAB-CC26-4F41-9062-1E4A9BC82640}.AppStore|x86.ActiveCfg = Release|Any CPU
		{428CACAB-CC26-4F41-9062-1E4A9BC82640}.AppStore|x86.Build.0 = Release|Any CPU
		{428CACAB-CC26-4F41-9062-1E4A9BC82640}.Debug|Any CPU.ActiveCfg = Debug|Any CPU
		{428CACAB-CC26-4F41-9062-1E4A9BC82640}.Debug|Any CPU.Build.0 = Debug|Any CPU
		{428CACAB-CC26-4F41-9062-1E4A9BC82640}.Debug|ARM.ActiveCfg = Debug|Any CPU
		{428CACAB-CC26-4F41-9062-1E4A9BC82640}.Debug|ARM.Build.0 = Debug|Any CPU
		{428CACAB-CC26-4F41-9062-1E4A9BC82640}.Debug|iPhone.ActiveCfg = Debug|Any CPU
		{428CACAB-CC26-4F41-9062-1E4A9BC82640}.Debug|iPhone.Build.0 = Debug|Any CPU
		{428CACAB-CC26-4F41-9062-1E4A9BC82640}.Debug|iPhoneSimulator.ActiveCfg = Debug|Any CPU
		{428CACAB-CC26-4F41-9062-1E4A9BC82640}.Debug|iPhoneSimulator.Build.0 = Debug|Any CPU
		{428CACAB-CC26-4F41-9062-1E4A9BC82640}.Debug|x64.ActiveCfg = Debug|Any CPU
		{428CACAB-CC26-4F41-9062-1E4A9BC82640}.Debug|x86.ActiveCfg = Debug|Any CPU
		{428CACAB-CC26-4F41-9062-1E4A9BC82640}.Debug|x86.Build.0 = Debug|Any CPU
		{428CACAB-CC26-4F41-9062-1E4A9BC82640}.Release|Any CPU.ActiveCfg = Release|Any CPU
		{428CACAB-CC26-4F41-9062-1E4A9BC82640}.Release|Any CPU.Build.0 = Release|Any CPU
		{428CACAB-CC26-4F41-9062-1E4A9BC82640}.Release|ARM.ActiveCfg = Release|Any CPU
		{428CACAB-CC26-4F41-9062-1E4A9BC82640}.Release|ARM.Build.0 = Release|Any CPU
		{428CACAB-CC26-4F41-9062-1E4A9BC82640}.Release|iPhone.ActiveCfg = Release|Any CPU
		{428CACAB-CC26-4F41-9062-1E4A9BC82640}.Release|iPhone.Build.0 = Release|Any CPU
		{428CACAB-CC26-4F41-9062-1E4A9BC82640}.Release|iPhoneSimulator.ActiveCfg = Release|Any CPU
		{428CACAB-CC26-4F41-9062-1E4A9BC82640}.Release|iPhoneSimulator.Build.0 = Release|Any CPU
		{428CACAB-CC26-4F41-9062-1E4A9BC82640}.Release|x64.ActiveCfg = Release|Any CPU
		{428CACAB-CC26-4F41-9062-1E4A9BC82640}.Release|x64.Build.0 = Release|Any CPU
		{428CACAB-CC26-4F41-9062-1E4A9BC82640}.Release|x86.ActiveCfg = Release|Any CPU
		{428CACAB-CC26-4F41-9062-1E4A9BC82640}.Release|x86.Build.0 = Release|Any CPU
		{3A2D5669-ED71-4F2B-BA85-2D36BAA05141}.Ad-Hoc|Any CPU.ActiveCfg = Release|x64
		{3A2D5669-ED71-4F2B-BA85-2D36BAA05141}.Ad-Hoc|Any CPU.Build.0 = Release|x64
		{3A2D5669-ED71-4F2B-BA85-2D36BAA05141}.Ad-Hoc|Any CPU.Deploy.0 = Release|x64
		{3A2D5669-ED71-4F2B-BA85-2D36BAA05141}.Ad-Hoc|ARM.ActiveCfg = Release|ARM
		{3A2D5669-ED71-4F2B-BA85-2D36BAA05141}.Ad-Hoc|ARM.Build.0 = Release|ARM
		{3A2D5669-ED71-4F2B-BA85-2D36BAA05141}.Ad-Hoc|ARM.Deploy.0 = Release|ARM
		{3A2D5669-ED71-4F2B-BA85-2D36BAA05141}.Ad-Hoc|iPhone.ActiveCfg = Release|x64
		{3A2D5669-ED71-4F2B-BA85-2D36BAA05141}.Ad-Hoc|iPhone.Build.0 = Release|x64
		{3A2D5669-ED71-4F2B-BA85-2D36BAA05141}.Ad-Hoc|iPhone.Deploy.0 = Release|x64
		{3A2D5669-ED71-4F2B-BA85-2D36BAA05141}.Ad-Hoc|iPhoneSimulator.ActiveCfg = Release|x64
		{3A2D5669-ED71-4F2B-BA85-2D36BAA05141}.Ad-Hoc|iPhoneSimulator.Build.0 = Release|x64
		{3A2D5669-ED71-4F2B-BA85-2D36BAA05141}.Ad-Hoc|iPhoneSimulator.Deploy.0 = Release|x64
		{3A2D5669-ED71-4F2B-BA85-2D36BAA05141}.Ad-Hoc|x64.ActiveCfg = Release|x64
		{3A2D5669-ED71-4F2B-BA85-2D36BAA05141}.Ad-Hoc|x64.Build.0 = Release|x64
		{3A2D5669-ED71-4F2B-BA85-2D36BAA05141}.Ad-Hoc|x64.Deploy.0 = Release|x64
		{3A2D5669-ED71-4F2B-BA85-2D36BAA05141}.Ad-Hoc|x86.ActiveCfg = Release|x86
		{3A2D5669-ED71-4F2B-BA85-2D36BAA05141}.Ad-Hoc|x86.Build.0 = Release|x86
		{3A2D5669-ED71-4F2B-BA85-2D36BAA05141}.Ad-Hoc|x86.Deploy.0 = Release|x86
		{3A2D5669-ED71-4F2B-BA85-2D36BAA05141}.AppStore|Any CPU.ActiveCfg = Release|x64
		{3A2D5669-ED71-4F2B-BA85-2D36BAA05141}.AppStore|Any CPU.Build.0 = Release|x64
		{3A2D5669-ED71-4F2B-BA85-2D36BAA05141}.AppStore|Any CPU.Deploy.0 = Release|x64
		{3A2D5669-ED71-4F2B-BA85-2D36BAA05141}.AppStore|ARM.ActiveCfg = Release|ARM
		{3A2D5669-ED71-4F2B-BA85-2D36BAA05141}.AppStore|ARM.Build.0 = Release|ARM
		{3A2D5669-ED71-4F2B-BA85-2D36BAA05141}.AppStore|ARM.Deploy.0 = Release|ARM
		{3A2D5669-ED71-4F2B-BA85-2D36BAA05141}.AppStore|iPhone.ActiveCfg = Release|x64
		{3A2D5669-ED71-4F2B-BA85-2D36BAA05141}.AppStore|iPhone.Build.0 = Release|x64
		{3A2D5669-ED71-4F2B-BA85-2D36BAA05141}.AppStore|iPhone.Deploy.0 = Release|x64
		{3A2D5669-ED71-4F2B-BA85-2D36BAA05141}.AppStore|iPhoneSimulator.ActiveCfg = Release|x64
		{3A2D5669-ED71-4F2B-BA85-2D36BAA05141}.AppStore|iPhoneSimulator.Build.0 = Release|x64
		{3A2D5669-ED71-4F2B-BA85-2D36BAA05141}.AppStore|iPhoneSimulator.Deploy.0 = Release|x64
		{3A2D5669-ED71-4F2B-BA85-2D36BAA05141}.AppStore|x64.ActiveCfg = Release|x64
		{3A2D5669-ED71-4F2B-BA85-2D36BAA05141}.AppStore|x64.Build.0 = Release|x64
		{3A2D5669-ED71-4F2B-BA85-2D36BAA05141}.AppStore|x64.Deploy.0 = Release|x64
		{3A2D5669-ED71-4F2B-BA85-2D36BAA05141}.AppStore|x86.ActiveCfg = Release|x86
		{3A2D5669-ED71-4F2B-BA85-2D36BAA05141}.AppStore|x86.Build.0 = Release|x86
		{3A2D5669-ED71-4F2B-BA85-2D36BAA05141}.AppStore|x86.Deploy.0 = Release|x86
		{3A2D5669-ED71-4F2B-BA85-2D36BAA05141}.Debug|Any CPU.ActiveCfg = Debug|x86
		{3A2D5669-ED71-4F2B-BA85-2D36BAA05141}.Debug|ARM.ActiveCfg = Debug|ARM
		{3A2D5669-ED71-4F2B-BA85-2D36BAA05141}.Debug|ARM.Build.0 = Debug|ARM
		{3A2D5669-ED71-4F2B-BA85-2D36BAA05141}.Debug|ARM.Deploy.0 = Debug|ARM
		{3A2D5669-ED71-4F2B-BA85-2D36BAA05141}.Debug|iPhone.ActiveCfg = Debug|x86
		{3A2D5669-ED71-4F2B-BA85-2D36BAA05141}.Debug|iPhoneSimulator.ActiveCfg = Debug|x86
		{3A2D5669-ED71-4F2B-BA85-2D36BAA05141}.Debug|x64.ActiveCfg = Debug|x64
		{3A2D5669-ED71-4F2B-BA85-2D36BAA05141}.Debug|x64.Build.0 = Debug|x64
		{3A2D5669-ED71-4F2B-BA85-2D36BAA05141}.Debug|x64.Deploy.0 = Debug|x64
		{3A2D5669-ED71-4F2B-BA85-2D36BAA05141}.Debug|x86.ActiveCfg = Debug|x86
		{3A2D5669-ED71-4F2B-BA85-2D36BAA05141}.Debug|x86.Build.0 = Debug|x86
		{3A2D5669-ED71-4F2B-BA85-2D36BAA05141}.Debug|x86.Deploy.0 = Debug|x86
		{3A2D5669-ED71-4F2B-BA85-2D36BAA05141}.Release|Any CPU.ActiveCfg = Release|x86
		{3A2D5669-ED71-4F2B-BA85-2D36BAA05141}.Release|ARM.ActiveCfg = Release|ARM
		{3A2D5669-ED71-4F2B-BA85-2D36BAA05141}.Release|ARM.Build.0 = Release|ARM
		{3A2D5669-ED71-4F2B-BA85-2D36BAA05141}.Release|ARM.Deploy.0 = Release|ARM
		{3A2D5669-ED71-4F2B-BA85-2D36BAA05141}.Release|iPhone.ActiveCfg = Release|x86
		{3A2D5669-ED71-4F2B-BA85-2D36BAA05141}.Release|iPhoneSimulator.ActiveCfg = Release|x86
		{3A2D5669-ED71-4F2B-BA85-2D36BAA05141}.Release|x64.ActiveCfg = Release|x64
		{3A2D5669-ED71-4F2B-BA85-2D36BAA05141}.Release|x64.Build.0 = Release|x64
		{3A2D5669-ED71-4F2B-BA85-2D36BAA05141}.Release|x64.Deploy.0 = Release|x64
		{3A2D5669-ED71-4F2B-BA85-2D36BAA05141}.Release|x86.ActiveCfg = Release|x86
		{3A2D5669-ED71-4F2B-BA85-2D36BAA05141}.Release|x86.Build.0 = Release|x86
		{3A2D5669-ED71-4F2B-BA85-2D36BAA05141}.Release|x86.Deploy.0 = Release|x86
	EndGlobalSection
	GlobalSection(SolutionProperties) = preSolution
		HideSolutionNode = FALSE
	EndGlobalSection
	GlobalSection(NestedProjects) = preSolution
		{04B18ED2-B76D-4947-8474-191F8FD2B5E0} = {EC730FD9-F623-4B6C-B503-95CDCFBCF277}
		{1F78403F-9A28-405B-9289-B9DBEB55F074} = {EC730FD9-F623-4B6C-B503-95CDCFBCF277}
		{B490C5DA-639E-4994-ABD2-54222B8A348E} = {EC730FD9-F623-4B6C-B503-95CDCFBCF277}
		{A300DCE1-8D10-4267-B96A-CB01AEB7C220} = {0D790714-ECF8-4A83-BE4A-E9C84DD1BB5D}
		{32F5A2D6-F54D-4DA1-AE26-0A980D48F422} = {EC730FD9-F623-4B6C-B503-95CDCFBCF277}
		{B2538ADA-B605-4D6F-ACD2-62A409680F84} = {EC730FD9-F623-4B6C-B503-95CDCFBCF277}
		{6702027A-F726-4149-863E-7CB924674B9A} = {0D790714-ECF8-4A83-BE4A-E9C84DD1BB5D}
		{FA507A17-D4E3-46DF-ACD8-D7E6D7D4E3AE} = {0D790714-ECF8-4A83-BE4A-E9C84DD1BB5D}
		{2E399654-26A2-46F6-B9CA-1B496A3F370A} = {92470CBD-9047-4C3C-8EA3-D972D6622D84}
		{428CACAB-CC26-4F41-9062-1E4A9BC82640} = {2E399654-26A2-46F6-B9CA-1B496A3F370A}
		{3A2D5669-ED71-4F2B-BA85-2D36BAA05141} = {EC730FD9-F623-4B6C-B503-95CDCFBCF277}
		{0BE54BBB-7772-4289-BD51-1FDBB0CC2446} = {EC730FD9-F623-4B6C-B503-95CDCFBCF277}
	EndGlobalSection
	GlobalSection(ExtensibilityGlobals) = postSolution
		SolutionGuid = {318CB2DF-0118-43A3-AC83-56BADCF71CCD}
	EndGlobalSection
EndGlobal
