
Microsoft Visual Studio Solution File, Format Version 12.00
# Visual Studio Version 16
VisualStudioVersion = 16.0.29009.5
MinimumVisualStudioVersion = 10.0.40219.1
Project("{FAE04EC0-301F-11D3-BF4B-00C04F79EFBC}") = "Android", "src\Android\Android.csproj", "{304400AF-F0ED-40FA-B102-EA3C3EC43E4F}"
EndProject
Project("{9A19103F-16F7-4668-BE54-9A1E7A4F7556}") = "App", "src\App\App.csproj", "{EE44C6A1-2A85-45FE-8D9B-BF1D5F88809C}"
EndProject
Project("{9A19103F-16F7-4668-BE54-9A1E7A4F7556}") = "Core", "src\Core\Core.csproj", "{4B8A8C41-9820-4341-974C-41E65B7F4366}"
EndProject
Project("{9A19103F-16F7-4668-BE54-9A1E7A4F7556}") = "Playground", "test\Playground\Playground.csproj", "{9C8DA5A8-904D-466F-B9B0-1A4AB5A9AFC3}"
EndProject
Project("{2150E333-8FDC-42A3-9474-1A3956D46DE8}") = "src", "src", "{D10CA4A9-F866-40E1-B658-F69051236C71}"
EndProject
Project("{2150E333-8FDC-42A3-9474-1A3956D46DE8}") = "test", "test", "{8904C536-C67D-420F-9971-51B26574C3AA}"
EndProject
Project("{2150E333-8FDC-42A3-9474-1A3956D46DE8}") = "store", "store", "{92470CBD-9047-4C3C-8EA3-D972D6622D84}"
EndProject
Project("{2150E333-8FDC-42A3-9474-1A3956D46DE8}") = "google", "google", "{2E399654-26A2-46F6-B9CA-1B496A3F370A}"
EndProject
Project("{2150E333-8FDC-42A3-9474-1A3956D46DE8}") = "Solution Items", "Solution Items", "{76690DFB-B7F4-4781-83E4-113FDC450AFE}"
	ProjectSection(SolutionItems) = preProject
		.editorconfig = .editorconfig
		.gitignore = .gitignore
		.github\workflows\build.yml = .github\workflows\build.yml
		CONTRIBUTING.md = CONTRIBUTING.md
		crowdin.yml = crowdin.yml
		README.md = README.md
		SECURITY.md = SECURITY.md
	EndProjectSection
EndProject
Project("{9A19103F-16F7-4668-BE54-9A1E7A4F7556}") = "Publisher", "store\google\Publisher\Publisher.csproj", "{256F9E44-0AF5-4D97-A2F9-DA26080C0A5D}"
EndProject
Project("{FAE04EC0-301F-11D3-BF4B-00C04F79EFBC}") = "iOS.Core", "src\iOS.Core\iOS.Core.csproj", "{E71F3053-056C-4381-9638-048ED73BDFF6}"
EndProject
Project("{FAE04EC0-301F-11D3-BF4B-00C04F79EFBC}") = "iOS", "src\iOS\iOS.csproj", "{599E0201-420A-4C3E-A7BA-5349F72E0B15}"
EndProject
Project("{FAE04EC0-301F-11D3-BF4B-00C04F79EFBC}") = "iOS.Extension", "src\iOS.Extension\iOS.Extension.csproj", "{324BE76C-38FA-4F11-8BB1-95C7B3B1B545}"
EndProject
Project("{FAE04EC0-301F-11D3-BF4B-00C04F79EFBC}") = "iOS.Autofill", "src\iOS.Autofill\iOS.Autofill.csproj", "{8A3ECD75-3EC8-4CB3-B3A2-A73A724C279A}"
EndProject
Project("{FAE04EC0-301F-11D3-BF4B-00C04F79EFBC}") = "Common", "test\Common\Common.csproj", "{4085B0A5-12A9-4993-B8B8-4ACE72E62E39}"
EndProject
Project("{FAE04EC0-301F-11D3-BF4B-00C04F79EFBC}") = "Core.Test", "test\Core.Test\Core.Test.csproj", "{8AE548D9-A567-4E97-995E-93EC7DB0FDE0}"
EndProject
Global
	GlobalSection(SolutionConfigurationPlatforms) = preSolution
		Ad-Hoc|Any CPU = Ad-Hoc|Any CPU
		Ad-Hoc|iPhone = Ad-Hoc|iPhone
		Ad-Hoc|iPhoneSimulator = Ad-Hoc|iPhoneSimulator
		AppStore|Any CPU = AppStore|Any CPU
		AppStore|iPhone = AppStore|iPhone
		AppStore|iPhoneSimulator = AppStore|iPhoneSimulator
		Debug|Any CPU = Debug|Any CPU
		Debug|iPhone = Debug|iPhone
		Debug|iPhoneSimulator = Debug|iPhoneSimulator
		FDroid|Any CPU = FDroid|Any CPU
		FDroid|iPhone = FDroid|iPhone
		FDroid|iPhoneSimulator = FDroid|iPhoneSimulator
		Release|Any CPU = Release|Any CPU
		Release|iPhone = Release|iPhone
		Release|iPhoneSimulator = Release|iPhoneSimulator
	EndGlobalSection
	GlobalSection(ProjectConfigurationPlatforms) = postSolution
		{304400AF-F0ED-40FA-B102-EA3C3EC43E4F}.Ad-Hoc|Any CPU.ActiveCfg = Release|Any CPU
		{304400AF-F0ED-40FA-B102-EA3C3EC43E4F}.Ad-Hoc|Any CPU.Build.0 = Release|Any CPU
		{304400AF-F0ED-40FA-B102-EA3C3EC43E4F}.Ad-Hoc|Any CPU.Deploy.0 = Release|Any CPU
		{304400AF-F0ED-40FA-B102-EA3C3EC43E4F}.Ad-Hoc|iPhone.ActiveCfg = Release|Any CPU
		{304400AF-F0ED-40FA-B102-EA3C3EC43E4F}.Ad-Hoc|iPhone.Build.0 = Release|Any CPU
		{304400AF-F0ED-40FA-B102-EA3C3EC43E4F}.Ad-Hoc|iPhone.Deploy.0 = Release|Any CPU
		{304400AF-F0ED-40FA-B102-EA3C3EC43E4F}.Ad-Hoc|iPhoneSimulator.ActiveCfg = Release|Any CPU
		{304400AF-F0ED-40FA-B102-EA3C3EC43E4F}.Ad-Hoc|iPhoneSimulator.Build.0 = Release|Any CPU
		{304400AF-F0ED-40FA-B102-EA3C3EC43E4F}.Ad-Hoc|iPhoneSimulator.Deploy.0 = Release|Any CPU
		{304400AF-F0ED-40FA-B102-EA3C3EC43E4F}.AppStore|Any CPU.ActiveCfg = Release|Any CPU
		{304400AF-F0ED-40FA-B102-EA3C3EC43E4F}.AppStore|Any CPU.Build.0 = Release|Any CPU
		{304400AF-F0ED-40FA-B102-EA3C3EC43E4F}.AppStore|Any CPU.Deploy.0 = Release|Any CPU
		{304400AF-F0ED-40FA-B102-EA3C3EC43E4F}.AppStore|iPhone.ActiveCfg = Release|Any CPU
		{304400AF-F0ED-40FA-B102-EA3C3EC43E4F}.AppStore|iPhone.Build.0 = Release|Any CPU
		{304400AF-F0ED-40FA-B102-EA3C3EC43E4F}.AppStore|iPhone.Deploy.0 = Release|Any CPU
		{304400AF-F0ED-40FA-B102-EA3C3EC43E4F}.AppStore|iPhoneSimulator.ActiveCfg = Release|Any CPU
		{304400AF-F0ED-40FA-B102-EA3C3EC43E4F}.AppStore|iPhoneSimulator.Build.0 = Release|Any CPU
		{304400AF-F0ED-40FA-B102-EA3C3EC43E4F}.AppStore|iPhoneSimulator.Deploy.0 = Release|Any CPU
		{304400AF-F0ED-40FA-B102-EA3C3EC43E4F}.Debug|Any CPU.ActiveCfg = Debug|Any CPU
		{304400AF-F0ED-40FA-B102-EA3C3EC43E4F}.Debug|Any CPU.Build.0 = Debug|Any CPU
		{304400AF-F0ED-40FA-B102-EA3C3EC43E4F}.Debug|Any CPU.Deploy.0 = Debug|Any CPU
		{304400AF-F0ED-40FA-B102-EA3C3EC43E4F}.Debug|iPhone.ActiveCfg = Debug|Any CPU
		{304400AF-F0ED-40FA-B102-EA3C3EC43E4F}.Debug|iPhone.Build.0 = Debug|Any CPU
		{304400AF-F0ED-40FA-B102-EA3C3EC43E4F}.Debug|iPhone.Deploy.0 = Debug|Any CPU
		{304400AF-F0ED-40FA-B102-EA3C3EC43E4F}.Debug|iPhoneSimulator.ActiveCfg = Debug|Any CPU
		{304400AF-F0ED-40FA-B102-EA3C3EC43E4F}.Debug|iPhoneSimulator.Build.0 = Debug|Any CPU
		{304400AF-F0ED-40FA-B102-EA3C3EC43E4F}.Debug|iPhoneSimulator.Deploy.0 = Debug|Any CPU
		{304400AF-F0ED-40FA-B102-EA3C3EC43E4F}.FDroid|Any CPU.ActiveCfg = FDroid|Any CPU
		{304400AF-F0ED-40FA-B102-EA3C3EC43E4F}.FDroid|Any CPU.Build.0 = FDroid|Any CPU
		{304400AF-F0ED-40FA-B102-EA3C3EC43E4F}.FDroid|Any CPU.Deploy.0 = FDroid|Any CPU
		{304400AF-F0ED-40FA-B102-EA3C3EC43E4F}.FDroid|iPhone.ActiveCfg = FDroid|Any CPU
		{304400AF-F0ED-40FA-B102-EA3C3EC43E4F}.FDroid|iPhone.Build.0 = FDroid|Any CPU
		{304400AF-F0ED-40FA-B102-EA3C3EC43E4F}.FDroid|iPhone.Deploy.0 = FDroid|Any CPU
		{304400AF-F0ED-40FA-B102-EA3C3EC43E4F}.FDroid|iPhoneSimulator.ActiveCfg = FDroid|Any CPU
		{304400AF-F0ED-40FA-B102-EA3C3EC43E4F}.FDroid|iPhoneSimulator.Build.0 = FDroid|Any CPU
		{304400AF-F0ED-40FA-B102-EA3C3EC43E4F}.FDroid|iPhoneSimulator.Deploy.0 = FDroid|Any CPU
		{304400AF-F0ED-40FA-B102-EA3C3EC43E4F}.Release|Any CPU.ActiveCfg = Release|Any CPU
		{304400AF-F0ED-40FA-B102-EA3C3EC43E4F}.Release|Any CPU.Build.0 = Release|Any CPU
		{304400AF-F0ED-40FA-B102-EA3C3EC43E4F}.Release|Any CPU.Deploy.0 = Release|Any CPU
		{304400AF-F0ED-40FA-B102-EA3C3EC43E4F}.Release|iPhone.ActiveCfg = Release|Any CPU
		{304400AF-F0ED-40FA-B102-EA3C3EC43E4F}.Release|iPhone.Build.0 = Release|Any CPU
		{304400AF-F0ED-40FA-B102-EA3C3EC43E4F}.Release|iPhone.Deploy.0 = Release|Any CPU
		{304400AF-F0ED-40FA-B102-EA3C3EC43E4F}.Release|iPhoneSimulator.ActiveCfg = Release|Any CPU
		{304400AF-F0ED-40FA-B102-EA3C3EC43E4F}.Release|iPhoneSimulator.Build.0 = Release|Any CPU
		{304400AF-F0ED-40FA-B102-EA3C3EC43E4F}.Release|iPhoneSimulator.Deploy.0 = Release|Any CPU
		{EE44C6A1-2A85-45FE-8D9B-BF1D5F88809C}.Ad-Hoc|Any CPU.ActiveCfg = Release|Any CPU
		{EE44C6A1-2A85-45FE-8D9B-BF1D5F88809C}.Ad-Hoc|Any CPU.Build.0 = Release|Any CPU
		{EE44C6A1-2A85-45FE-8D9B-BF1D5F88809C}.Ad-Hoc|Any CPU.Deploy.0 = Release|Any CPU
		{EE44C6A1-2A85-45FE-8D9B-BF1D5F88809C}.Ad-Hoc|iPhone.ActiveCfg = Release|Any CPU
		{EE44C6A1-2A85-45FE-8D9B-BF1D5F88809C}.Ad-Hoc|iPhone.Build.0 = Release|Any CPU
		{EE44C6A1-2A85-45FE-8D9B-BF1D5F88809C}.Ad-Hoc|iPhone.Deploy.0 = Release|Any CPU
		{EE44C6A1-2A85-45FE-8D9B-BF1D5F88809C}.Ad-Hoc|iPhoneSimulator.ActiveCfg = Release|Any CPU
		{EE44C6A1-2A85-45FE-8D9B-BF1D5F88809C}.Ad-Hoc|iPhoneSimulator.Build.0 = Release|Any CPU
		{EE44C6A1-2A85-45FE-8D9B-BF1D5F88809C}.Ad-Hoc|iPhoneSimulator.Deploy.0 = Release|Any CPU
		{EE44C6A1-2A85-45FE-8D9B-BF1D5F88809C}.AppStore|Any CPU.ActiveCfg = Release|Any CPU
		{EE44C6A1-2A85-45FE-8D9B-BF1D5F88809C}.AppStore|Any CPU.Build.0 = Release|Any CPU
		{EE44C6A1-2A85-45FE-8D9B-BF1D5F88809C}.AppStore|Any CPU.Deploy.0 = Release|Any CPU
		{EE44C6A1-2A85-45FE-8D9B-BF1D5F88809C}.AppStore|iPhone.ActiveCfg = Release|Any CPU
		{EE44C6A1-2A85-45FE-8D9B-BF1D5F88809C}.AppStore|iPhone.Build.0 = Release|Any CPU
		{EE44C6A1-2A85-45FE-8D9B-BF1D5F88809C}.AppStore|iPhone.Deploy.0 = Release|Any CPU
		{EE44C6A1-2A85-45FE-8D9B-BF1D5F88809C}.AppStore|iPhoneSimulator.ActiveCfg = Release|Any CPU
		{EE44C6A1-2A85-45FE-8D9B-BF1D5F88809C}.AppStore|iPhoneSimulator.Build.0 = Release|Any CPU
		{EE44C6A1-2A85-45FE-8D9B-BF1D5F88809C}.AppStore|iPhoneSimulator.Deploy.0 = Release|Any CPU
		{EE44C6A1-2A85-45FE-8D9B-BF1D5F88809C}.Debug|Any CPU.ActiveCfg = Debug|Any CPU
		{EE44C6A1-2A85-45FE-8D9B-BF1D5F88809C}.Debug|Any CPU.Build.0 = Debug|Any CPU
		{EE44C6A1-2A85-45FE-8D9B-BF1D5F88809C}.Debug|Any CPU.Deploy.0 = Debug|Any CPU
		{EE44C6A1-2A85-45FE-8D9B-BF1D5F88809C}.Debug|iPhone.ActiveCfg = Debug|Any CPU
		{EE44C6A1-2A85-45FE-8D9B-BF1D5F88809C}.Debug|iPhone.Build.0 = Debug|Any CPU
		{EE44C6A1-2A85-45FE-8D9B-BF1D5F88809C}.Debug|iPhone.Deploy.0 = Debug|Any CPU
		{EE44C6A1-2A85-45FE-8D9B-BF1D5F88809C}.Debug|iPhoneSimulator.ActiveCfg = Debug|Any CPU
		{EE44C6A1-2A85-45FE-8D9B-BF1D5F88809C}.Debug|iPhoneSimulator.Build.0 = Debug|Any CPU
		{EE44C6A1-2A85-45FE-8D9B-BF1D5F88809C}.Debug|iPhoneSimulator.Deploy.0 = Debug|Any CPU
		{EE44C6A1-2A85-45FE-8D9B-BF1D5F88809C}.FDroid|Any CPU.ActiveCfg = FDroid|Any CPU
		{EE44C6A1-2A85-45FE-8D9B-BF1D5F88809C}.FDroid|Any CPU.Build.0 = FDroid|Any CPU
		{EE44C6A1-2A85-45FE-8D9B-BF1D5F88809C}.FDroid|iPhone.ActiveCfg = FDroid|Any CPU
		{EE44C6A1-2A85-45FE-8D9B-BF1D5F88809C}.FDroid|iPhone.Build.0 = FDroid|Any CPU
		{EE44C6A1-2A85-45FE-8D9B-BF1D5F88809C}.FDroid|iPhoneSimulator.ActiveCfg = FDroid|Any CPU
		{EE44C6A1-2A85-45FE-8D9B-BF1D5F88809C}.FDroid|iPhoneSimulator.Build.0 = FDroid|Any CPU
		{EE44C6A1-2A85-45FE-8D9B-BF1D5F88809C}.Release|Any CPU.ActiveCfg = Release|Any CPU
		{EE44C6A1-2A85-45FE-8D9B-BF1D5F88809C}.Release|Any CPU.Build.0 = Release|Any CPU
		{EE44C6A1-2A85-45FE-8D9B-BF1D5F88809C}.Release|Any CPU.Deploy.0 = Release|Any CPU
		{EE44C6A1-2A85-45FE-8D9B-BF1D5F88809C}.Release|iPhone.ActiveCfg = Release|Any CPU
		{EE44C6A1-2A85-45FE-8D9B-BF1D5F88809C}.Release|iPhone.Build.0 = Release|Any CPU
		{EE44C6A1-2A85-45FE-8D9B-BF1D5F88809C}.Release|iPhone.Deploy.0 = Release|Any CPU
		{EE44C6A1-2A85-45FE-8D9B-BF1D5F88809C}.Release|iPhoneSimulator.ActiveCfg = Release|Any CPU
		{EE44C6A1-2A85-45FE-8D9B-BF1D5F88809C}.Release|iPhoneSimulator.Build.0 = Release|Any CPU
		{EE44C6A1-2A85-45FE-8D9B-BF1D5F88809C}.Release|iPhoneSimulator.Deploy.0 = Release|Any CPU
		{4B8A8C41-9820-4341-974C-41E65B7F4366}.Ad-Hoc|Any CPU.ActiveCfg = Release|Any CPU
		{4B8A8C41-9820-4341-974C-41E65B7F4366}.Ad-Hoc|Any CPU.Build.0 = Release|Any CPU
		{4B8A8C41-9820-4341-974C-41E65B7F4366}.Ad-Hoc|iPhone.ActiveCfg = Release|Any CPU
		{4B8A8C41-9820-4341-974C-41E65B7F4366}.Ad-Hoc|iPhone.Build.0 = Release|Any CPU
		{4B8A8C41-9820-4341-974C-41E65B7F4366}.Ad-Hoc|iPhoneSimulator.ActiveCfg = Release|Any CPU
		{4B8A8C41-9820-4341-974C-41E65B7F4366}.Ad-Hoc|iPhoneSimulator.Build.0 = Release|Any CPU
		{4B8A8C41-9820-4341-974C-41E65B7F4366}.AppStore|Any CPU.ActiveCfg = Release|Any CPU
		{4B8A8C41-9820-4341-974C-41E65B7F4366}.AppStore|Any CPU.Build.0 = Release|Any CPU
		{4B8A8C41-9820-4341-974C-41E65B7F4366}.AppStore|iPhone.ActiveCfg = Release|Any CPU
		{4B8A8C41-9820-4341-974C-41E65B7F4366}.AppStore|iPhone.Build.0 = Release|Any CPU
		{4B8A8C41-9820-4341-974C-41E65B7F4366}.AppStore|iPhoneSimulator.ActiveCfg = Release|Any CPU
		{4B8A8C41-9820-4341-974C-41E65B7F4366}.AppStore|iPhoneSimulator.Build.0 = Release|Any CPU
		{4B8A8C41-9820-4341-974C-41E65B7F4366}.Debug|Any CPU.ActiveCfg = Debug|Any CPU
		{4B8A8C41-9820-4341-974C-41E65B7F4366}.Debug|Any CPU.Build.0 = Debug|Any CPU
		{4B8A8C41-9820-4341-974C-41E65B7F4366}.Debug|iPhone.ActiveCfg = Debug|Any CPU
		{4B8A8C41-9820-4341-974C-41E65B7F4366}.Debug|iPhone.Build.0 = Debug|Any CPU
		{4B8A8C41-9820-4341-974C-41E65B7F4366}.Debug|iPhoneSimulator.ActiveCfg = Debug|Any CPU
		{4B8A8C41-9820-4341-974C-41E65B7F4366}.Debug|iPhoneSimulator.Build.0 = Debug|Any CPU
		{4B8A8C41-9820-4341-974C-41E65B7F4366}.FDroid|Any CPU.ActiveCfg = FDroid|Any CPU
		{4B8A8C41-9820-4341-974C-41E65B7F4366}.FDroid|Any CPU.Build.0 = FDroid|Any CPU
		{4B8A8C41-9820-4341-974C-41E65B7F4366}.FDroid|iPhone.ActiveCfg = FDroid|Any CPU
		{4B8A8C41-9820-4341-974C-41E65B7F4366}.FDroid|iPhone.Build.0 = FDroid|Any CPU
		{4B8A8C41-9820-4341-974C-41E65B7F4366}.FDroid|iPhoneSimulator.ActiveCfg = FDroid|Any CPU
		{4B8A8C41-9820-4341-974C-41E65B7F4366}.FDroid|iPhoneSimulator.Build.0 = FDroid|Any CPU
		{4B8A8C41-9820-4341-974C-41E65B7F4366}.Release|Any CPU.ActiveCfg = Release|Any CPU
		{4B8A8C41-9820-4341-974C-41E65B7F4366}.Release|Any CPU.Build.0 = Release|Any CPU
		{4B8A8C41-9820-4341-974C-41E65B7F4366}.Release|iPhone.ActiveCfg = Release|Any CPU
		{4B8A8C41-9820-4341-974C-41E65B7F4366}.Release|iPhone.Build.0 = Release|Any CPU
		{4B8A8C41-9820-4341-974C-41E65B7F4366}.Release|iPhoneSimulator.ActiveCfg = Release|Any CPU
		{4B8A8C41-9820-4341-974C-41E65B7F4366}.Release|iPhoneSimulator.Build.0 = Release|Any CPU
		{9C8DA5A8-904D-466F-B9B0-1A4AB5A9AFC3}.Ad-Hoc|Any CPU.ActiveCfg = Debug|Any CPU
		{9C8DA5A8-904D-466F-B9B0-1A4AB5A9AFC3}.Ad-Hoc|Any CPU.Build.0 = Debug|Any CPU
		{9C8DA5A8-904D-466F-B9B0-1A4AB5A9AFC3}.Ad-Hoc|iPhone.ActiveCfg = Debug|Any CPU
		{9C8DA5A8-904D-466F-B9B0-1A4AB5A9AFC3}.Ad-Hoc|iPhone.Build.0 = Debug|Any CPU
		{9C8DA5A8-904D-466F-B9B0-1A4AB5A9AFC3}.Ad-Hoc|iPhoneSimulator.ActiveCfg = Debug|Any CPU
		{9C8DA5A8-904D-466F-B9B0-1A4AB5A9AFC3}.Ad-Hoc|iPhoneSimulator.Build.0 = Debug|Any CPU
		{9C8DA5A8-904D-466F-B9B0-1A4AB5A9AFC3}.AppStore|Any CPU.ActiveCfg = Debug|Any CPU
		{9C8DA5A8-904D-466F-B9B0-1A4AB5A9AFC3}.AppStore|Any CPU.Build.0 = Debug|Any CPU
		{9C8DA5A8-904D-466F-B9B0-1A4AB5A9AFC3}.AppStore|iPhone.ActiveCfg = Debug|Any CPU
		{9C8DA5A8-904D-466F-B9B0-1A4AB5A9AFC3}.AppStore|iPhone.Build.0 = Debug|Any CPU
		{9C8DA5A8-904D-466F-B9B0-1A4AB5A9AFC3}.AppStore|iPhoneSimulator.ActiveCfg = Debug|Any CPU
		{9C8DA5A8-904D-466F-B9B0-1A4AB5A9AFC3}.AppStore|iPhoneSimulator.Build.0 = Debug|Any CPU
		{9C8DA5A8-904D-466F-B9B0-1A4AB5A9AFC3}.Debug|Any CPU.ActiveCfg = Debug|Any CPU
		{9C8DA5A8-904D-466F-B9B0-1A4AB5A9AFC3}.Debug|Any CPU.Build.0 = Debug|Any CPU
		{9C8DA5A8-904D-466F-B9B0-1A4AB5A9AFC3}.Debug|iPhone.ActiveCfg = Debug|Any CPU
		{9C8DA5A8-904D-466F-B9B0-1A4AB5A9AFC3}.Debug|iPhone.Build.0 = Debug|Any CPU
		{9C8DA5A8-904D-466F-B9B0-1A4AB5A9AFC3}.Debug|iPhoneSimulator.ActiveCfg = Debug|Any CPU
		{9C8DA5A8-904D-466F-B9B0-1A4AB5A9AFC3}.Debug|iPhoneSimulator.Build.0 = Debug|Any CPU
		{9C8DA5A8-904D-466F-B9B0-1A4AB5A9AFC3}.FDroid|Any CPU.ActiveCfg = FDroid|Any CPU
		{9C8DA5A8-904D-466F-B9B0-1A4AB5A9AFC3}.FDroid|Any CPU.Build.0 = FDroid|Any CPU
		{9C8DA5A8-904D-466F-B9B0-1A4AB5A9AFC3}.FDroid|iPhone.ActiveCfg = FDroid|Any CPU
		{9C8DA5A8-904D-466F-B9B0-1A4AB5A9AFC3}.FDroid|iPhone.Build.0 = FDroid|Any CPU
		{9C8DA5A8-904D-466F-B9B0-1A4AB5A9AFC3}.FDroid|iPhoneSimulator.ActiveCfg = FDroid|Any CPU
		{9C8DA5A8-904D-466F-B9B0-1A4AB5A9AFC3}.FDroid|iPhoneSimulator.Build.0 = FDroid|Any CPU
		{9C8DA5A8-904D-466F-B9B0-1A4AB5A9AFC3}.Release|Any CPU.ActiveCfg = Release|Any CPU
		{9C8DA5A8-904D-466F-B9B0-1A4AB5A9AFC3}.Release|Any CPU.Build.0 = Release|Any CPU
		{9C8DA5A8-904D-466F-B9B0-1A4AB5A9AFC3}.Release|iPhone.ActiveCfg = Release|Any CPU
		{9C8DA5A8-904D-466F-B9B0-1A4AB5A9AFC3}.Release|iPhone.Build.0 = Release|Any CPU
		{9C8DA5A8-904D-466F-B9B0-1A4AB5A9AFC3}.Release|iPhoneSimulator.ActiveCfg = Release|Any CPU
		{9C8DA5A8-904D-466F-B9B0-1A4AB5A9AFC3}.Release|iPhoneSimulator.Build.0 = Release|Any CPU
		{256F9E44-0AF5-4D97-A2F9-DA26080C0A5D}.Ad-Hoc|Any CPU.ActiveCfg = Debug|Any CPU
		{256F9E44-0AF5-4D97-A2F9-DA26080C0A5D}.Ad-Hoc|Any CPU.Build.0 = Debug|Any CPU
		{256F9E44-0AF5-4D97-A2F9-DA26080C0A5D}.Ad-Hoc|iPhone.ActiveCfg = Debug|Any CPU
		{256F9E44-0AF5-4D97-A2F9-DA26080C0A5D}.Ad-Hoc|iPhone.Build.0 = Debug|Any CPU
		{256F9E44-0AF5-4D97-A2F9-DA26080C0A5D}.Ad-Hoc|iPhoneSimulator.ActiveCfg = Debug|Any CPU
		{256F9E44-0AF5-4D97-A2F9-DA26080C0A5D}.Ad-Hoc|iPhoneSimulator.Build.0 = Debug|Any CPU
		{256F9E44-0AF5-4D97-A2F9-DA26080C0A5D}.AppStore|Any CPU.ActiveCfg = Debug|Any CPU
		{256F9E44-0AF5-4D97-A2F9-DA26080C0A5D}.AppStore|Any CPU.Build.0 = Debug|Any CPU
		{256F9E44-0AF5-4D97-A2F9-DA26080C0A5D}.AppStore|iPhone.ActiveCfg = Debug|Any CPU
		{256F9E44-0AF5-4D97-A2F9-DA26080C0A5D}.AppStore|iPhone.Build.0 = Debug|Any CPU
		{256F9E44-0AF5-4D97-A2F9-DA26080C0A5D}.AppStore|iPhoneSimulator.ActiveCfg = Debug|Any CPU
		{256F9E44-0AF5-4D97-A2F9-DA26080C0A5D}.AppStore|iPhoneSimulator.Build.0 = Debug|Any CPU
		{256F9E44-0AF5-4D97-A2F9-DA26080C0A5D}.Debug|Any CPU.ActiveCfg = Debug|Any CPU
		{256F9E44-0AF5-4D97-A2F9-DA26080C0A5D}.Debug|Any CPU.Build.0 = Debug|Any CPU
		{256F9E44-0AF5-4D97-A2F9-DA26080C0A5D}.Debug|iPhone.ActiveCfg = Debug|Any CPU
		{256F9E44-0AF5-4D97-A2F9-DA26080C0A5D}.Debug|iPhone.Build.0 = Debug|Any CPU
		{256F9E44-0AF5-4D97-A2F9-DA26080C0A5D}.Debug|iPhoneSimulator.ActiveCfg = Debug|Any CPU
		{256F9E44-0AF5-4D97-A2F9-DA26080C0A5D}.Debug|iPhoneSimulator.Build.0 = Debug|Any CPU
		{256F9E44-0AF5-4D97-A2F9-DA26080C0A5D}.FDroid|Any CPU.ActiveCfg = FDroid|Any CPU
		{256F9E44-0AF5-4D97-A2F9-DA26080C0A5D}.FDroid|Any CPU.Build.0 = FDroid|Any CPU
		{256F9E44-0AF5-4D97-A2F9-DA26080C0A5D}.FDroid|iPhone.ActiveCfg = FDroid|Any CPU
		{256F9E44-0AF5-4D97-A2F9-DA26080C0A5D}.FDroid|iPhone.Build.0 = FDroid|Any CPU
		{256F9E44-0AF5-4D97-A2F9-DA26080C0A5D}.FDroid|iPhoneSimulator.ActiveCfg = FDroid|Any CPU
		{256F9E44-0AF5-4D97-A2F9-DA26080C0A5D}.FDroid|iPhoneSimulator.Build.0 = FDroid|Any CPU
		{256F9E44-0AF5-4D97-A2F9-DA26080C0A5D}.Release|Any CPU.ActiveCfg = Release|Any CPU
		{256F9E44-0AF5-4D97-A2F9-DA26080C0A5D}.Release|Any CPU.Build.0 = Release|Any CPU
		{256F9E44-0AF5-4D97-A2F9-DA26080C0A5D}.Release|iPhone.ActiveCfg = Release|Any CPU
		{256F9E44-0AF5-4D97-A2F9-DA26080C0A5D}.Release|iPhone.Build.0 = Release|Any CPU
		{256F9E44-0AF5-4D97-A2F9-DA26080C0A5D}.Release|iPhoneSimulator.ActiveCfg = Release|Any CPU
		{256F9E44-0AF5-4D97-A2F9-DA26080C0A5D}.Release|iPhoneSimulator.Build.0 = Release|Any CPU
		{E71F3053-056C-4381-9638-048ED73BDFF6}.Ad-Hoc|Any CPU.ActiveCfg = Ad-Hoc|Any CPU
		{E71F3053-056C-4381-9638-048ED73BDFF6}.Ad-Hoc|Any CPU.Build.0 = Ad-Hoc|Any CPU
		{E71F3053-056C-4381-9638-048ED73BDFF6}.Ad-Hoc|iPhone.ActiveCfg = Ad-Hoc|iPhone
		{E71F3053-056C-4381-9638-048ED73BDFF6}.Ad-Hoc|iPhone.Build.0 = Ad-Hoc|iPhone
		{E71F3053-056C-4381-9638-048ED73BDFF6}.Ad-Hoc|iPhoneSimulator.ActiveCfg = Ad-Hoc|iPhoneSimulator
		{E71F3053-056C-4381-9638-048ED73BDFF6}.Ad-Hoc|iPhoneSimulator.Build.0 = Ad-Hoc|iPhoneSimulator
		{E71F3053-056C-4381-9638-048ED73BDFF6}.AppStore|Any CPU.ActiveCfg = AppStore|Any CPU
		{E71F3053-056C-4381-9638-048ED73BDFF6}.AppStore|Any CPU.Build.0 = AppStore|Any CPU
		{E71F3053-056C-4381-9638-048ED73BDFF6}.AppStore|iPhone.ActiveCfg = AppStore|iPhone
		{E71F3053-056C-4381-9638-048ED73BDFF6}.AppStore|iPhone.Build.0 = AppStore|iPhone
		{E71F3053-056C-4381-9638-048ED73BDFF6}.AppStore|iPhoneSimulator.ActiveCfg = AppStore|iPhoneSimulator
		{E71F3053-056C-4381-9638-048ED73BDFF6}.AppStore|iPhoneSimulator.Build.0 = AppStore|iPhoneSimulator
		{E71F3053-056C-4381-9638-048ED73BDFF6}.Debug|Any CPU.ActiveCfg = Debug|Any CPU
		{E71F3053-056C-4381-9638-048ED73BDFF6}.Debug|Any CPU.Build.0 = Debug|Any CPU
		{E71F3053-056C-4381-9638-048ED73BDFF6}.Debug|iPhone.ActiveCfg = Debug|iPhone
		{E71F3053-056C-4381-9638-048ED73BDFF6}.Debug|iPhone.Build.0 = Debug|iPhone
		{E71F3053-056C-4381-9638-048ED73BDFF6}.Debug|iPhoneSimulator.ActiveCfg = Debug|iPhoneSimulator
		{E71F3053-056C-4381-9638-048ED73BDFF6}.Debug|iPhoneSimulator.Build.0 = Debug|iPhoneSimulator
		{E71F3053-056C-4381-9638-048ED73BDFF6}.FDroid|Any CPU.ActiveCfg = FDroid|Any CPU
		{E71F3053-056C-4381-9638-048ED73BDFF6}.FDroid|Any CPU.Build.0 = FDroid|Any CPU
		{E71F3053-056C-4381-9638-048ED73BDFF6}.FDroid|iPhone.ActiveCfg = FDroid|Any CPU
		{E71F3053-056C-4381-9638-048ED73BDFF6}.FDroid|iPhone.Build.0 = FDroid|Any CPU
		{E71F3053-056C-4381-9638-048ED73BDFF6}.FDroid|iPhoneSimulator.ActiveCfg = FDroid|Any CPU
		{E71F3053-056C-4381-9638-048ED73BDFF6}.FDroid|iPhoneSimulator.Build.0 = FDroid|Any CPU
		{E71F3053-056C-4381-9638-048ED73BDFF6}.Release|Any CPU.ActiveCfg = Release|Any CPU
		{E71F3053-056C-4381-9638-048ED73BDFF6}.Release|Any CPU.Build.0 = Release|Any CPU
		{E71F3053-056C-4381-9638-048ED73BDFF6}.Release|iPhone.ActiveCfg = Release|Any CPU
		{E71F3053-056C-4381-9638-048ED73BDFF6}.Release|iPhone.Build.0 = Release|Any CPU
		{E71F3053-056C-4381-9638-048ED73BDFF6}.Release|iPhoneSimulator.ActiveCfg = Release|Any CPU
		{E71F3053-056C-4381-9638-048ED73BDFF6}.Release|iPhoneSimulator.Build.0 = Release|Any CPU
		{599E0201-420A-4C3E-A7BA-5349F72E0B15}.Ad-Hoc|Any CPU.ActiveCfg = Ad-Hoc|iPhone
		{599E0201-420A-4C3E-A7BA-5349F72E0B15}.Ad-Hoc|iPhone.ActiveCfg = Ad-Hoc|iPhone
		{599E0201-420A-4C3E-A7BA-5349F72E0B15}.Ad-Hoc|iPhone.Build.0 = Ad-Hoc|iPhone
		{599E0201-420A-4C3E-A7BA-5349F72E0B15}.Ad-Hoc|iPhoneSimulator.ActiveCfg = Ad-Hoc|iPhoneSimulator
		{599E0201-420A-4C3E-A7BA-5349F72E0B15}.Ad-Hoc|iPhoneSimulator.Build.0 = Ad-Hoc|iPhoneSimulator
		{599E0201-420A-4C3E-A7BA-5349F72E0B15}.AppStore|Any CPU.ActiveCfg = AppStore|iPhone
		{599E0201-420A-4C3E-A7BA-5349F72E0B15}.AppStore|iPhone.ActiveCfg = AppStore|iPhone
		{599E0201-420A-4C3E-A7BA-5349F72E0B15}.AppStore|iPhone.Build.0 = AppStore|iPhone
		{599E0201-420A-4C3E-A7BA-5349F72E0B15}.AppStore|iPhoneSimulator.ActiveCfg = AppStore|iPhoneSimulator
		{599E0201-420A-4C3E-A7BA-5349F72E0B15}.AppStore|iPhoneSimulator.Build.0 = AppStore|iPhoneSimulator
		{599E0201-420A-4C3E-A7BA-5349F72E0B15}.Debug|Any CPU.ActiveCfg = Debug|iPhone
		{599E0201-420A-4C3E-A7BA-5349F72E0B15}.Debug|iPhone.ActiveCfg = Debug|iPhone
		{599E0201-420A-4C3E-A7BA-5349F72E0B15}.Debug|iPhone.Build.0 = Debug|iPhone
		{599E0201-420A-4C3E-A7BA-5349F72E0B15}.Debug|iPhone.Deploy.0 = Debug|iPhone
		{599E0201-420A-4C3E-A7BA-5349F72E0B15}.Debug|iPhoneSimulator.ActiveCfg = Debug|iPhoneSimulator
		{599E0201-420A-4C3E-A7BA-5349F72E0B15}.Debug|iPhoneSimulator.Build.0 = Debug|iPhoneSimulator
		{599E0201-420A-4C3E-A7BA-5349F72E0B15}.FDroid|Any CPU.ActiveCfg = FDroid|iPhone
		{599E0201-420A-4C3E-A7BA-5349F72E0B15}.FDroid|iPhone.ActiveCfg = FDroid|iPhone
		{599E0201-420A-4C3E-A7BA-5349F72E0B15}.FDroid|iPhone.Build.0 = FDroid|iPhone
		{599E0201-420A-4C3E-A7BA-5349F72E0B15}.FDroid|iPhoneSimulator.ActiveCfg = FDroid|iPhoneSimulator
		{599E0201-420A-4C3E-A7BA-5349F72E0B15}.FDroid|iPhoneSimulator.Build.0 = FDroid|iPhoneSimulator
		{599E0201-420A-4C3E-A7BA-5349F72E0B15}.Release|Any CPU.ActiveCfg = Release|iPhone
		{599E0201-420A-4C3E-A7BA-5349F72E0B15}.Release|iPhone.ActiveCfg = Release|iPhone
		{599E0201-420A-4C3E-A7BA-5349F72E0B15}.Release|iPhone.Build.0 = Release|iPhone
		{599E0201-420A-4C3E-A7BA-5349F72E0B15}.Release|iPhoneSimulator.ActiveCfg = Release|iPhoneSimulator
		{599E0201-420A-4C3E-A7BA-5349F72E0B15}.Release|iPhoneSimulator.Build.0 = Release|iPhoneSimulator
		{324BE76C-38FA-4F11-8BB1-95C7B3B1B545}.Ad-Hoc|Any CPU.ActiveCfg = Ad-Hoc|iPhone
		{324BE76C-38FA-4F11-8BB1-95C7B3B1B545}.Ad-Hoc|Any CPU.Build.0 = Ad-Hoc|iPhone
		{324BE76C-38FA-4F11-8BB1-95C7B3B1B545}.Ad-Hoc|iPhone.ActiveCfg = Ad-Hoc|iPhone
		{324BE76C-38FA-4F11-8BB1-95C7B3B1B545}.Ad-Hoc|iPhone.Build.0 = Ad-Hoc|iPhone
		{324BE76C-38FA-4F11-8BB1-95C7B3B1B545}.Ad-Hoc|iPhoneSimulator.ActiveCfg = Ad-Hoc|iPhoneSimulator
		{324BE76C-38FA-4F11-8BB1-95C7B3B1B545}.Ad-Hoc|iPhoneSimulator.Build.0 = Ad-Hoc|iPhoneSimulator
		{324BE76C-38FA-4F11-8BB1-95C7B3B1B545}.AppStore|Any CPU.ActiveCfg = AppStore|iPhone
		{324BE76C-38FA-4F11-8BB1-95C7B3B1B545}.AppStore|Any CPU.Build.0 = AppStore|iPhone
		{324BE76C-38FA-4F11-8BB1-95C7B3B1B545}.AppStore|iPhone.ActiveCfg = AppStore|iPhone
		{324BE76C-38FA-4F11-8BB1-95C7B3B1B545}.AppStore|iPhone.Build.0 = AppStore|iPhone
		{324BE76C-38FA-4F11-8BB1-95C7B3B1B545}.AppStore|iPhoneSimulator.ActiveCfg = AppStore|iPhoneSimulator
		{324BE76C-38FA-4F11-8BB1-95C7B3B1B545}.AppStore|iPhoneSimulator.Build.0 = AppStore|iPhoneSimulator
		{324BE76C-38FA-4F11-8BB1-95C7B3B1B545}.Debug|Any CPU.ActiveCfg = Debug|iPhone
		{324BE76C-38FA-4F11-8BB1-95C7B3B1B545}.Debug|iPhone.ActiveCfg = Debug|iPhone
		{324BE76C-38FA-4F11-8BB1-95C7B3B1B545}.Debug|iPhone.Build.0 = Debug|iPhone
		{324BE76C-38FA-4F11-8BB1-95C7B3B1B545}.Debug|iPhone.Deploy.0 = Debug|iPhone
		{324BE76C-38FA-4F11-8BB1-95C7B3B1B545}.Debug|iPhoneSimulator.ActiveCfg = Debug|iPhoneSimulator
		{324BE76C-38FA-4F11-8BB1-95C7B3B1B545}.Debug|iPhoneSimulator.Build.0 = Debug|iPhoneSimulator
		{324BE76C-38FA-4F11-8BB1-95C7B3B1B545}.FDroid|Any CPU.ActiveCfg = Release|iPhone
		{324BE76C-38FA-4F11-8BB1-95C7B3B1B545}.FDroid|Any CPU.Build.0 = Release|iPhone
		{324BE76C-38FA-4F11-8BB1-95C7B3B1B545}.FDroid|iPhone.ActiveCfg = Release|iPhone
		{324BE76C-38FA-4F11-8BB1-95C7B3B1B545}.FDroid|iPhone.Build.0 = Release|iPhone
		{324BE76C-38FA-4F11-8BB1-95C7B3B1B545}.FDroid|iPhoneSimulator.ActiveCfg = Release|iPhoneSimulator
		{324BE76C-38FA-4F11-8BB1-95C7B3B1B545}.FDroid|iPhoneSimulator.Build.0 = Release|iPhoneSimulator
		{324BE76C-38FA-4F11-8BB1-95C7B3B1B545}.Release|Any CPU.ActiveCfg = Release|iPhone
		{324BE76C-38FA-4F11-8BB1-95C7B3B1B545}.Release|iPhone.ActiveCfg = Release|iPhone
		{324BE76C-38FA-4F11-8BB1-95C7B3B1B545}.Release|iPhone.Build.0 = Release|iPhone
		{324BE76C-38FA-4F11-8BB1-95C7B3B1B545}.Release|iPhoneSimulator.ActiveCfg = Release|iPhoneSimulator
		{324BE76C-38FA-4F11-8BB1-95C7B3B1B545}.Release|iPhoneSimulator.Build.0 = Release|iPhoneSimulator
		{8A3ECD75-3EC8-4CB3-B3A2-A73A724C279A}.Ad-Hoc|Any CPU.ActiveCfg = Ad-Hoc|iPhone
		{8A3ECD75-3EC8-4CB3-B3A2-A73A724C279A}.Ad-Hoc|Any CPU.Build.0 = Ad-Hoc|iPhone
		{8A3ECD75-3EC8-4CB3-B3A2-A73A724C279A}.Ad-Hoc|iPhone.ActiveCfg = Ad-Hoc|iPhone
		{8A3ECD75-3EC8-4CB3-B3A2-A73A724C279A}.Ad-Hoc|iPhone.Build.0 = Ad-Hoc|iPhone
		{8A3ECD75-3EC8-4CB3-B3A2-A73A724C279A}.Ad-Hoc|iPhoneSimulator.ActiveCfg = Ad-Hoc|iPhoneSimulator
		{8A3ECD75-3EC8-4CB3-B3A2-A73A724C279A}.Ad-Hoc|iPhoneSimulator.Build.0 = Ad-Hoc|iPhoneSimulator
		{8A3ECD75-3EC8-4CB3-B3A2-A73A724C279A}.AppStore|Any CPU.ActiveCfg = AppStore|iPhone
		{8A3ECD75-3EC8-4CB3-B3A2-A73A724C279A}.AppStore|Any CPU.Build.0 = AppStore|iPhone
		{8A3ECD75-3EC8-4CB3-B3A2-A73A724C279A}.AppStore|iPhone.ActiveCfg = AppStore|iPhone
		{8A3ECD75-3EC8-4CB3-B3A2-A73A724C279A}.AppStore|iPhone.Build.0 = AppStore|iPhone
		{8A3ECD75-3EC8-4CB3-B3A2-A73A724C279A}.AppStore|iPhoneSimulator.ActiveCfg = AppStore|iPhoneSimulator
		{8A3ECD75-3EC8-4CB3-B3A2-A73A724C279A}.AppStore|iPhoneSimulator.Build.0 = AppStore|iPhoneSimulator
		{8A3ECD75-3EC8-4CB3-B3A2-A73A724C279A}.Debug|Any CPU.ActiveCfg = Debug|iPhone
		{8A3ECD75-3EC8-4CB3-B3A2-A73A724C279A}.Debug|iPhone.ActiveCfg = Debug|iPhone
		{8A3ECD75-3EC8-4CB3-B3A2-A73A724C279A}.Debug|iPhone.Build.0 = Debug|iPhone
		{8A3ECD75-3EC8-4CB3-B3A2-A73A724C279A}.Debug|iPhone.Deploy.0 = Debug|iPhone
		{8A3ECD75-3EC8-4CB3-B3A2-A73A724C279A}.Debug|iPhoneSimulator.ActiveCfg = Debug|iPhoneSimulator
		{8A3ECD75-3EC8-4CB3-B3A2-A73A724C279A}.Debug|iPhoneSimulator.Build.0 = Debug|iPhoneSimulator
		{8A3ECD75-3EC8-4CB3-B3A2-A73A724C279A}.FDroid|Any CPU.ActiveCfg = Release|iPhone
		{8A3ECD75-3EC8-4CB3-B3A2-A73A724C279A}.FDroid|Any CPU.Build.0 = Release|iPhone
		{8A3ECD75-3EC8-4CB3-B3A2-A73A724C279A}.FDroid|iPhone.ActiveCfg = Release|iPhone
		{8A3ECD75-3EC8-4CB3-B3A2-A73A724C279A}.FDroid|iPhone.Build.0 = Release|iPhone
		{8A3ECD75-3EC8-4CB3-B3A2-A73A724C279A}.FDroid|iPhoneSimulator.ActiveCfg = Release|iPhoneSimulator
		{8A3ECD75-3EC8-4CB3-B3A2-A73A724C279A}.FDroid|iPhoneSimulator.Build.0 = Release|iPhoneSimulator
		{8A3ECD75-3EC8-4CB3-B3A2-A73A724C279A}.Release|Any CPU.ActiveCfg = Release|iPhone
		{8A3ECD75-3EC8-4CB3-B3A2-A73A724C279A}.Release|iPhone.ActiveCfg = Release|iPhone
		{8A3ECD75-3EC8-4CB3-B3A2-A73A724C279A}.Release|iPhone.Build.0 = Release|iPhone
		{8A3ECD75-3EC8-4CB3-B3A2-A73A724C279A}.Release|iPhoneSimulator.ActiveCfg = Release|iPhoneSimulator
		{8A3ECD75-3EC8-4CB3-B3A2-A73A724C279A}.Release|iPhoneSimulator.Build.0 = Release|iPhoneSimulator
		{4085B0A5-12A9-4993-B8B8-4ACE72E62E39}.Ad-Hoc|Any CPU.ActiveCfg = Release|Any CPU
		{4085B0A5-12A9-4993-B8B8-4ACE72E62E39}.Ad-Hoc|Any CPU.Build.0 = Release|Any CPU
		{4085B0A5-12A9-4993-B8B8-4ACE72E62E39}.Ad-Hoc|iPhone.ActiveCfg = Release|Any CPU
		{4085B0A5-12A9-4993-B8B8-4ACE72E62E39}.Ad-Hoc|iPhone.Build.0 = Release|Any CPU
		{4085B0A5-12A9-4993-B8B8-4ACE72E62E39}.Ad-Hoc|iPhoneSimulator.ActiveCfg = Release|Any CPU
		{4085B0A5-12A9-4993-B8B8-4ACE72E62E39}.Ad-Hoc|iPhoneSimulator.Build.0 = Release|Any CPU
		{4085B0A5-12A9-4993-B8B8-4ACE72E62E39}.AppStore|Any CPU.ActiveCfg = Release|Any CPU
		{4085B0A5-12A9-4993-B8B8-4ACE72E62E39}.AppStore|Any CPU.Build.0 = Release|Any CPU
		{4085B0A5-12A9-4993-B8B8-4ACE72E62E39}.AppStore|iPhone.ActiveCfg = Release|Any CPU
		{4085B0A5-12A9-4993-B8B8-4ACE72E62E39}.AppStore|iPhone.Build.0 = Release|Any CPU
		{4085B0A5-12A9-4993-B8B8-4ACE72E62E39}.AppStore|iPhoneSimulator.ActiveCfg = Release|Any CPU
		{4085B0A5-12A9-4993-B8B8-4ACE72E62E39}.AppStore|iPhoneSimulator.Build.0 = Release|Any CPU
		{4085B0A5-12A9-4993-B8B8-4ACE72E62E39}.Debug|Any CPU.ActiveCfg = Debug|Any CPU
		{4085B0A5-12A9-4993-B8B8-4ACE72E62E39}.Debug|Any CPU.Build.0 = Debug|Any CPU
		{4085B0A5-12A9-4993-B8B8-4ACE72E62E39}.Debug|iPhone.ActiveCfg = Debug|Any CPU
		{4085B0A5-12A9-4993-B8B8-4ACE72E62E39}.Debug|iPhone.Build.0 = Debug|Any CPU
		{4085B0A5-12A9-4993-B8B8-4ACE72E62E39}.Debug|iPhoneSimulator.ActiveCfg = Debug|Any CPU
		{4085B0A5-12A9-4993-B8B8-4ACE72E62E39}.Debug|iPhoneSimulator.Build.0 = Debug|Any CPU
		{4085B0A5-12A9-4993-B8B8-4ACE72E62E39}.FDroid|Any CPU.ActiveCfg = Release|Any CPU
		{4085B0A5-12A9-4993-B8B8-4ACE72E62E39}.FDroid|Any CPU.Build.0 = Release|Any CPU
		{4085B0A5-12A9-4993-B8B8-4ACE72E62E39}.FDroid|iPhone.ActiveCfg = Release|Any CPU
		{4085B0A5-12A9-4993-B8B8-4ACE72E62E39}.FDroid|iPhone.Build.0 = Release|Any CPU
		{4085B0A5-12A9-4993-B8B8-4ACE72E62E39}.FDroid|iPhoneSimulator.ActiveCfg = Release|Any CPU
		{4085B0A5-12A9-4993-B8B8-4ACE72E62E39}.FDroid|iPhoneSimulator.Build.0 = Release|Any CPU
		{4085B0A5-12A9-4993-B8B8-4ACE72E62E39}.Release|Any CPU.ActiveCfg = Release|Any CPU
		{4085B0A5-12A9-4993-B8B8-4ACE72E62E39}.Release|Any CPU.Build.0 = Release|Any CPU
		{4085B0A5-12A9-4993-B8B8-4ACE72E62E39}.Release|iPhone.ActiveCfg = Release|Any CPU
		{4085B0A5-12A9-4993-B8B8-4ACE72E62E39}.Release|iPhone.Build.0 = Release|Any CPU
		{4085B0A5-12A9-4993-B8B8-4ACE72E62E39}.Release|iPhoneSimulator.ActiveCfg = Release|Any CPU
		{4085B0A5-12A9-4993-B8B8-4ACE72E62E39}.Release|iPhoneSimulator.Build.0 = Release|Any CPU
		{8AE548D9-A567-4E97-995E-93EC7DB0FDE0}.Ad-Hoc|Any CPU.ActiveCfg = Release|Any CPU
		{8AE548D9-A567-4E97-995E-93EC7DB0FDE0}.Ad-Hoc|Any CPU.Build.0 = Release|Any CPU
		{8AE548D9-A567-4E97-995E-93EC7DB0FDE0}.Ad-Hoc|iPhone.ActiveCfg = Release|Any CPU
		{8AE548D9-A567-4E97-995E-93EC7DB0FDE0}.Ad-Hoc|iPhone.Build.0 = Release|Any CPU
		{8AE548D9-A567-4E97-995E-93EC7DB0FDE0}.Ad-Hoc|iPhoneSimulator.ActiveCfg = Release|Any CPU
		{8AE548D9-A567-4E97-995E-93EC7DB0FDE0}.Ad-Hoc|iPhoneSimulator.Build.0 = Release|Any CPU
		{8AE548D9-A567-4E97-995E-93EC7DB0FDE0}.AppStore|Any CPU.ActiveCfg = Release|Any CPU
		{8AE548D9-A567-4E97-995E-93EC7DB0FDE0}.AppStore|Any CPU.Build.0 = Release|Any CPU
		{8AE548D9-A567-4E97-995E-93EC7DB0FDE0}.AppStore|iPhone.ActiveCfg = Release|Any CPU
		{8AE548D9-A567-4E97-995E-93EC7DB0FDE0}.AppStore|iPhone.Build.0 = Release|Any CPU
		{8AE548D9-A567-4E97-995E-93EC7DB0FDE0}.AppStore|iPhoneSimulator.ActiveCfg = Release|Any CPU
		{8AE548D9-A567-4E97-995E-93EC7DB0FDE0}.AppStore|iPhoneSimulator.Build.0 = Release|Any CPU
		{8AE548D9-A567-4E97-995E-93EC7DB0FDE0}.Debug|Any CPU.ActiveCfg = Debug|Any CPU
		{8AE548D9-A567-4E97-995E-93EC7DB0FDE0}.Debug|Any CPU.Build.0 = Debug|Any CPU
		{8AE548D9-A567-4E97-995E-93EC7DB0FDE0}.Debug|iPhone.ActiveCfg = Debug|Any CPU
		{8AE548D9-A567-4E97-995E-93EC7DB0FDE0}.Debug|iPhone.Build.0 = Debug|Any CPU
		{8AE548D9-A567-4E97-995E-93EC7DB0FDE0}.Debug|iPhoneSimulator.ActiveCfg = Debug|Any CPU
		{8AE548D9-A567-4E97-995E-93EC7DB0FDE0}.Debug|iPhoneSimulator.Build.0 = Debug|Any CPU
		{8AE548D9-A567-4E97-995E-93EC7DB0FDE0}.FDroid|Any CPU.ActiveCfg = Release|Any CPU
		{8AE548D9-A567-4E97-995E-93EC7DB0FDE0}.FDroid|Any CPU.Build.0 = Release|Any CPU
		{8AE548D9-A567-4E97-995E-93EC7DB0FDE0}.FDroid|iPhone.ActiveCfg = Release|Any CPU
		{8AE548D9-A567-4E97-995E-93EC7DB0FDE0}.FDroid|iPhone.Build.0 = Release|Any CPU
		{8AE548D9-A567-4E97-995E-93EC7DB0FDE0}.FDroid|iPhoneSimulator.ActiveCfg = Release|Any CPU
		{8AE548D9-A567-4E97-995E-93EC7DB0FDE0}.FDroid|iPhoneSimulator.Build.0 = Release|Any CPU
		{8AE548D9-A567-4E97-995E-93EC7DB0FDE0}.Release|Any CPU.ActiveCfg = Release|Any CPU
		{8AE548D9-A567-4E97-995E-93EC7DB0FDE0}.Release|Any CPU.Build.0 = Release|Any CPU
		{8AE548D9-A567-4E97-995E-93EC7DB0FDE0}.Release|iPhone.ActiveCfg = Release|Any CPU
		{8AE548D9-A567-4E97-995E-93EC7DB0FDE0}.Release|iPhone.Build.0 = Release|Any CPU
		{8AE548D9-A567-4E97-995E-93EC7DB0FDE0}.Release|iPhoneSimulator.ActiveCfg = Release|Any CPU
		{8AE548D9-A567-4E97-995E-93EC7DB0FDE0}.Release|iPhoneSimulator.Build.0 = Release|Any CPU
	EndGlobalSection
	GlobalSection(SolutionProperties) = preSolution
		HideSolutionNode = FALSE
	EndGlobalSection
	GlobalSection(NestedProjects) = preSolution
		{304400AF-F0ED-40FA-B102-EA3C3EC43E4F} = {D10CA4A9-F866-40E1-B658-F69051236C71}
		{EE44C6A1-2A85-45FE-8D9B-BF1D5F88809C} = {D10CA4A9-F866-40E1-B658-F69051236C71}
		{4B8A8C41-9820-4341-974C-41E65B7F4366} = {D10CA4A9-F866-40E1-B658-F69051236C71}
		{9C8DA5A8-904D-466F-B9B0-1A4AB5A9AFC3} = {8904C536-C67D-420F-9971-51B26574C3AA}
		{2E399654-26A2-46F6-B9CA-1B496A3F370A} = {92470CBD-9047-4C3C-8EA3-D972D6622D84}
		{256F9E44-0AF5-4D97-A2F9-DA26080C0A5D} = {2E399654-26A2-46F6-B9CA-1B496A3F370A}
		{E71F3053-056C-4381-9638-048ED73BDFF6} = {D10CA4A9-F866-40E1-B658-F69051236C71}
		{599E0201-420A-4C3E-A7BA-5349F72E0B15} = {D10CA4A9-F866-40E1-B658-F69051236C71}
		{324BE76C-38FA-4F11-8BB1-95C7B3B1B545} = {D10CA4A9-F866-40E1-B658-F69051236C71}
		{8A3ECD75-3EC8-4CB3-B3A2-A73A724C279A} = {D10CA4A9-F866-40E1-B658-F69051236C71}
		{4085B0A5-12A9-4993-B8B8-4ACE72E62E39} = {8904C536-C67D-420F-9971-51B26574C3AA}
		{8AE548D9-A567-4E97-995E-93EC7DB0FDE0} = {8904C536-C67D-420F-9971-51B26574C3AA}
	EndGlobalSection
	GlobalSection(ExtensibilityGlobals) = postSolution
		SolutionGuid = {7D436EA3-8B7E-45D2-8D14-0730BD2E0410}
	EndGlobalSection
EndGlobal
