# This is a Gradle generated file for dependency locking.
# Manual edits can break the build and are not advised.
# This file is expected to be part of source control.
# To regenerate this file, run: ./gradlew :dependencies --write-locks
com.pinterest.ktlint:ktlint-cli-ruleset-core:0.50.0=detektPlugins
com.pinterest.ktlint:ktlint-logger:0.50.0=detektPlugins
com.pinterest.ktlint:ktlint-rule-engine-core:0.50.0=detektPlugins
com.pinterest.ktlint:ktlint-ruleset-standard:0.50.0=detektPlugins
dev.drewhamilton.poko:poko-annotations-jvm:0.17.1=detekt
dev.drewhamilton.poko:poko-annotations:0.17.1=detekt
io.github.davidburstrom.contester:contester-breakpoint:0.2.0=detekt
io.github.detekt.sarif4k:sarif4k-jvm:0.6.0=detekt
io.github.detekt.sarif4k:sarif4k:0.6.0=detekt
io.github.microutils:kotlin-logging-jvm:3.0.5=detektPlugins
io.gitlab.arturbosch.detekt:detekt-api:1.23.8=detekt
io.gitlab.arturbosch.detekt:detekt-cli:1.23.8=detekt
io.gitlab.arturbosch.detekt:detekt-core:1.23.8=detekt
io.gitlab.arturbosch.detekt:detekt-formatting:1.23.8=detektPlugins
io.gitlab.arturbosch.detekt:detekt-metrics:1.23.8=detekt
io.gitlab.arturbosch.detekt:detekt-parser:1.23.8=detekt
io.gitlab.arturbosch.detekt:detekt-psi-utils:1.23.8=detekt
io.gitlab.arturbosch.detekt:detekt-report-html:1.23.8=detekt
io.gitlab.arturbosch.detekt:detekt-report-md:1.23.8=detekt
io.gitlab.arturbosch.detekt:detekt-report-sarif:1.23.8=detekt
io.gitlab.arturbosch.detekt:detekt-report-txt:1.23.8=detekt
io.gitlab.arturbosch.detekt:detekt-report-xml:1.23.8=detekt
io.gitlab.arturbosch.detekt:detekt-rules-complexity:1.23.8=detekt
io.gitlab.arturbosch.detekt:detekt-rules-coroutines:1.23.8=detekt
io.gitlab.arturbosch.detekt:detekt-rules-documentation:1.23.8=detekt
io.gitlab.arturbosch.detekt:detekt-rules-empty:1.23.8=detekt
io.gitlab.arturbosch.detekt:detekt-rules-errorprone:1.23.8=detekt
io.gitlab.arturbosch.detekt:detekt-rules-exceptions:1.23.8=detekt
io.gitlab.arturbosch.detekt:detekt-rules-libraries:1.23.8=detektPlugins
io.gitlab.arturbosch.detekt:detekt-rules-naming:1.23.8=detekt
io.gitlab.arturbosch.detekt:detekt-rules-performance:1.23.8=detekt
io.gitlab.arturbosch.detekt:detekt-rules-style:1.23.8=detekt
io.gitlab.arturbosch.detekt:detekt-rules:1.23.8=detekt
io.gitlab.arturbosch.detekt:detekt-tooling:1.23.8=detekt
io.gitlab.arturbosch.detekt:detekt-utils:1.23.8=detekt
org.ec4j.core:ec4j-core:0.3.0=detektPlugins
org.jcommander:jcommander:1.85=detekt
org.jetbrains.intellij.deps:trove4j:1.0.20200330=detekt
org.jetbrains.kotlin:kotlin-compiler-embeddable:2.0.21=detekt
org.jetbrains.kotlin:kotlin-daemon-embeddable:2.0.21=detekt
org.jetbrains.kotlin:kotlin-reflect:2.0.21=detekt
org.jetbrains.kotlin:kotlin-script-runtime:2.0.21=detekt
org.jetbrains.kotlin:kotlin-stdlib-common:2.0.21=detekt
org.jetbrains.kotlin:kotlin-stdlib-jdk7:1.8.0=detekt
org.jetbrains.kotlin:kotlin-stdlib-jdk8:1.8.0=detekt
org.jetbrains.kotlin:kotlin-stdlib:2.0.21=detekt,detektPlugins
org.jetbrains.kotlinx:kotlinx-coroutines-core-jvm:1.6.4=detekt
org.jetbrains.kotlinx:kotlinx-html-jvm:0.8.1=detekt
org.jetbrains.kotlinx:kotlinx-serialization-core-jvm:1.4.1=detekt
org.jetbrains.kotlinx:kotlinx-serialization-core:1.4.1=detekt
org.jetbrains.kotlinx:kotlinx-serialization-json-jvm:1.4.1=detekt
org.jetbrains.kotlinx:kotlinx-serialization-json:1.4.1=detekt
org.jetbrains.kotlinx:kover-jvm-agent:0.9.8=koverJvmAgent,koverJvmReporter
org.jetbrains:annotations:13.0=detekt,detektPlugins
org.slf4j:slf4j-api:2.0.3=detektPlugins
org.snakeyaml:snakeyaml-engine:2.7=detekt
empty=koverExternalArtifacts,koverExternalArtifactsMergedCoverage
