// !$*UTF8*$!
{
	archiveVersion = 1;
	classes = {
	};
	objectVersion = 55;
	objects = {

/* Begin PBXBuildFile section */
		1B15613328B7F3D400610B9B /* bitwardenApp.swift in Sources */ = {isa = PBXBuildFile; fileRef = 1B15613228B7F3D400610B9B /* bitwardenApp.swift */; };
		1B15613528B7F3D400610B9B /* ContentView.swift in Sources */ = {isa = PBXBuildFile; fileRef = 1B15613428B7F3D400610B9B /* ContentView.swift */; };
		1B15613728B7F3D700610B9B /* Assets.xcassets in Resources */ = {isa = PBXBuildFile; fileRef = 1B15613628B7F3D700610B9B /* Assets.xcassets */; };
		1B15613A28B7F3D700610B9B /* Preview Assets.xcassets in Resources */ = {isa = PBXBuildFile; fileRef = 1B15613928B7F3D700610B9B /* Preview Assets.xcassets */; };
		1B15613E28B7F3D700610B9B /* bitwarden WatchKit App.app in Embed Watch Content */ = {isa = PBXBuildFile; fileRef = 1B15613D28B7F3D700610B9B /* bitwarden WatchKit App.app */; settings = {ATTRIBUTES = (RemoveHeadersOnCopy, ); }; };
		1B15614328B7F3D800610B9B /* Assets.xcassets in Resources */ = {isa = PBXBuildFile; fileRef = 1B15614228B7F3D800610B9B /* Assets.xcassets */; };
		1B15614928B7F3D800610B9B /* bitwarden WatchKit Extension.appex in Embed App Extensions */ = {isa = PBXBuildFile; fileRef = 1B15614828B7F3D800610B9B /* bitwarden WatchKit Extension.appex */; settings = {ATTRIBUTES = (RemoveHeadersOnCopy, ); }; };
		1B15614E28B7F3D800610B9B /* bitwardenApp.swift in Sources */ = {isa = PBXBuildFile; fileRef = 1B15614D28B7F3D800610B9B /* bitwardenApp.swift */; };
		1B15615028B7F3D800610B9B /* ContentView.swift in Sources */ = {isa = PBXBuildFile; fileRef = 1B15614F28B7F3D800610B9B /* ContentView.swift */; };
		1B15615228B7F3D800610B9B /* NotificationController.swift in Sources */ = {isa = PBXBuildFile; fileRef = 1B15615128B7F3D800610B9B /* NotificationController.swift */; };
		1B15615428B7F3D800610B9B /* NotificationView.swift in Sources */ = {isa = PBXBuildFile; fileRef = 1B15615328B7F3D800610B9B /* NotificationView.swift */; };
		1B15615628B7F3D800610B9B /* ComplicationController.swift in Sources */ = {isa = PBXBuildFile; fileRef = 1B15615528B7F3D800610B9B /* ComplicationController.swift */; };
		1B15615828B7F3D900610B9B /* Assets.xcassets in Resources */ = {isa = PBXBuildFile; fileRef = 1B15615728B7F3D900610B9B /* Assets.xcassets */; };
		1B15615B28B7F3D900610B9B /* Preview Assets.xcassets in Resources */ = {isa = PBXBuildFile; fileRef = 1B15615A28B7F3D900610B9B /* Preview Assets.xcassets */; };
		1B15616C28B81A2200610B9B /* Cipher.swift in Sources */ = {isa = PBXBuildFile; fileRef = 1B15616B28B81A2200610B9B /* Cipher.swift */; };
		1B15616E28B81A4300610B9B /* WatchConnectivityManager.swift in Sources */ = {isa = PBXBuildFile; fileRef = 1B15616D28B81A4300610B9B /* WatchConnectivityManager.swift */; };
/* End PBXBuildFile section */

/* Begin PBXContainerItemProxy section */
		1B15613F28B7F3D700610B9B /* PBXContainerItemProxy */ = {
			isa = PBXContainerItemProxy;
			containerPortal = 1B15612728B7F3D400610B9B /* Project object */;
			proxyType = 1;
			remoteGlobalIDString = 1B15613C28B7F3D700610B9B;
			remoteInfo = "bitwarden WatchKit App";
		};
		1B15614A28B7F3D800610B9B /* PBXContainerItemProxy */ = {
			isa = PBXContainerItemProxy;
			containerPortal = 1B15612728B7F3D400610B9B /* Project object */;
			proxyType = 1;
			remoteGlobalIDString = 1B15614728B7F3D800610B9B;
			remoteInfo = "bitwarden WatchKit Extension";
		};
/* End PBXContainerItemProxy section */

/* Begin PBXCopyFilesBuildPhase section */
		1B15616328B7F3D900610B9B /* Embed App Extensions */ = {
			isa = PBXCopyFilesBuildPhase;
			buildActionMask = 2147483647;
			dstPath = "";
			dstSubfolderSpec = 13;
			files = (
				1B15614928B7F3D800610B9B /* bitwarden WatchKit Extension.appex in Embed App Extensions */,
			);
			name = "Embed App Extensions";
			runOnlyForDeploymentPostprocessing = 0;
		};
		1B15616728B7F3D900610B9B /* Embed Watch Content */ = {
			isa = PBXCopyFilesBuildPhase;
			buildActionMask = 2147483647;
			dstPath = "$(CONTENTS_FOLDER_PATH)/Watch";
			dstSubfolderSpec = 16;
			files = (
				1B15613E28B7F3D700610B9B /* bitwarden WatchKit App.app in Embed Watch Content */,
			);
			name = "Embed Watch Content";
			runOnlyForDeploymentPostprocessing = 0;
		};
/* End PBXCopyFilesBuildPhase section */

/* Begin PBXFileReference section */
		1B15612F28B7F3D400610B9B /* bitwarden.app */ = {isa = PBXFileReference; explicitFileType = wrapper.application; includeInIndex = 0; path = bitwarden.app; sourceTree = BUILT_PRODUCTS_DIR; };
		1B15613228B7F3D400610B9B /* bitwardenApp.swift */ = {isa = PBXFileReference; lastKnownFileType = sourcecode.swift; path = bitwardenApp.swift; sourceTree = "<group>"; };
		1B15613428B7F3D400610B9B /* ContentView.swift */ = {isa = PBXFileReference; lastKnownFileType = sourcecode.swift; path = ContentView.swift; sourceTree = "<group>"; };
		1B15613628B7F3D700610B9B /* Assets.xcassets */ = {isa = PBXFileReference; lastKnownFileType = folder.assetcatalog; path = Assets.xcassets; sourceTree = "<group>"; };
		1B15613928B7F3D700610B9B /* Preview Assets.xcassets */ = {isa = PBXFileReference; lastKnownFileType = folder.assetcatalog; path = "Preview Assets.xcassets"; sourceTree = "<group>"; };
		1B15613D28B7F3D700610B9B /* bitwarden WatchKit App.app */ = {isa = PBXFileReference; explicitFileType = wrapper.application; includeInIndex = 0; path = "bitwarden WatchKit App.app"; sourceTree = BUILT_PRODUCTS_DIR; };
		1B15614228B7F3D800610B9B /* Assets.xcassets */ = {isa = PBXFileReference; lastKnownFileType = folder.assetcatalog; path = Assets.xcassets; sourceTree = "<group>"; };
		1B15614828B7F3D800610B9B /* bitwarden WatchKit Extension.appex */ = {isa = PBXFileReference; explicitFileType = "wrapper.app-extension"; includeInIndex = 0; path = "bitwarden WatchKit Extension.appex"; sourceTree = BUILT_PRODUCTS_DIR; };
		1B15614D28B7F3D800610B9B /* bitwardenApp.swift */ = {isa = PBXFileReference; lastKnownFileType = sourcecode.swift; path = bitwardenApp.swift; sourceTree = "<group>"; };
		1B15614F28B7F3D800610B9B /* ContentView.swift */ = {isa = PBXFileReference; lastKnownFileType = sourcecode.swift; path = ContentView.swift; sourceTree = "<group>"; };
		1B15615128B7F3D800610B9B /* NotificationController.swift */ = {isa = PBXFileReference; lastKnownFileType = sourcecode.swift; path = NotificationController.swift; sourceTree = "<group>"; };
		1B15615328B7F3D800610B9B /* NotificationView.swift */ = {isa = PBXFileReference; lastKnownFileType = sourcecode.swift; path = NotificationView.swift; sourceTree = "<group>"; };
		1B15615528B7F3D800610B9B /* ComplicationController.swift */ = {isa = PBXFileReference; lastKnownFileType = sourcecode.swift; path = ComplicationController.swift; sourceTree = "<group>"; };
		1B15615728B7F3D900610B9B /* Assets.xcassets */ = {isa = PBXFileReference; lastKnownFileType = folder.assetcatalog; path = Assets.xcassets; sourceTree = "<group>"; };
		1B15615A28B7F3D900610B9B /* Preview Assets.xcassets */ = {isa = PBXFileReference; lastKnownFileType = folder.assetcatalog; path = "Preview Assets.xcassets"; sourceTree = "<group>"; };
		1B15615C28B7F3D900610B9B /* Info.plist */ = {isa = PBXFileReference; lastKnownFileType = text.plist.xml; path = Info.plist; sourceTree = "<group>"; };
		1B15615D28B7F3D900610B9B /* PushNotificationPayload.apns */ = {isa = PBXFileReference; lastKnownFileType = text; path = PushNotificationPayload.apns; sourceTree = "<group>"; };
		1B15616B28B81A2200610B9B /* Cipher.swift */ = {isa = PBXFileReference; lastKnownFileType = sourcecode.swift; path = Cipher.swift; sourceTree = "<group>"; };
		1B15616D28B81A4300610B9B /* WatchConnectivityManager.swift */ = {isa = PBXFileReference; lastKnownFileType = sourcecode.swift; path = WatchConnectivityManager.swift; sourceTree = "<group>"; };
/* End PBXFileReference section */

/* Begin PBXFrameworksBuildPhase section */
		1B15612C28B7F3D400610B9B /* Frameworks */ = {
			isa = PBXFrameworksBuildPhase;
			buildActionMask = 2147483647;
			files = (
			);
			runOnlyForDeploymentPostprocessing = 0;
		};
		1B15614528B7F3D800610B9B /* Frameworks */ = {
			isa = PBXFrameworksBuildPhase;
			buildActionMask = 2147483647;
			files = (
			);
			runOnlyForDeploymentPostprocessing = 0;
		};
/* End PBXFrameworksBuildPhase section */

/* Begin PBXGroup section */
		1B15612628B7F3D400610B9B = {
			isa = PBXGroup;
			children = (
				1B15613128B7F3D400610B9B /* bitwarden */,
				1B15614128B7F3D700610B9B /* bitwarden WatchKit App */,
				1B15614C28B7F3D800610B9B /* bitwarden WatchKit Extension */,
				1B15613028B7F3D400610B9B /* Products */,
			);
			sourceTree = "<group>";
		};
		1B15613028B7F3D400610B9B /* Products */ = {
			isa = PBXGroup;
			children = (
				1B15612F28B7F3D400610B9B /* bitwarden.app */,
				1B15613D28B7F3D700610B9B /* bitwarden WatchKit App.app */,
				1B15614828B7F3D800610B9B /* bitwarden WatchKit Extension.appex */,
			);
			name = Products;
			sourceTree = "<group>";
		};
		1B15613128B7F3D400610B9B /* bitwarden */ = {
			isa = PBXGroup;
			children = (
				1B15613228B7F3D400610B9B /* bitwardenApp.swift */,
				1B15613428B7F3D400610B9B /* ContentView.swift */,
				1B15613628B7F3D700610B9B /* Assets.xcassets */,
				1B15613828B7F3D700610B9B /* Preview Content */,
			);
			path = bitwarden;
			sourceTree = "<group>";
		};
		1B15613828B7F3D700610B9B /* Preview Content */ = {
			isa = PBXGroup;
			children = (
				1B15613928B7F3D700610B9B /* Preview Assets.xcassets */,
			);
			path = "Preview Content";
			sourceTree = "<group>";
		};
		1B15614128B7F3D700610B9B /* bitwarden WatchKit App */ = {
			isa = PBXGroup;
			children = (
				1B15614228B7F3D800610B9B /* Assets.xcassets */,
			);
			path = "bitwarden WatchKit App";
			sourceTree = "<group>";
		};
		1B15614C28B7F3D800610B9B /* bitwarden WatchKit Extension */ = {
			isa = PBXGroup;
			children = (
				1B15614D28B7F3D800610B9B /* bitwardenApp.swift */,
				1B15614F28B7F3D800610B9B /* ContentView.swift */,
				1B15615128B7F3D800610B9B /* NotificationController.swift */,
				1B15615328B7F3D800610B9B /* NotificationView.swift */,
				1B15615528B7F3D800610B9B /* ComplicationController.swift */,
				1B15615728B7F3D900610B9B /* Assets.xcassets */,
				1B15615C28B7F3D900610B9B /* Info.plist */,
				1B15615D28B7F3D900610B9B /* PushNotificationPayload.apns */,
				1B15615928B7F3D900610B9B /* Preview Content */,
				1B15616B28B81A2200610B9B /* Cipher.swift */,
				1B15616D28B81A4300610B9B /* WatchConnectivityManager.swift */,
			);
			path = "bitwarden WatchKit Extension";
			sourceTree = "<group>";
		};
		1B15615928B7F3D900610B9B /* Preview Content */ = {
			isa = PBXGroup;
			children = (
				1B15615A28B7F3D900610B9B /* Preview Assets.xcassets */,
			);
			path = "Preview Content";
			sourceTree = "<group>";
		};
/* End PBXGroup section */

/* Begin PBXNativeTarget section */
		1B15612E28B7F3D400610B9B /* bitwarden */ = {
			isa = PBXNativeTarget;
			buildConfigurationList = 1B15616828B7F3D900610B9B /* Build configuration list for PBXNativeTarget "bitwarden" */;
			buildPhases = (
				1B15612B28B7F3D400610B9B /* Sources */,
				1B15612C28B7F3D400610B9B /* Frameworks */,
				1B15612D28B7F3D400610B9B /* Resources */,
				1B15616728B7F3D900610B9B /* Embed Watch Content */,
			);
			buildRules = (
			);
			dependencies = (
				1B15614028B7F3D700610B9B /* PBXTargetDependency */,
			);
			name = bitwarden;
			productName = bitwarden;
			productReference = 1B15612F28B7F3D400610B9B /* bitwarden.app */;
			productType = "com.apple.product-type.application";
		};
		1B15613C28B7F3D700610B9B /* bitwarden WatchKit App */ = {
			isa = PBXNativeTarget;
			buildConfigurationList = 1B15616428B7F3D900610B9B /* Build configuration list for PBXNativeTarget "bitwarden WatchKit App" */;
			buildPhases = (
				1B15613B28B7F3D700610B9B /* Resources */,
				1B15616328B7F3D900610B9B /* Embed App Extensions */,
			);
			buildRules = (
			);
			dependencies = (
				1B15614B28B7F3D800610B9B /* PBXTargetDependency */,
			);
			name = "bitwarden WatchKit App";
			productName = "bitwarden WatchKit App";
			productReference = 1B15613D28B7F3D700610B9B /* bitwarden WatchKit App.app */;
			productType = "com.apple.product-type.application.watchapp2";
		};
		1B15614728B7F3D800610B9B /* bitwarden WatchKit Extension */ = {
			isa = PBXNativeTarget;
			buildConfigurationList = 1B15616028B7F3D900610B9B /* Build configuration list for PBXNativeTarget "bitwarden WatchKit Extension" */;
			buildPhases = (
				1B15614428B7F3D800610B9B /* Sources */,
				1B15614528B7F3D800610B9B /* Frameworks */,
				1B15614628B7F3D800610B9B /* Resources */,
			);
			buildRules = (
			);
			dependencies = (
			);
			name = "bitwarden WatchKit Extension";
			productName = "bitwarden WatchKit Extension";
			productReference = 1B15614828B7F3D800610B9B /* bitwarden WatchKit Extension.appex */;
			productType = "com.apple.product-type.watchkit2-extension";
		};
/* End PBXNativeTarget section */

/* Begin PBXProject section */
		1B15612728B7F3D400610B9B /* Project object */ = {
			isa = PBXProject;
			attributes = {
				BuildIndependentTargetsInParallel = 1;
				LastSwiftUpdateCheck = 1330;
				LastUpgradeCheck = 1330;
				TargetAttributes = {
					1B15612E28B7F3D400610B9B = {
						CreatedOnToolsVersion = 13.3.1;
					};
					1B15613C28B7F3D700610B9B = {
						CreatedOnToolsVersion = 13.3.1;
					};
					1B15614728B7F3D800610B9B = {
						CreatedOnToolsVersion = 13.3.1;
					};
				};
			};
			buildConfigurationList = 1B15612A28B7F3D400610B9B /* Build configuration list for PBXProject "bitwarden" */;
			compatibilityVersion = "Xcode 13.0";
			developmentRegion = en;
			hasScannedForEncodings = 0;
			knownRegions = (
				en,
				Base,
			);
			mainGroup = 1B15612628B7F3D400610B9B;
			productRefGroup = 1B15613028B7F3D400610B9B /* Products */;
			projectDirPath = "";
			projectRoot = "";
			targets = (
				1B15612E28B7F3D400610B9B /* bitwarden */,
				1B15613C28B7F3D700610B9B /* bitwarden WatchKit App */,
				1B15614728B7F3D800610B9B /* bitwarden WatchKit Extension */,
			);
		};
/* End PBXProject section */

/* Begin PBXResourcesBuildPhase section */
		1B15612D28B7F3D400610B9B /* Resources */ = {
			isa = PBXResourcesBuildPhase;
			buildActionMask = 2147483647;
			files = (
				1B15613A28B7F3D700610B9B /* Preview Assets.xcassets in Resources */,
				1B15613728B7F3D700610B9B /* Assets.xcassets in Resources */,
			);
			runOnlyForDeploymentPostprocessing = 0;
		};
		1B15613B28B7F3D700610B9B /* Resources */ = {
			isa = PBXResourcesBuildPhase;
			buildActionMask = 2147483647;
			files = (
				1B15614328B7F3D800610B9B /* Assets.xcassets in Resources */,
			);
			runOnlyForDeploymentPostprocessing = 0;
		};
		1B15614628B7F3D800610B9B /* Resources */ = {
			isa = PBXResourcesBuildPhase;
			buildActionMask = 2147483647;
			files = (
				1B15615B28B7F3D900610B9B /* Preview Assets.xcassets in Resources */,
				1B15615828B7F3D900610B9B /* Assets.xcassets in Resources */,
			);
			runOnlyForDeploymentPostprocessing = 0;
		};
/* End PBXResourcesBuildPhase section */

/* Begin PBXSourcesBuildPhase section */
		1B15612B28B7F3D400610B9B /* Sources */ = {
			isa = PBXSourcesBuildPhase;
			buildActionMask = 2147483647;
			files = (
				1B15613528B7F3D400610B9B /* ContentView.swift in Sources */,
				1B15613328B7F3D400610B9B /* bitwardenApp.swift in Sources */,
			);
			runOnlyForDeploymentPostprocessing = 0;
		};
		1B15614428B7F3D800610B9B /* Sources */ = {
			isa = PBXSourcesBuildPhase;
			buildActionMask = 2147483647;
			files = (
				1B15616C28B81A2200610B9B /* Cipher.swift in Sources */,
				1B15615228B7F3D800610B9B /* NotificationController.swift in Sources */,
				1B15615028B7F3D800610B9B /* ContentView.swift in Sources */,
				1B15615628B7F3D800610B9B /* ComplicationController.swift in Sources */,
				1B15614E28B7F3D800610B9B /* bitwardenApp.swift in Sources */,
				1B15616E28B81A4300610B9B /* WatchConnectivityManager.swift in Sources */,
				1B15615428B7F3D800610B9B /* NotificationView.swift in Sources */,
			);
			runOnlyForDeploymentPostprocessing = 0;
		};
/* End PBXSourcesBuildPhase section */

/* Begin PBXTargetDependency section */
		1B15614028B7F3D700610B9B /* PBXTargetDependency */ = {
			isa = PBXTargetDependency;
			target = 1B15613C28B7F3D700610B9B /* bitwarden WatchKit App */;
			targetProxy = 1B15613F28B7F3D700610B9B /* PBXContainerItemProxy */;
		};
		1B15614B28B7F3D800610B9B /* PBXTargetDependency */ = {
			isa = PBXTargetDependency;
			target = 1B15614728B7F3D800610B9B /* bitwarden WatchKit Extension */;
			targetProxy = 1B15614A28B7F3D800610B9B /* PBXContainerItemProxy */;
		};
/* End PBXTargetDependency section */

/* Begin XCBuildConfiguration section */
		1B15615E28B7F3D900610B9B /* Debug */ = {
			isa = XCBuildConfiguration;
			buildSettings = {
				ALWAYS_SEARCH_USER_PATHS = NO;
				CLANG_ANALYZER_NONNULL = YES;
				CLANG_ANALYZER_NUMBER_OBJECT_CONVERSION = YES_AGGRESSIVE;
				CLANG_CXX_LANGUAGE_STANDARD = "gnu++17";
				CLANG_ENABLE_MODULES = YES;
				CLANG_ENABLE_OBJC_ARC = YES;
				CLANG_ENABLE_OBJC_WEAK = YES;
				CLANG_WARN_BLOCK_CAPTURE_AUTORELEASING = YES;
				CLANG_WARN_BOOL_CONVERSION = YES;
				CLANG_WARN_COMMA = YES;
				CLANG_WARN_CONSTANT_CONVERSION = YES;
				CLANG_WARN_DEPRECATED_OBJC_IMPLEMENTATIONS = YES;
				CLANG_WARN_DIRECT_OBJC_ISA_USAGE = YES_ERROR;
				CLANG_WARN_DOCUMENTATION_COMMENTS = YES;
				CLANG_WARN_EMPTY_BODY = YES;
				CLANG_WARN_ENUM_CONVERSION = YES;
				CLANG_WARN_INFINITE_RECURSION = YES;
				CLANG_WARN_INT_CONVERSION = YES;
				CLANG_WARN_NON_LITERAL_NULL_CONVERSION = YES;
				CLANG_WARN_OBJC_IMPLICIT_RETAIN_SELF = YES;
				CLANG_WARN_OBJC_LITERAL_CONVERSION = YES;
				CLANG_WARN_OBJC_ROOT_CLASS = YES_ERROR;
				CLANG_WARN_QUOTED_INCLUDE_IN_FRAMEWORK_HEADER = YES;
				CLANG_WARN_RANGE_LOOP_ANALYSIS = YES;
				CLANG_WARN_STRICT_PROTOTYPES = YES;
				CLANG_WARN_SUSPICIOUS_MOVE = YES;
				CLANG_WARN_UNGUARDED_AVAILABILITY = YES_AGGRESSIVE;
				CLANG_WARN_UNREACHABLE_CODE = YES;
				CLANG_WARN__DUPLICATE_METHOD_MATCH = YES;
				COPY_PHASE_STRIP = NO;
				DEBUG_INFORMATION_FORMAT = dwarf;
				ENABLE_STRICT_OBJC_MSGSEND = YES;
				ENABLE_TESTABILITY = YES;
				GCC_C_LANGUAGE_STANDARD = gnu11;
				GCC_DYNAMIC_NO_PIC = NO;
				GCC_NO_COMMON_BLOCKS = YES;
				GCC_OPTIMIZATION_LEVEL = 0;
				GCC_PREPROCESSOR_DEFINITIONS = (
					"DEBUG=1",
					"$(inherited)",
				);
				GCC_WARN_64_TO_32_BIT_CONVERSION = YES;
				GCC_WARN_ABOUT_RETURN_TYPE = YES_ERROR;
				GCC_WARN_UNDECLARED_SELECTOR = YES;
				GCC_WARN_UNINITIALIZED_AUTOS = YES_AGGRESSIVE;
				GCC_WARN_UNUSED_FUNCTION = YES;
				GCC_WARN_UNUSED_VARIABLE = YES;
				MTL_ENABLE_DEBUG_INFO = INCLUDE_SOURCE;
				MTL_FAST_MATH = YES;
				ONLY_ACTIVE_ARCH = YES;
				SWIFT_ACTIVE_COMPILATION_CONDITIONS = DEBUG;
				SWIFT_OPTIMIZATION_LEVEL = "-Onone";
			};
			name = Debug;
		};
		1B15615F28B7F3D900610B9B /* Release */ = {
			isa = XCBuildConfiguration;
			buildSettings = {
				ALWAYS_SEARCH_USER_PATHS = NO;
				CLANG_ANALYZER_NONNULL = YES;
				CLANG_ANALYZER_NUMBER_OBJECT_CONVERSION = YES_AGGRESSIVE;
				CLANG_CXX_LANGUAGE_STANDARD = "gnu++17";
				CLANG_ENABLE_MODULES = YES;
				CLANG_ENABLE_OBJC_ARC = YES;
				CLANG_ENABLE_OBJC_WEAK = YES;
				CLANG_WARN_BLOCK_CAPTURE_AUTORELEASING = YES;
				CLANG_WARN_BOOL_CONVERSION = YES;
				CLANG_WARN_COMMA = YES;
				CLANG_WARN_CONSTANT_CONVERSION = YES;
				CLANG_WARN_DEPRECATED_OBJC_IMPLEMENTATIONS = YES;
				CLANG_WARN_DIRECT_OBJC_ISA_USAGE = YES_ERROR;
				CLANG_WARN_DOCUMENTATION_COMMENTS = YES;
				CLANG_WARN_EMPTY_BODY = YES;
				CLANG_WARN_ENUM_CONVERSION = YES;
				CLANG_WARN_INFINITE_RECURSION = YES;
				CLANG_WARN_INT_CONVERSION = YES;
				CLANG_WARN_NON_LITERAL_NULL_CONVERSION = YES;
				CLANG_WARN_OBJC_IMPLICIT_RETAIN_SELF = YES;
				CLANG_WARN_OBJC_LITERAL_CONVERSION = YES;
				CLANG_WARN_OBJC_ROOT_CLASS = YES_ERROR;
				CLANG_WARN_QUOTED_INCLUDE_IN_FRAMEWORK_HEADER = YES;
				CLANG_WARN_RANGE_LOOP_ANALYSIS = YES;
				CLANG_WARN_STRICT_PROTOTYPES = YES;
				CLANG_WARN_SUSPICIOUS_MOVE = YES;
				CLANG_WARN_UNGUARDED_AVAILABILITY = YES_AGGRESSIVE;
				CLANG_WARN_UNREACHABLE_CODE = YES;
				CLANG_WARN__DUPLICATE_METHOD_MATCH = YES;
				COPY_PHASE_STRIP = NO;
				DEBUG_INFORMATION_FORMAT = "dwarf-with-dsym";
				ENABLE_NS_ASSERTIONS = NO;
				ENABLE_STRICT_OBJC_MSGSEND = YES;
				GCC_C_LANGUAGE_STANDARD = gnu11;
				GCC_NO_COMMON_BLOCKS = YES;
				GCC_WARN_64_TO_32_BIT_CONVERSION = YES;
				GCC_WARN_ABOUT_RETURN_TYPE = YES_ERROR;
				GCC_WARN_UNDECLARED_SELECTOR = YES;
				GCC_WARN_UNINITIALIZED_AUTOS = YES_AGGRESSIVE;
				GCC_WARN_UNUSED_FUNCTION = YES;
				GCC_WARN_UNUSED_VARIABLE = YES;
				MTL_ENABLE_DEBUG_INFO = NO;
				MTL_FAST_MATH = YES;
				SWIFT_COMPILATION_MODE = wholemodule;
				SWIFT_OPTIMIZATION_LEVEL = "-O";
			};
			name = Release;
		};
		1B15616128B7F3D900610B9B /* Debug */ = {
			isa = XCBuildConfiguration;
			buildSettings = {
				ASSETCATALOG_COMPILER_COMPLICATION_NAME = Complication;
				CODE_SIGN_STYLE = Automatic;
				CURRENT_PROJECT_VERSION = 1;
				DEVELOPMENT_ASSET_PATHS = "\"bitwarden WatchKit Extension/Preview Content\"";
				DEVELOPMENT_TEAM = LTZ2PFU5D6;
				ENABLE_PREVIEWS = YES;
				GENERATE_INFOPLIST_FILE = YES;
				INFOPLIST_FILE = "bitwarden WatchKit Extension/Info.plist";
				INFOPLIST_KEY_CFBundleDisplayName = "bitwarden WatchKit Extension";
				INFOPLIST_KEY_CLKComplicationPrincipalClass = "$(PRODUCT_MODULE_NAME).ComplicationController";
				INFOPLIST_KEY_NSHumanReadableCopyright = "";
				INFOPLIST_KEY_WKRunsIndependentlyOfCompanionApp = YES;
				LD_RUNPATH_SEARCH_PATHS = (
					"$(inherited)",
					"@executable_path/Frameworks",
					"@executable_path/../../Frameworks",
				);
				MARKETING_VERSION = 1.0;
				PRODUCT_BUNDLE_IDENTIFIER = com.8bit.bitwarden.watchkitapp.watchkitextension;
				PRODUCT_NAME = "${TARGET_NAME}";
				SDKROOT = watchos;
				SKIP_INSTALL = YES;
				SWIFT_EMIT_LOC_STRINGS = YES;
				SWIFT_VERSION = 5.0;
				TARGETED_DEVICE_FAMILY = 4;
				WATCHOS_DEPLOYMENT_TARGET = 8.5;
			};
			name = Debug;
		};
		1B15616228B7F3D900610B9B /* Release */ = {
			isa = XCBuildConfiguration;
			buildSettings = {
				ASSETCATALOG_COMPILER_COMPLICATION_NAME = Complication;
				CODE_SIGN_STYLE = Automatic;
				CURRENT_PROJECT_VERSION = 1;
				DEVELOPMENT_ASSET_PATHS = "\"bitwarden WatchKit Extension/Preview Content\"";
				DEVELOPMENT_TEAM = LTZ2PFU5D6;
				ENABLE_PREVIEWS = YES;
				GENERATE_INFOPLIST_FILE = YES;
				INFOPLIST_FILE = "bitwarden WatchKit Extension/Info.plist";
				INFOPLIST_KEY_CFBundleDisplayName = "bitwarden WatchKit Extension";
				INFOPLIST_KEY_CLKComplicationPrincipalClass = "$(PRODUCT_MODULE_NAME).ComplicationController";
				INFOPLIST_KEY_NSHumanReadableCopyright = "";
				INFOPLIST_KEY_WKRunsIndependentlyOfCompanionApp = YES;
				LD_RUNPATH_SEARCH_PATHS = (
					"$(inherited)",
					"@executable_path/Frameworks",
					"@executable_path/../../Frameworks",
				);
				MARKETING_VERSION = 1.0;
				PRODUCT_BUNDLE_IDENTIFIER = com.8bit.bitwarden.watchkitapp.watchkitextension;
				PRODUCT_NAME = "${TARGET_NAME}";
				SDKROOT = watchos;
				SKIP_INSTALL = YES;
				SWIFT_EMIT_LOC_STRINGS = YES;
				SWIFT_VERSION = 5.0;
				TARGETED_DEVICE_FAMILY = 4;
				VALIDATE_PRODUCT = YES;
				WATCHOS_DEPLOYMENT_TARGET = 8.5;
			};
			name = Release;
		};
		1B15616528B7F3D900610B9B /* Debug */ = {
			isa = XCBuildConfiguration;
			buildSettings = {
				ALWAYS_EMBED_SWIFT_STANDARD_LIBRARIES = YES;
				ASSETCATALOG_COMPILER_APPICON_NAME = AppIcon;
				ASSETCATALOG_COMPILER_GLOBAL_ACCENT_COLOR_NAME = AccentColor;
				CODE_SIGN_STYLE = Automatic;
				CURRENT_PROJECT_VERSION = 1;
				DEVELOPMENT_TEAM = LTZ2PFU5D6;
				GENERATE_INFOPLIST_FILE = YES;
				IBSC_MODULE = bitwarden_WatchKit_Extension;
				INFOPLIST_KEY_CFBundleDisplayName = "bitwarden WatchKit App";
				INFOPLIST_KEY_UISupportedInterfaceOrientations = "UIInterfaceOrientationPortrait UIInterfaceOrientationPortraitUpsideDown";
				INFOPLIST_KEY_WKCompanionAppBundleIdentifier = com.8bit.bitwarden;
				MARKETING_VERSION = 1.0;
				PRODUCT_BUNDLE_IDENTIFIER = com.8bit.bitwarden.watchkitapp;
				PRODUCT_NAME = "$(TARGET_NAME)";
				SDKROOT = watchos;
				SKIP_INSTALL = YES;
				SWIFT_EMIT_LOC_STRINGS = YES;
				SWIFT_VERSION = 5.0;
				TARGETED_DEVICE_FAMILY = 4;
				WATCHOS_DEPLOYMENT_TARGET = 8.5;
			};
			name = Debug;
		};
		1B15616628B7F3D900610B9B /* Release */ = {
			isa = XCBuildConfiguration;
			buildSettings = {
				ALWAYS_EMBED_SWIFT_STANDARD_LIBRARIES = YES;
				ASSETCATALOG_COMPILER_APPICON_NAME = AppIcon;
				ASSETCATALOG_COMPILER_GLOBAL_ACCENT_COLOR_NAME = AccentColor;
				CODE_SIGN_STYLE = Automatic;
				CURRENT_PROJECT_VERSION = 1;
				DEVELOPMENT_TEAM = LTZ2PFU5D6;
				GENERATE_INFOPLIST_FILE = YES;
				IBSC_MODULE = bitwarden_WatchKit_Extension;
				INFOPLIST_KEY_CFBundleDisplayName = "bitwarden WatchKit App";
				INFOPLIST_KEY_UISupportedInterfaceOrientations = "UIInterfaceOrientationPortrait UIInterfaceOrientationPortraitUpsideDown";
				INFOPLIST_KEY_WKCompanionAppBundleIdentifier = com.8bit.bitwarden;
				MARKETING_VERSION = 1.0;
				PRODUCT_BUNDLE_IDENTIFIER = com.8bit.bitwarden.watchkitapp;
				PRODUCT_NAME = "$(TARGET_NAME)";
				SDKROOT = watchos;
				SKIP_INSTALL = YES;
				SWIFT_EMIT_LOC_STRINGS = YES;
				SWIFT_VERSION = 5.0;
				TARGETED_DEVICE_FAMILY = 4;
				VALIDATE_PRODUCT = YES;
				WATCHOS_DEPLOYMENT_TARGET = 8.5;
			};
			name = Release;
		};
		1B15616928B7F3D900610B9B /* Debug */ = {
			isa = XCBuildConfiguration;
			buildSettings = {
				ASSETCATALOG_COMPILER_APPICON_NAME = AppIcon;
				ASSETCATALOG_COMPILER_GLOBAL_ACCENT_COLOR_NAME = AccentColor;
				CODE_SIGN_STYLE = Automatic;
				CURRENT_PROJECT_VERSION = 1;
				DEVELOPMENT_ASSET_PATHS = "\"bitwarden/Preview Content\"";
				DEVELOPMENT_TEAM = LTZ2PFU5D6;
				ENABLE_PREVIEWS = YES;
				GENERATE_INFOPLIST_FILE = YES;
				INFOPLIST_KEY_UIApplicationSceneManifest_Generation = YES;
				INFOPLIST_KEY_UIApplicationSupportsIndirectInputEvents = YES;
				INFOPLIST_KEY_UILaunchScreen_Generation = YES;
				INFOPLIST_KEY_UISupportedInterfaceOrientations_iPad = "UIInterfaceOrientationPortrait UIInterfaceOrientationPortraitUpsideDown UIInterfaceOrientationLandscapeLeft UIInterfaceOrientationLandscapeRight";
				INFOPLIST_KEY_UISupportedInterfaceOrientations_iPhone = "UIInterfaceOrientationPortrait UIInterfaceOrientationLandscapeLeft UIInterfaceOrientationLandscapeRight";
				IPHONEOS_DEPLOYMENT_TARGET = 15.4;
				LD_RUNPATH_SEARCH_PATHS = (
					"$(inherited)",
					"@executable_path/Frameworks",
				);
				MARKETING_VERSION = 1.0;
				PRODUCT_BUNDLE_IDENTIFIER = com.8bit.bitwarden;
				PRODUCT_NAME = "$(TARGET_NAME)";
				SDKROOT = iphoneos;
				SWIFT_EMIT_LOC_STRINGS = YES;
				SWIFT_VERSION = 5.0;
				TARGETED_DEVICE_FAMILY = "1,2";
			};
			name = Debug;
		};
		1B15616A28B7F3D900610B9B /* Release */ = {
			isa = XCBuildConfiguration;
			buildSettings = {
				ASSETCATALOG_COMPILER_APPICON_NAME = AppIcon;
				ASSETCATALOG_COMPILER_GLOBAL_ACCENT_COLOR_NAME = AccentColor;
				CODE_SIGN_STYLE = Automatic;
				CURRENT_PROJECT_VERSION = 1;
				DEVELOPMENT_ASSET_PATHS = "\"bitwarden/Preview Content\"";
				DEVELOPMENT_TEAM = LTZ2PFU5D6;
				ENABLE_PREVIEWS = YES;
				GENERATE_INFOPLIST_FILE = YES;
				INFOPLIST_KEY_UIApplicationSceneManifest_Generation = YES;
				INFOPLIST_KEY_UIApplicationSupportsIndirectInputEvents = YES;
				INFOPLIST_KEY_UILaunchScreen_Generation = YES;
				INFOPLIST_KEY_UISupportedInterfaceOrientations_iPad = "UIInterfaceOrientationPortrait UIInterfaceOrientationPortraitUpsideDown UIInterfaceOrientationLandscapeLeft UIInterfaceOrientationLandscapeRight";
				INFOPLIST_KEY_UISupportedInterfaceOrientations_iPhone = "UIInterfaceOrientationPortrait UIInterfaceOrientationLandscapeLeft UIInterfaceOrientationLandscapeRight";
				IPHONEOS_DEPLOYMENT_TARGET = 15.4;
				LD_RUNPATH_SEARCH_PATHS = (
					"$(inherited)",
					"@executable_path/Frameworks",
				);
				MARKETING_VERSION = 1.0;
				PRODUCT_BUNDLE_IDENTIFIER = com.8bit.bitwarden;
				PRODUCT_NAME = "$(TARGET_NAME)";
				SDKROOT = iphoneos;
				SWIFT_EMIT_LOC_STRINGS = YES;
				SWIFT_VERSION = 5.0;
				TARGETED_DEVICE_FAMILY = "1,2";
				VALIDATE_PRODUCT = YES;
			};
			name = Release;
		};
/* End XCBuildConfiguration section */

/* Begin XCConfigurationList section */
		1B15612A28B7F3D400610B9B /* Build configuration list for PBXProject "bitwarden" */ = {
			isa = XCConfigurationList;
			buildConfigurations = (
				1B15615E28B7F3D900610B9B /* Debug */,
				1B15615F28B7F3D900610B9B /* Release */,
			);
			defaultConfigurationIsVisible = 0;
			defaultConfigurationName = Release;
		};
		1B15616028B7F3D900610B9B /* Build configuration list for PBXNativeTarget "bitwarden WatchKit Extension" */ = {
			isa = XCConfigurationList;
			buildConfigurations = (
				1B15616128B7F3D900610B9B /* Debug */,
				1B15616228B7F3D900610B9B /* Release */,
			);
			defaultConfigurationIsVisible = 0;
			defaultConfigurationName = Release;
		};
		1B15616428B7F3D900610B9B /* Build configuration list for PBXNativeTarget "bitwarden WatchKit App" */ = {
			isa = XCConfigurationList;
			buildConfigurations = (
				1B15616528B7F3D900610B9B /* Debug */,
				1B15616628B7F3D900610B9B /* Release */,
			);
			defaultConfigurationIsVisible = 0;
			defaultConfigurationName = Release;
		};
		1B15616828B7F3D900610B9B /* Build configuration list for PBXNativeTarget "bitwarden" */ = {
			isa = XCConfigurationList;
			buildConfigurations = (
				1B15616928B7F3D900610B9B /* Debug */,
				1B15616A28B7F3D900610B9B /* Release */,
			);
			defaultConfigurationIsVisible = 0;
			defaultConfigurationName = Release;
		};
/* End XCConfigurationList section */
	};
	rootObject = 1B15612728B7F3D400610B9B /* Project object */;
}
